<?xml version="1.0" encoding="UTF-8" standalone="yes" ?>
<CodeBlocks_project_file>
	<FileVersion major="1" minor="6" />
	<Project>
		<Option title="v3bank" />
		<Option pch_mode="2" />
		<Option compiler="gcc" />
		<Build>
			<Target title="Debug">
				<Option output="bin\Debug\v3bank" prefix_auto="1" extension_auto="1" />
				<Option object_output="obj\Debug\" />
				<Option type="1" />
				<Option compiler="gcc" />
				<Compiler>
					<Add option="-g" />
				</Compiler>
			</Target>
			<Target title="Release">
				<Option output="bin\Release\v3bank" prefix_auto="1" extension_auto="1" />
				<Option object_output="obj\Release\" />
				<Option type="1" />
				<Option compiler="gcc" />
				<Compiler>
					<Add option="-O2" />
				</Compiler>
				<Linker>
					<Add option="-s" />
				</Linker>
			</Target>
		</Build>
		<Compiler>
			<Add option="-Wall" />
			<Add option="-fexceptions" />
		</Compiler>
		<Unit filename="src\bank\boc_dlmu\bank_boc_dlmu.cpp" />
		<Unit filename="src\bank\boc_dlmu\bank_boc_dlmu.h" />
		<Unit filename="src\bank\boc_dlmu\tcp_update.cpp" />
		<Unit filename="src\bank\boc_dlmu\tcp_update.h" />
		<Unit filename="src\bank\boc_dlmu\tlog\bank_boc_dlmu.cpp" />
		<Unit filename="src\bank\boc_dlmu\typdef.h" />
		<Unit filename="src\bank\boc_yntv\bank_boc_yntv.cpp" />
		<Unit filename="src\bank\boc_yntv\bank_boc_yntv.h" />
		<Unit filename="src\bank\ccb_ahut\bank_ccb_ahut.cpp" />
		<Unit filename="src\bank\ccb_ahut\bank_ccb_ahut.h" />
		<Unit filename="src\bank\cd_make\bank_ccb_cd.cpp" />
		<Unit filename="src\bank\cd_make\bank_ccb_cd.h" />
		<Unit filename="src\bank\nd_make\bank_icbc_nd.cpp" />
		<Unit filename="src\bank\nd_make\bank_icbc_nd.h" />
		<Unit filename="src\bank\nj_make\bank_icbc_nanjin.cpp" />
		<Unit filename="src\bank\nj_make\bank_icbc_nanjin.h" />
		<Unit filename="src\bank\nj_make\bank_icbc_nj.cpp" />
		<Unit filename="src\bank\nj_make\bank_icbc_nj.h" />
		<Unit filename="src\bank\nj_make\typdef.h" />
		<Unit filename="src\bank\nm_make\bank_ccb_nm.cpp" />
		<Unit filename="src\bank\nm_make\bank_ccb_nm.h" />
		<Unit filename="src\bank\ynrcc_yncs\bank_ynrcc_yncs.cpp" />
		<Unit filename="src\bank\ynrcc_yncs\bank_ynrcc_yncs.h" />
		<Unit filename="src\bank_gateway\bank_gateway.cpp" />
		<Unit filename="src\bank_gateway\bank_gateway.h" />
		<Unit filename="src\buinc\BUShm.h" />
		<Unit filename="src\buinc\PackB.h" />
		<Unit filename="src\buinc\PackC.h" />
		<Unit filename="src\buinc\PackHandle.h" />
		<Unit filename="src\buinc\WThread.h" />
		<Unit filename="src\buinc\XPack.h" />
		<Unit filename="src\buinc\bdefine.h" />
		<Unit filename="src\buinc\bupub.h" />
		<Unit filename="src\buinc\comstru.h" />
		<Unit filename="src\buinc\cxpack.h" />
		<Unit filename="src\buinc\dbf.h" />
		<Unit filename="src\buinc\ksshmtable.h" />
		<Unit filename="src\buinc\logfile.h" />
		<Unit filename="src\buinc\mutex.h" />
		<Unit filename="src\buinc\mypub.h" />
		<Unit filename="src\buinc\profile.h" />
		<Unit filename="src\buinc\rbtr.h" />
		<Unit filename="src\buinc\slist.h" />
		<Unit filename="src\buinc\stdafx.h" />
		<Unit filename="src\buinc\svrlink.h" />
		<Unit filename="src\buinc\tcp.h" />
		<Unit filename="src\bupub\BUShm.cpp" />
		<Unit filename="src\bupub\WThread.cpp" />
		<Unit filename="src\bupub\bdefine.cpp" />
		<Unit filename="src\bupub\bupub.cpp" />
		<Unit filename="src\bupub\dbf.cpp" />
		<Unit filename="src\bupub\logfile.cpp" />
		<Unit filename="src\bupub\mutex.cpp" />
		<Unit filename="src\bupub\mypub.cpp" />
		<Unit filename="src\bupub\profile.cpp" />
		<Unit filename="src\bupub\shem.cpp" />
		<Unit filename="src\bupub\slist.cpp" />
		<Unit filename="src\bupub\stdafx.cpp" />
		<Unit filename="src\bupub\svrlink.cpp" />
		<Unit filename="src\bupub\tcp.cpp" />
		<Unit filename="src\func\BDFTest.cpp" />
		<Unit filename="src\func\F2401.cpp" />
		<Unit filename="src\func\F249999.cpp" />
		<Unit filename="src\func\F250001.cpp" />
		<Unit filename="src\func\F250002.cpp" />
		<Unit filename="src\func\F250003.cpp" />
		<Unit filename="src\func\F250004.cpp" />
		<Unit filename="src\func\F250006.cpp" />
		<Unit filename="src\func\F260001.cpp" />
		<Unit filename="src\func\F260002.cpp" />
		<Unit filename="src\func\F260003.cpp" />
		<Unit filename="src\func\F260006.cpp" />
		<Unit filename="src\func\F270001.cpp" />
		<Unit filename="src\func\F900077.cpp" />
		<Unit filename="src\func\F950996.cpp" />
		<Unit filename="src\func\bankguard.cpp" />
		<Unit filename="src\func\busample.sqC" />
		<Unit filename="src\func\do_trade.h" />
		<Unit filename="src\func\ksbu.cpp" />
		<Unit filename="src\func\ksbu.h" />
		<Unit filename="src\func\shem.cpp" />
		<Unit filename="src\func\shem.h" />
		<Unit filename="src\func\transinfo.cpp" />
		<Unit filename="src\func\transinfo.h" />
		<Unit filename="src\include\Base64.h" />
		<Unit filename="src\include\Third_Mac.h" />
		<Unit filename="src\include\alarmno.h" />
		<Unit filename="src\include\bank.h" />
		<Unit filename="src\include\bank_interface.h" />
		<Unit filename="src\include\bccclt.h" />
		<Unit filename="src\include\d3des.h" />
		<Unit filename="src\include\dbdefine.h" />
		<Unit filename="src\include\dictionary.h" />
		<Unit filename="src\include\errdef.h" />
		<Unit filename="src\include\iso8583.h" />
		<Unit filename="src\include\mac.h" />
		<Unit filename="src\include\md5.h" />
		<Unit filename="src\include\pubdb.h" />
		<Unit filename="src\include\pubdef.h" />
		<Unit filename="src\include\pubfunc.h" />
		<Unit filename="src\include\rijndael-alg-fst.h" />
		<Unit filename="src\include\rijndael-api-fst.h" />
		<Unit filename="src\include\shem.h" />
		<Unit filename="src\include\stdfunc.h" />
		<Unit filename="src\include\yktclt.h" />
		<Unit filename="src\public\Base64.cpp" />
		<Unit filename="src\public\account.cpp" />
		<Unit filename="src\public\comstru.h" />
		<Unit filename="src\public\cpack.h" />
		<Unit filename="src\public\d3des.c">
			<Option compilerVar="CC" />
		</Unit>
		<Unit filename="src\public\express.cpp" />
		<Unit filename="src\public\express.h" />
		<Unit filename="src\public\fdsqc.h" />
		<Unit filename="src\public\iso8583.cpp" />
		<Unit filename="src\public\mac.cpp" />
		<Unit filename="src\public\md5.cpp" />
		<Unit filename="src\public\mutex.cpp" />
		<Unit filename="src\public\mutex.h" />
		<Unit filename="src\public\mypub.cpp" />
		<Unit filename="src\public\mypub.h" />
		<Unit filename="src\public\profile.cpp" />
		<Unit filename="src\public\profile.h" />
		<Unit filename="src\public\pubfunc.cpp" />
		<Unit filename="src\public\rijndael-alg-fst.cpp" />
		<Unit filename="src\public\rijndael-api-fst.cpp" />
		<Unit filename="src\public\stdafx.cpp" />
		<Unit filename="src\public\stdafx.h" />
		<Unit filename="src\public\stdfunc.cpp" />
		<Unit filename="src\public\yktclt.cpp" />
		<Unit filename="src\xpack\PackC.cpp" />
		<Unit filename="src\xpack\PackHandle.cpp" />
		<Unit filename="src\xpack\XPack.cpp" />
		<Extensions>
			<code_completion />
			<envvars />
			<debugger />
			<lib_finder disable_auto="1" />
		</Extensions>
	</Project>
</CodeBlocks_project_file>
