Microsoft Visual Studio Solution File, Format Version 8.00
Project("{8BC9CEB8-8B4A-11D0-8D11-00A0C91BC942}") = "RF35OCX", "RF35OCX.vcproj", "{D59CA496-CEF0-42B8-BE0F-D63E864AEBBB}"
	ProjectSection(ProjectDependencies) = postProject
	EndProjectSection
EndProject
Global
	GlobalSection(SolutionConfiguration) = preSolution
		Debug = Debug
		Release = Release
		Unicode Debug = Unicode Debug
		Unicode Release = Unicode Release
	EndGlobalSection
	GlobalSection(ProjectDependencies) = postSolution
	EndGlobalSection
	GlobalSection(ProjectConfiguration) = postSolution
		{D59CA496-CEF0-42B8-BE0F-D63E864AEBBB}.Debug.ActiveCfg = Debug|Win32
		{D59CA496-CEF0-42B8-BE0F-D63E864AEBBB}.Debug.Build.0 = Debug|Win32
		{D59CA496-CEF0-42B8-BE0F-D63E864AEBBB}.Release.ActiveCfg = Release|Win32
		{D59CA496-CEF0-42B8-BE0F-D63E864AEBBB}.Release.Build.0 = Release|Win32
		{D59CA496-CEF0-42B8-BE0F-D63E864AEBBB}.Unicode Debug.ActiveCfg = Unicode Debug|Win32
		{D59CA496-CEF0-42B8-BE0F-D63E864AEBBB}.Unicode Debug.Build.0 = Unicode Debug|Win32
		{D59CA496-CEF0-42B8-BE0F-D63E864AEBBB}.Unicode Release.ActiveCfg = Unicode Release|Win32
		{D59CA496-CEF0-42B8-BE0F-D63E864AEBBB}.Unicode Release.Build.0 = Unicode Release|Win32
	EndGlobalSection
	GlobalSection(ExtensibilityGlobals) = postSolution
	EndGlobalSection
	GlobalSection(ExtensibilityAddIns) = postSolution
	EndGlobalSection
EndGlobal
