Microsoft Visual Studio Solution File, Format Version 10.00
# Visual C++ Express 2008
Project("{8BC9CEB8-8B4A-11D0-8D11-00A0C91BC942}") = "test", "test\test.vcproj", "{3B8C47BF-1059-431F-AFA3-203913D5B4EB}"
EndProject
Project("{8BC9CEB8-8B4A-11D0-8D11-00A0C91BC942}") = "libfiletrans", "libfiletrans\libfiletrans.vcproj", "{0AE59873-83FC-4E70-BD3E-EB51AC902766}"
EndProject
Project("{8BC9CEB8-8B4A-11D0-8D11-00A0C91BC942}") = "filetrans", "filetrans\filetrans.vcproj", "{EE87AF17-2F3E-4CB6-8057-4F8C03CDC8F8}"
EndProject
Global
	GlobalSection(SolutionConfigurationPlatforms) = preSolution
		Debug|Win32 = Debug|Win32
		Release|Win32 = Release|Win32
	EndGlobalSection
	GlobalSection(ProjectConfigurationPlatforms) = postSolution
		{3B8C47BF-1059-431F-AFA3-203913D5B4EB}.Debug|Win32.ActiveCfg = Debug|Win32
		{3B8C47BF-1059-431F-AFA3-203913D5B4EB}.Debug|Win32.Build.0 = Debug|Win32
		{3B8C47BF-1059-431F-AFA3-203913D5B4EB}.Release|Win32.ActiveCfg = Release|Win32
		{3B8C47BF-1059-431F-AFA3-203913D5B4EB}.Release|Win32.Build.0 = Release|Win32
		{0AE59873-83FC-4E70-BD3E-EB51AC902766}.Debug|Win32.ActiveCfg = Debug|Win32
		{0AE59873-83FC-4E70-BD3E-EB51AC902766}.Debug|Win32.Build.0 = Debug|Win32
		{0AE59873-83FC-4E70-BD3E-EB51AC902766}.Release|Win32.ActiveCfg = Release|Win32
		{0AE59873-83FC-4E70-BD3E-EB51AC902766}.Release|Win32.Build.0 = Release|Win32
		{EE87AF17-2F3E-4CB6-8057-4F8C03CDC8F8}.Debug|Win32.ActiveCfg = Debug|Win32
		{EE87AF17-2F3E-4CB6-8057-4F8C03CDC8F8}.Debug|Win32.Build.0 = Debug|Win32
		{EE87AF17-2F3E-4CB6-8057-4F8C03CDC8F8}.Release|Win32.ActiveCfg = Release|Win32
		{EE87AF17-2F3E-4CB6-8057-4F8C03CDC8F8}.Release|Win32.Build.0 = Release|Win32
	EndGlobalSection
	GlobalSection(SolutionProperties) = preSolution
		HideSolutionNode = FALSE
	EndGlobalSection
EndGlobal
