
Microsoft Visual Studio Solution File, Format Version 11.00
# Visual Studio 2010
Project("{FAE04EC0-301F-11D3-BF4B-00C04F79EFBC}") = "FundReleaser", "FundReleaser\FundReleaser.csproj", "{43F927D4-6F56-478F-AEC9-A3278595BD0E}"
EndProject
Project("{FAE04EC0-301F-11D3-BF4B-00C04F79EFBC}") = "SunGard.SmartCard.KSLibInteropServices", "..\..\..\..\..\..\SmartCardV4\SCForeClient\trunk\developing\sourcecode\iCard2\SunGard.SmartCard.KSLibInteropServices\SunGard.SmartCard.KSLibInteropServices.csproj", "{70241ED5-3C06-449B-BCFC-23FE2F89B4E5}"
EndProject
Global
	GlobalSection(SolutionConfigurationPlatforms) = preSolution
		Debug|Any CPU = Debug|Any CPU
		Debug|Mixed Platforms = Debug|Mixed Platforms
		Debug|x86 = Debug|x86
		Release|Any CPU = Release|Any CPU
		Release|Mixed Platforms = Release|Mixed Platforms
		Release|x86 = Release|x86
	EndGlobalSection
	GlobalSection(ProjectConfigurationPlatforms) = postSolution
		{43F927D4-6F56-478F-AEC9-A3278595BD0E}.Debug|Any CPU.ActiveCfg = Debug|x86
		{43F927D4-6F56-478F-AEC9-A3278595BD0E}.Debug|Mixed Platforms.ActiveCfg = Debug|x86
		{43F927D4-6F56-478F-AEC9-A3278595BD0E}.Debug|Mixed Platforms.Build.0 = Debug|x86
		{43F927D4-6F56-478F-AEC9-A3278595BD0E}.Debug|x86.ActiveCfg = Debug|x86
		{43F927D4-6F56-478F-AEC9-A3278595BD0E}.Debug|x86.Build.0 = Debug|x86
		{43F927D4-6F56-478F-AEC9-A3278595BD0E}.Release|Any CPU.ActiveCfg = Release|x86
		{43F927D4-6F56-478F-AEC9-A3278595BD0E}.Release|Mixed Platforms.ActiveCfg = Release|x86
		{43F927D4-6F56-478F-AEC9-A3278595BD0E}.Release|Mixed Platforms.Build.0 = Release|x86
		{43F927D4-6F56-478F-AEC9-A3278595BD0E}.Release|x86.ActiveCfg = Release|x86
		{43F927D4-6F56-478F-AEC9-A3278595BD0E}.Release|x86.Build.0 = Release|x86
		{70241ED5-3C06-449B-BCFC-23FE2F89B4E5}.Debug|Any CPU.ActiveCfg = Debug|Any CPU
		{70241ED5-3C06-449B-BCFC-23FE2F89B4E5}.Debug|Any CPU.Build.0 = Debug|Any CPU
		{70241ED5-3C06-449B-BCFC-23FE2F89B4E5}.Debug|Mixed Platforms.ActiveCfg = Debug|Any CPU
		{70241ED5-3C06-449B-BCFC-23FE2F89B4E5}.Debug|Mixed Platforms.Build.0 = Debug|Any CPU
		{70241ED5-3C06-449B-BCFC-23FE2F89B4E5}.Debug|x86.ActiveCfg = Debug|Any CPU
		{70241ED5-3C06-449B-BCFC-23FE2F89B4E5}.Release|Any CPU.ActiveCfg = Release|Any CPU
		{70241ED5-3C06-449B-BCFC-23FE2F89B4E5}.Release|Any CPU.Build.0 = Release|Any CPU
		{70241ED5-3C06-449B-BCFC-23FE2F89B4E5}.Release|Mixed Platforms.ActiveCfg = Release|Any CPU
		{70241ED5-3C06-449B-BCFC-23FE2F89B4E5}.Release|Mixed Platforms.Build.0 = Release|Any CPU
		{70241ED5-3C06-449B-BCFC-23FE2F89B4E5}.Release|x86.ActiveCfg = Release|Any CPU
	EndGlobalSection
	GlobalSection(SolutionProperties) = preSolution
		HideSolutionNode = FALSE
	EndGlobalSection
EndGlobal
