Microsoft Visual Studio Solution File, Format Version 8.00
Project("{8BC9CEB8-8B4A-11D0-8D11-00A0C91BC942}") = "CardDLL", "CardDLL\CardDLL.vcproj", "{E2BEB9F7-7D22-42AC-892C-D71DD27B78F5}"
	ProjectSection(ProjectDependencies) = postProject
	EndProjectSection
EndProject
Project("{8BC9CEB8-8B4A-11D0-8D11-00A0C91BC942}") = "DllImport", "DllImport\DllImport.vcproj", "{BBA4A25A-8CBD-46F0-9A0A-B50E13F37E05}"
	ProjectSection(ProjectDependencies) = postProject
	EndProjectSection
EndProject
Project("{8BC9CEB8-8B4A-11D0-8D11-00A0C91BC942}") = "KS_D8", "KS_D8\KS_D8.vcproj", "{8383D599-D42B-4825-AC2C-F633DD6471C2}"
	ProjectSection(ProjectDependencies) = postProject
	EndProjectSection
EndProject
Project("{8BC9CEB8-8B4A-11D0-8D11-00A0C91BC942}") = "KS_MH", "KS_MH\KS_MH.vcproj", "{879BDADF-16CF-486D-A850-502735ACF391}"
	ProjectSection(ProjectDependencies) = postProject
	EndProjectSection
EndProject
Project("{8BC9CEB8-8B4A-11D0-8D11-00A0C91BC942}") = "KS_NewLand", "KS_NewLand\KS_NewLand.vcproj", "{EA8A8790-C9B8-4FE7-9177-1C6F484651DF}"
	ProjectSection(ProjectDependencies) = postProject
	EndProjectSection
EndProject
Project("{8BC9CEB8-8B4A-11D0-8D11-00A0C91BC942}") = "KS_RD", "KS_RD\KS_RD.vcproj", "{30516D3A-EE68-470E-879A-EED2062B8F37}"
	ProjectSection(ProjectDependencies) = postProject
	EndProjectSection
EndProject
Project("{8BC9CEB8-8B4A-11D0-8D11-00A0C91BC942}") = "ModifyCardDemo", "ModifyCardDemo\ModifyCardDemo.vcproj", "{F215E91C-187E-4F70-89CD-65C47D03F722}"
	ProjectSection(ProjectDependencies) = postProject
	EndProjectSection
EndProject
Project("{8BC9CEB8-8B4A-11D0-8D11-00A0C91BC942}") = "SmartCom411DXQ", "SMARTCOM411DXQ\SmartCom411DXQ.vcproj", "{18FF58A1-58EE-436A-B35A-170DB9F84307}"
	ProjectSection(ProjectDependencies) = postProject
	EndProjectSection
EndProject
Project("{8BC9CEB8-8B4A-11D0-8D11-00A0C91BC942}") = "desdll", "DESDLL\desdll.vcproj", "{A6CA13B9-2DEB-46D2-B2DA-0B62DE5C5E23}"
	ProjectSection(ProjectDependencies) = postProject
	EndProjectSection
EndProject
Project("{8BC9CEB8-8B4A-11D0-8D11-00A0C91BC942}") = "ksykt", "ksykt\ksykt.vcproj", "{1B50497E-1BA1-4D99-9EFB-D12087BEC089}"
	ProjectSection(ProjectDependencies) = postProject
	EndProjectSection
EndProject
Project("{8BC9CEB8-8B4A-11D0-8D11-00A0C91BC942}") = "testcardman", "testcardman\testcardman.vcproj", "{25870EDA-566B-405B-BF9C-4C7AB1F81296}"
	ProjectSection(ProjectDependencies) = postProject
		{E2BEB9F7-7D22-42AC-892C-D71DD27B78F5} = {E2BEB9F7-7D22-42AC-892C-D71DD27B78F5}
	EndProjectSection
EndProject
Project("{8BC9CEB8-8B4A-11D0-8D11-00A0C91BC942}") = "yktclt", "yktclt\yktclt.vcproj", "{5A64570F-858E-401F-AED2-EDC35E55DBD9}"
	ProjectSection(ProjectDependencies) = postProject
	EndProjectSection
EndProject
Project("{8BC9CEB8-8B4A-11D0-8D11-00A0C91BC942}") = "ksinterface", "ksinterface\ksinterface.vcproj", "{A1F3E5F3-1601-40E3-B6E3-EA97EEBAC21B}"
	ProjectSection(ProjectDependencies) = postProject
	EndProjectSection
EndProject
Project("{8BC9CEB8-8B4A-11D0-8D11-00A0C91BC942}") = "ksinterface_demo", "ksinterface_demo\ksinterface_demo.vcproj", "{A9589905-47BE-4B8B-AD23-29EF8F9CF140}"
	ProjectSection(ProjectDependencies) = postProject
	EndProjectSection
EndProject
Global
	GlobalSection(SolutionConfiguration) = preSolution
		Debug = Debug
		Release = Release
	EndGlobalSection
	GlobalSection(ProjectDependencies) = postSolution
	EndGlobalSection
	GlobalSection(ProjectConfiguration) = postSolution
		{E2BEB9F7-7D22-42AC-892C-D71DD27B78F5}.Debug.ActiveCfg = Debug|Win32
		{E2BEB9F7-7D22-42AC-892C-D71DD27B78F5}.Debug.Build.0 = Debug|Win32
		{E2BEB9F7-7D22-42AC-892C-D71DD27B78F5}.Release.ActiveCfg = Release|Win32
		{E2BEB9F7-7D22-42AC-892C-D71DD27B78F5}.Release.Build.0 = Release|Win32
		{BBA4A25A-8CBD-46F0-9A0A-B50E13F37E05}.Debug.ActiveCfg = Debug|Win32
		{BBA4A25A-8CBD-46F0-9A0A-B50E13F37E05}.Debug.Build.0 = Debug|Win32
		{BBA4A25A-8CBD-46F0-9A0A-B50E13F37E05}.Release.ActiveCfg = Release|Win32
		{BBA4A25A-8CBD-46F0-9A0A-B50E13F37E05}.Release.Build.0 = Release|Win32
		{8383D599-D42B-4825-AC2C-F633DD6471C2}.Debug.ActiveCfg = Debug|Win32
		{8383D599-D42B-4825-AC2C-F633DD6471C2}.Debug.Build.0 = Debug|Win32
		{8383D599-D42B-4825-AC2C-F633DD6471C2}.Release.ActiveCfg = Release|Win32
		{8383D599-D42B-4825-AC2C-F633DD6471C2}.Release.Build.0 = Release|Win32
		{879BDADF-16CF-486D-A850-502735ACF391}.Debug.ActiveCfg = Debug|Win32
		{879BDADF-16CF-486D-A850-502735ACF391}.Debug.Build.0 = Debug|Win32
		{879BDADF-16CF-486D-A850-502735ACF391}.Release.ActiveCfg = Release|Win32
		{879BDADF-16CF-486D-A850-502735ACF391}.Release.Build.0 = Release|Win32
		{EA8A8790-C9B8-4FE7-9177-1C6F484651DF}.Debug.ActiveCfg = Debug|Win32
		{EA8A8790-C9B8-4FE7-9177-1C6F484651DF}.Debug.Build.0 = Debug|Win32
		{EA8A8790-C9B8-4FE7-9177-1C6F484651DF}.Release.ActiveCfg = Release|Win32
		{EA8A8790-C9B8-4FE7-9177-1C6F484651DF}.Release.Build.0 = Release|Win32
		{30516D3A-EE68-470E-879A-EED2062B8F37}.Debug.ActiveCfg = Debug|Win32
		{30516D3A-EE68-470E-879A-EED2062B8F37}.Debug.Build.0 = Debug|Win32
		{30516D3A-EE68-470E-879A-EED2062B8F37}.Release.ActiveCfg = Release|Win32
		{30516D3A-EE68-470E-879A-EED2062B8F37}.Release.Build.0 = Release|Win32
		{F215E91C-187E-4F70-89CD-65C47D03F722}.Debug.ActiveCfg = Debug|Win32
		{F215E91C-187E-4F70-89CD-65C47D03F722}.Debug.Build.0 = Debug|Win32
		{F215E91C-187E-4F70-89CD-65C47D03F722}.Release.ActiveCfg = Release|Win32
		{F215E91C-187E-4F70-89CD-65C47D03F722}.Release.Build.0 = Release|Win32
		{18FF58A1-58EE-436A-B35A-170DB9F84307}.Debug.ActiveCfg = Debug|Win32
		{18FF58A1-58EE-436A-B35A-170DB9F84307}.Debug.Build.0 = Debug|Win32
		{18FF58A1-58EE-436A-B35A-170DB9F84307}.Release.ActiveCfg = Release|Win32
		{18FF58A1-58EE-436A-B35A-170DB9F84307}.Release.Build.0 = Release|Win32
		{A6CA13B9-2DEB-46D2-B2DA-0B62DE5C5E23}.Debug.ActiveCfg = Debug|Win32
		{A6CA13B9-2DEB-46D2-B2DA-0B62DE5C5E23}.Debug.Build.0 = Debug|Win32
		{A6CA13B9-2DEB-46D2-B2DA-0B62DE5C5E23}.Release.ActiveCfg = Release|Win32
		{A6CA13B9-2DEB-46D2-B2DA-0B62DE5C5E23}.Release.Build.0 = Release|Win32
		{1B50497E-1BA1-4D99-9EFB-D12087BEC089}.Debug.ActiveCfg = Debug|Win32
		{1B50497E-1BA1-4D99-9EFB-D12087BEC089}.Debug.Build.0 = Debug|Win32
		{1B50497E-1BA1-4D99-9EFB-D12087BEC089}.Release.ActiveCfg = Release|Win32
		{1B50497E-1BA1-4D99-9EFB-D12087BEC089}.Release.Build.0 = Release|Win32
		{25870EDA-566B-405B-BF9C-4C7AB1F81296}.Debug.ActiveCfg = Debug|Win32
		{25870EDA-566B-405B-BF9C-4C7AB1F81296}.Debug.Build.0 = Debug|Win32
		{25870EDA-566B-405B-BF9C-4C7AB1F81296}.Release.ActiveCfg = Release|Win32
		{25870EDA-566B-405B-BF9C-4C7AB1F81296}.Release.Build.0 = Release|Win32
		{5A64570F-858E-401F-AED2-EDC35E55DBD9}.Debug.ActiveCfg = Debug|Win32
		{5A64570F-858E-401F-AED2-EDC35E55DBD9}.Debug.Build.0 = Debug|Win32
		{5A64570F-858E-401F-AED2-EDC35E55DBD9}.Release.ActiveCfg = Release|Win32
		{5A64570F-858E-401F-AED2-EDC35E55DBD9}.Release.Build.0 = Release|Win32
		{A1F3E5F3-1601-40E3-B6E3-EA97EEBAC21B}.Debug.ActiveCfg = Debug|Win32
		{A1F3E5F3-1601-40E3-B6E3-EA97EEBAC21B}.Debug.Build.0 = Debug|Win32
		{A1F3E5F3-1601-40E3-B6E3-EA97EEBAC21B}.Release.ActiveCfg = Release|Win32
		{A1F3E5F3-1601-40E3-B6E3-EA97EEBAC21B}.Release.Build.0 = Release|Win32
		{A9589905-47BE-4B8B-AD23-29EF8F9CF140}.Debug.ActiveCfg = Debug|Win32
		{A9589905-47BE-4B8B-AD23-29EF8F9CF140}.Debug.Build.0 = Debug|Win32
		{A9589905-47BE-4B8B-AD23-29EF8F9CF140}.Release.ActiveCfg = Release|Win32
		{A9589905-47BE-4B8B-AD23-29EF8F9CF140}.Release.Build.0 = Release|Win32
	EndGlobalSection
	GlobalSection(ExtensibilityGlobals) = postSolution
	EndGlobalSection
	GlobalSection(ExtensibilityAddIns) = postSolution
	EndGlobalSection
EndGlobal
