Microsoft Visual Studio Solution File, Format Version 8.00
Project("{8BC9CEB8-8B4A-11D0-8D11-00A0C91BC942}") = "ksnl", "ksnl.vcproj", "{B078539B-7C9A-448A-B1C7-461286039BD6}"
	ProjectSection(ProjectDependencies) = postProject
	EndProjectSection
EndProject
Project("{8BC9CEB8-8B4A-11D0-8D11-00A0C91BC942}") = "testksnl", "..\testksnl\testksnl.vcproj", "{C52F6839-3467-4F5E-ABC9-D5271229923F}"
	ProjectSection(ProjectDependencies) = postProject
	EndProjectSection
EndProject
Project("{8BC9CEB8-8B4A-11D0-8D11-00A0C91BC942}") = "KS_SMTCard", "..\KS_SMTCard\KS_SMTCard.vcproj", "{15402382-2831-468E-8FA5-051E8C787E7D}"
	ProjectSection(ProjectDependencies) = postProject
	EndProjectSection
EndProject
Global
	GlobalSection(SolutionConfiguration) = preSolution
		Debug = Debug
		Release = Release
		Remote Debug = Remote Debug
	EndGlobalSection
	GlobalSection(ProjectDependencies) = postSolution
	EndGlobalSection
	GlobalSection(ProjectConfiguration) = postSolution
		{B078539B-7C9A-448A-B1C7-461286039BD6}.Debug.ActiveCfg = Debug|Win32
		{B078539B-7C9A-448A-B1C7-461286039BD6}.Debug.Build.0 = Debug|Win32
		{B078539B-7C9A-448A-B1C7-461286039BD6}.Release.ActiveCfg = Release|Win32
		{B078539B-7C9A-448A-B1C7-461286039BD6}.Release.Build.0 = Release|Win32
		{B078539B-7C9A-448A-B1C7-461286039BD6}.Remote Debug.ActiveCfg = Remote Debug|Win32
		{B078539B-7C9A-448A-B1C7-461286039BD6}.Remote Debug.Build.0 = Remote Debug|Win32
		{C52F6839-3467-4F5E-ABC9-D5271229923F}.Debug.ActiveCfg = Debug|Win32
		{C52F6839-3467-4F5E-ABC9-D5271229923F}.Debug.Build.0 = Debug|Win32
		{C52F6839-3467-4F5E-ABC9-D5271229923F}.Release.ActiveCfg = Release|Win32
		{C52F6839-3467-4F5E-ABC9-D5271229923F}.Release.Build.0 = Release|Win32
		{C52F6839-3467-4F5E-ABC9-D5271229923F}.Remote Debug.ActiveCfg = Debug|Win32
		{C52F6839-3467-4F5E-ABC9-D5271229923F}.Remote Debug.Build.0 = Debug|Win32
		{15402382-2831-468E-8FA5-051E8C787E7D}.Debug.ActiveCfg = Debug|Win32
		{15402382-2831-468E-8FA5-051E8C787E7D}.Debug.Build.0 = Debug|Win32
		{15402382-2831-468E-8FA5-051E8C787E7D}.Release.ActiveCfg = Release|Win32
		{15402382-2831-468E-8FA5-051E8C787E7D}.Release.Build.0 = Release|Win32
		{15402382-2831-468E-8FA5-051E8C787E7D}.Remote Debug.ActiveCfg = Debug|Win32
		{15402382-2831-468E-8FA5-051E8C787E7D}.Remote Debug.Build.0 = Debug|Win32
	EndGlobalSection
	GlobalSection(ExtensibilityGlobals) = postSolution
	EndGlobalSection
	GlobalSection(ExtensibilityAddIns) = postSolution
	EndGlobalSection
EndGlobal
