Microsoft Visual Studio Solution File, Format Version 8.00
Project("{8BC9CEB8-8B4A-11D0-8D11-00A0C91BC942}") = "CardDLL", "CardDLL\CardDLL.vcproj", "{AF910804-BFC4-4714-A4A1-F8B41683EEA3}"
	ProjectSection(ProjectDependencies) = postProject
	EndProjectSection
EndProject
Project("{8BC9CEB8-8B4A-11D0-8D11-00A0C91BC942}") = "KS_RD", "KS_RD\KS_RD.vcproj", "{7E382ECA-E51B-4602-81D8-8E88AB8EA393}"
	ProjectSection(ProjectDependencies) = postProject
	EndProjectSection
EndProject
Project("{8BC9CEB8-8B4A-11D0-8D11-00A0C91BC942}") = "extracard", "extracard\extracard.vcproj", "{A2E36DFA-3A80-4350-AC22-82470E41B7A5}"
	ProjectSection(ProjectDependencies) = postProject
	EndProjectSection
EndProject
Project("{8BC9CEB8-8B4A-11D0-8D11-00A0C91BC942}") = "GwDll", "GwDll\GwDll.vcproj", "{789C2FF4-4842-4406-BF06-2E1B200AE57F}"
	ProjectSection(ProjectDependencies) = postProject
	EndProjectSection
EndProject
Project("{8BC9CEB8-8B4A-11D0-8D11-00A0C91BC942}") = "desdll", "DESDLL\desdll.vcproj", "{24BE33F1-2271-43FB-9237-3BF3CB5C1FBA}"
	ProjectSection(ProjectDependencies) = postProject
	EndProjectSection
EndProject
Global
	GlobalSection(SolutionConfiguration) = preSolution
		Debug = Debug
		Release = Release
	EndGlobalSection
	GlobalSection(ProjectDependencies) = postSolution
	EndGlobalSection
	GlobalSection(ProjectConfiguration) = postSolution
		{AF910804-BFC4-4714-A4A1-F8B41683EEA3}.Debug.ActiveCfg = Debug|Win32
		{AF910804-BFC4-4714-A4A1-F8B41683EEA3}.Debug.Build.0 = Debug|Win32
		{AF910804-BFC4-4714-A4A1-F8B41683EEA3}.Release.ActiveCfg = Release|Win32
		{AF910804-BFC4-4714-A4A1-F8B41683EEA3}.Release.Build.0 = Release|Win32
		{7E382ECA-E51B-4602-81D8-8E88AB8EA393}.Debug.ActiveCfg = Debug|Win32
		{7E382ECA-E51B-4602-81D8-8E88AB8EA393}.Debug.Build.0 = Debug|Win32
		{7E382ECA-E51B-4602-81D8-8E88AB8EA393}.Release.ActiveCfg = Release|Win32
		{7E382ECA-E51B-4602-81D8-8E88AB8EA393}.Release.Build.0 = Release|Win32
		{A2E36DFA-3A80-4350-AC22-82470E41B7A5}.Debug.ActiveCfg = Debug|Win32
		{A2E36DFA-3A80-4350-AC22-82470E41B7A5}.Debug.Build.0 = Debug|Win32
		{A2E36DFA-3A80-4350-AC22-82470E41B7A5}.Release.ActiveCfg = Release|Win32
		{A2E36DFA-3A80-4350-AC22-82470E41B7A5}.Release.Build.0 = Release|Win32
		{789C2FF4-4842-4406-BF06-2E1B200AE57F}.Debug.ActiveCfg = Debug|Win32
		{789C2FF4-4842-4406-BF06-2E1B200AE57F}.Debug.Build.0 = Debug|Win32
		{789C2FF4-4842-4406-BF06-2E1B200AE57F}.Release.ActiveCfg = Release|Win32
		{789C2FF4-4842-4406-BF06-2E1B200AE57F}.Release.Build.0 = Release|Win32
		{24BE33F1-2271-43FB-9237-3BF3CB5C1FBA}.Debug.ActiveCfg = Debug|Win32
		{24BE33F1-2271-43FB-9237-3BF3CB5C1FBA}.Debug.Build.0 = Debug|Win32
		{24BE33F1-2271-43FB-9237-3BF3CB5C1FBA}.Release.ActiveCfg = Release|Win32
		{24BE33F1-2271-43FB-9237-3BF3CB5C1FBA}.Release.Build.0 = Release|Win32
	EndGlobalSection
	GlobalSection(ExtensibilityGlobals) = postSolution
	EndGlobalSection
	GlobalSection(ExtensibilityAddIns) = postSolution
	EndGlobalSection
EndGlobal
