Microsoft Visual Studio Solution File, Format Version 8.00
Project("{8BC9CEB8-8B4A-11D0-8D11-00A0C91BC942}") = "RF35OCX", "RF35OCX.vcproj", "{E66DBCFB-9CB5-4548-A317-AF59B54CE35A}"
	ProjectSection(ProjectDependencies) = postProject
	EndProjectSection
EndProject
Global
	GlobalSection(SourceCodeControl) = preSolution
		SccNumberOfProjects = 1
		SccProjectUniqueName0 = RF35OCX.vcproj
		SccProjectName0 = \u0022$/06±àÂë/Web³ÌÐòÌÀ³ÉÐÞ¸Ä/RF35/OCX/RF35OCX\u0022,\u0020ZHMCAAAA
		SccLocalPath0 = .
		SccProvider0 = MSSCCI:Microsoft\u0020Visual\u0020SourceSafe
	EndGlobalSection
	GlobalSection(SolutionConfiguration) = preSolution
		Debug = Debug
		Release = Release
		Unicode Debug = Unicode Debug
		Unicode Release = Unicode Release
	EndGlobalSection
	GlobalSection(ProjectConfiguration) = postSolution
		{E66DBCFB-9CB5-4548-A317-AF59B54CE35A}.Debug.ActiveCfg = Debug|Win32
		{E66DBCFB-9CB5-4548-A317-AF59B54CE35A}.Debug.Build.0 = Debug|Win32
		{E66DBCFB-9CB5-4548-A317-AF59B54CE35A}.Release.ActiveCfg = Release|Win32
		{E66DBCFB-9CB5-4548-A317-AF59B54CE35A}.Release.Build.0 = Release|Win32
		{E66DBCFB-9CB5-4548-A317-AF59B54CE35A}.Unicode Debug.ActiveCfg = Unicode Debug|Win32
		{E66DBCFB-9CB5-4548-A317-AF59B54CE35A}.Unicode Debug.Build.0 = Unicode Debug|Win32
		{E66DBCFB-9CB5-4548-A317-AF59B54CE35A}.Unicode Release.ActiveCfg = Unicode Release|Win32
		{E66DBCFB-9CB5-4548-A317-AF59B54CE35A}.Unicode Release.Build.0 = Unicode Release|Win32
	EndGlobalSection
	GlobalSection(ExtensibilityGlobals) = postSolution
	EndGlobalSection
	GlobalSection(ExtensibilityAddIns) = postSolution
	EndGlobalSection
EndGlobal
