<?xml version="1.0" encoding="UTF-8" standalone="yes" ?>
<CodeBlocks_project_file>
	<FileVersion major="1" minor="6" />
	<Project>
		<Option title="yktv3release" />
		<Option pch_mode="2" />
		<Option compiler="gcc" />
		<Build>
			<Target title="Release">
				<Option output="bin\Release\yktv3release" prefix_auto="1" extension_auto="1" />
				<Option object_output="obj\Release\" />
				<Option type="1" />
				<Option compiler="gcc" />
				<Compiler>
					<Add option="-O2" />
				</Compiler>
				<Linker>
					<Add option="-s" />
				</Linker>
			</Target>
		</Build>
		<Compiler>
			<Add option="-Wall" />
			<Add option="-fexceptions" />
		</Compiler>
		<Unit filename="..\src\batch\ahut_bank_acccheck.sqC" />
		<Unit filename="..\src\batch\bankchksvr.pc" />
		<Unit filename="..\src\batch\bankchksvr_day.pc" />
		<Unit filename="..\src\batch\colposdtl.sqC" />
		<Unit filename="..\src\batch\dataclean.sqC" />
		<Unit filename="..\src\batch\datasync.sqC" />
		<Unit filename="..\src\batch\dayendbala.sqC" />
		<Unit filename="..\src\batch\getbaladata.sqC" />
		<Unit filename="..\src\batch\nj_bank_acccheck.sqC" />
		<Unit filename="..\src\batch\nm_bank_acccheck.sqC" />
		<Unit filename="..\src\batch\posdtlacc.sqC" />
		<Unit filename="..\src\batch\revcancel.sqC" />
		<Unit filename="..\src\batch\statdiffacc.sqC" />
		<Unit filename="..\src\batch\synccut.sqC" />
		<Unit filename="..\src\batch\taskdaemon.cpp" />
		<Unit filename="..\src\batch\transdtlrev.sqC" />
		<Unit filename="..\src\batch\transpackacc.sqC" />
		<Unit filename="..\src\batch\unblock.sqC" />
		<Unit filename="..\src\batch\waterdtlacc.sqC" />
		<Unit filename="..\src\buinc\BUShm.h" />
		<Unit filename="..\src\buinc\PackB.h" />
		<Unit filename="..\src\buinc\PackC.h" />
		<Unit filename="..\src\buinc\PackHandle.h" />
		<Unit filename="..\src\buinc\WThread.h" />
		<Unit filename="..\src\buinc\XPack.h" />
		<Unit filename="..\src\buinc\bdefine.h" />
		<Unit filename="..\src\buinc\bupub.h" />
		<Unit filename="..\src\buinc\comstru.h" />
		<Unit filename="..\src\buinc\cxpack.h" />
		<Unit filename="..\src\buinc\dbf.h" />
		<Unit filename="..\src\buinc\ksshmtable.h" />
		<Unit filename="..\src\buinc\logfile.h" />
		<Unit filename="..\src\buinc\mutex.h" />
		<Unit filename="..\src\buinc\mypub.h" />
		<Unit filename="..\src\buinc\profile.h" />
		<Unit filename="..\src\buinc\rbtr.h" />
		<Unit filename="..\src\buinc\slist.h" />
		<Unit filename="..\src\buinc\stdafx.h" />
		<Unit filename="..\src\buinc\svrlink.h" />
		<Unit filename="..\src\buinc\tcp.h" />
		<Unit filename="..\src\bupub\BUShm.cpp" />
		<Unit filename="..\src\bupub\WThread.cpp" />
		<Unit filename="..\src\bupub\bdefine.cpp" />
		<Unit filename="..\src\bupub\bupub.cpp" />
		<Unit filename="..\src\bupub\dbf.cpp" />
		<Unit filename="..\src\bupub\logfile.cpp" />
		<Unit filename="..\src\bupub\mutex.cpp" />
		<Unit filename="..\src\bupub\mypub.cpp" />
		<Unit filename="..\src\bupub\profile.cpp" />
		<Unit filename="..\src\bupub\slist.cpp" />
		<Unit filename="..\src\bupub\stdafx.cpp" />
		<Unit filename="..\src\bupub\svrlink.cpp" />
		<Unit filename="..\src\bupub\tcp.cpp" />
		<Unit filename="..\src\db\accdtl.act" />
		<Unit filename="..\src\db\account.act" />
		<Unit filename="..\src\db\area.act" />
		<Unit filename="..\src\db\attend.act" />
		<Unit filename="..\src\db\attenddtl.act" />
		<Unit filename="..\src\db\attserial.act" />
		<Unit filename="..\src\db\authcard.act" />
		<Unit filename="..\src\db\bank.act" />
		<Unit filename="..\src\db\bankcard.act" />
		<Unit filename="..\src\db\bankcarddtl.act" />
		<Unit filename="..\src\db\bankcardtmp.act" />
		<Unit filename="..\src\db\bankchkdate.act" />
		<Unit filename="..\src\db\bankchkdtl.act" />
		<Unit filename="..\src\db\bankchkfile.act" />
		<Unit filename="..\src\db\bankcomp.act" />
		<Unit filename="..\src\db\branch.act" />
		<Unit filename="..\src\db\busdtl.act" />
		<Unit filename="..\src\db\card.act" />
		<Unit filename="..\src\db\cardaccdiff.act" />
		<Unit filename="..\src\db\cardbalance.act" />
		<Unit filename="..\src\db\cardbalupdlist.act" />
		<Unit filename="..\src\db\cardbitmap.act" />
		<Unit filename="..\src\db\cardbook.act" />
		<Unit filename="..\src\db\carddtl.act" />
		<Unit filename="..\src\db\cardistdtl.act" />
		<Unit filename="..\src\db\cardnochange.act" />
		<Unit filename="..\src\db\cardphytype.act" />
		<Unit filename="..\src\db\cardright.act" />
		<Unit filename="..\src\db\cardstrut.act" />
		<Unit filename="..\src\db\cardtrans.act" />
		<Unit filename="..\src\db\cardtransdtl.act" />
		<Unit filename="..\src\db\cardtype.act" />
		<Unit filename="..\src\db\cardver.act" />
		<Unit filename="..\src\db\cfgaccchk.act" />
		<Unit filename="..\src\db\cfgbank.act" />
		<Unit filename="..\src\db\cfgfee.act" />
		<Unit filename="..\src\db\cfgpayment.act" />
		<Unit filename="..\src\db\cfgrakeoff.act" />
		<Unit filename="..\src\db\cfgshopfee.act" />
		<Unit filename="..\src\db\cfgshoppay.act" />
		<Unit filename="..\src\db\cfgsplit.act" />
		<Unit filename="..\src\db\cfgtrans.act" />
		<Unit filename="..\src\db\cfgver.act" />
		<Unit filename="..\src\db\custidctl.act" />
		<Unit filename="..\src\db\customer.act" />
		<Unit filename="..\src\db\custtmp.act" />
		<Unit filename="..\src\db\custtype.act" />
		<Unit filename="..\src\db\dept.act" />
		<Unit filename="..\src\db\device.act" />
		<Unit filename="..\src\db\devicetmp.act" />
		<Unit filename="..\src\db\devmntr.act" />
		<Unit filename="..\src\db\dictionary.act" />
		<Unit filename="..\src\db\difftransfer.act" />
		<Unit filename="..\src\db\dpsoper.act" />
		<Unit filename="..\src\db\dpsopercard.act" />
		<Unit filename="..\src\db\dpsoperpos.act" />
		<Unit filename="..\src\db\dpsshoppos.act" />
		<Unit filename="..\src\db\drcard.act" />
		<Unit filename="..\src\db\drcardaddr.act" />
		<Unit filename="..\src\db\drdevcardlist.act" />
		<Unit filename="..\src\db\drdevhday.act" />
		<Unit filename="..\src\db\drdevhld.act" />
		<Unit filename="..\src\db\drdevtg.act" />
		<Unit filename="..\src\db\drdevtime.act" />
		<Unit filename="..\src\db\drdevtmsc.act" />
		<Unit filename="..\src\db\drdevweek.act" />
		<Unit filename="..\src\db\drdevwk.act" />
		<Unit filename="..\src\db\drdtl.act" />
		<Unit filename="..\src\db\drdwld.act" />
		<Unit filename="..\src\db\drevent.act" />
		<Unit filename="..\src\db\drevtdtl.act" />
		<Unit filename="..\src\db\drgrp.act" />
		<Unit filename="..\src\db\drgrpmem.act" />
		<Unit filename="..\src\db\drgrpoperrht.act" />
		<Unit filename="..\src\db\drgrprht.act" />
		<Unit filename="..\src\db\drhday.act" />
		<Unit filename="..\src\db\drhdaytime.act" />
		<Unit filename="..\src\db\drhldtim.act" />
		<Unit filename="..\src\db\drtime.act" />
		<Unit filename="..\src\db\drtimgrp.act" />
		<Unit filename="..\src\db\drtimsec.act" />
		<Unit filename="..\src\db\drweektime.act" />
		<Unit filename="..\src\db\esqlc.sqC" />
		<Unit filename="..\src\db\exceptdtl.act" />
		<Unit filename="..\src\db\feetype.act" />
		<Unit filename="..\src\db\front.act" />
		<Unit filename="..\src\db\geteleccard.act" />
		<Unit filename="..\src\db\groupmem.act" />
		<Unit filename="..\src\db\grpcashrpt.act" />
		<Unit filename="..\src\db\histrlog.act" />
		<Unit filename="..\src\db\histrserial.act" />
		<Unit filename="..\src\db\inneracc.act" />
		<Unit filename="..\src\db\inneraccdtl.act" />
		<Unit filename="..\src\db\keys.act" />
		<Unit filename="..\src\db\machinecode.act" />
		<Unit filename="..\src\db\mbchkdate.act" />
		<Unit filename="..\src\db\mbchkdtl.act" />
		<Unit filename="..\src\db\mealtype.act" />
		<Unit filename="..\src\db\modifyinfo.act" />
		<Unit filename="..\src\db\moduleauth.act" />
		<Unit filename="..\src\db\msglist.act" />
		<Unit filename="..\src\db\netacc.act" />
		<Unit filename="..\src\db\newcardchg.act" />
		<Unit filename="..\src\db\operator.act" />
		<Unit filename="..\src\db\operauthcd.act" />
		<Unit filename="..\src\db\operdtl.act" />
		<Unit filename="..\src\db\operright.act" />
		<Unit filename="..\src\db\opersite.act" />
		<Unit filename="..\src\db\opgroups.act" />
		<Unit filename="..\src\db\paymentdtl.act" />
		<Unit filename="..\src\db\paypara.act" />
		<Unit filename="..\src\db\phydevice.act" />
		<Unit filename="..\src\db\plantask.act" />
		<Unit filename="..\src\db\posdtl.act" />
		<Unit filename="..\src\db\posdtltmp.act" />
		<Unit filename="..\src\db\posseqno.act" />
		<Unit filename="..\src\db\psamcard.act" />
		<Unit filename="..\src\db\purse.act" />
		<Unit filename="..\src\db\purseposdtl.act" />
		<Unit filename="..\src\db\pursetransdtl.act" />
		<Unit filename="..\src\db\pursetype.act" />
		<Unit filename="..\src\db\pushtask.act" />
		<Unit filename="..\src\db\rakeoff.act" />
		<Unit filename="..\src\db\rcvdtl.act" />
		<Unit filename="..\src\db\refno.act" />
		<Unit filename="..\src\db\rptactive.act" />
		<Unit filename="..\src\db\rptbanktransfer.act" />
		<Unit filename="..\src\db\rptcardbalance.act" />
		<Unit filename="..\src\db\rptcarduse.act" />
		<Unit filename="..\src\db\rptdailyacc.act" />
		<Unit filename="..\src\db\rptdevm.act" />
		<Unit filename="..\src\db\rpterr.act" />
		<Unit filename="..\src\db\rptfile.act" />
		<Unit filename="..\src\db\rptoper.act" />
		<Unit filename="..\src\db\rptrichdebt.act" />
		<Unit filename="..\src\db\rptshoprakeoff.act" />
		<Unit filename="..\src\db\rptshpbalance.act" />
		<Unit filename="..\src\db\rptsubjledger.act" />
		<Unit filename="..\src\db\rpttranscomp.act" />
		<Unit filename="..\src\db\savdtl.act" />
		<Unit filename="..\src\db\sbparams.act" />
		<Unit filename="..\src\db\seqnoctl.act" />
		<Unit filename="..\src\db\shop.act" />
		<Unit filename="..\src\db\shopacc.act" />
		<Unit filename="..\src\db\shopcard.act" />
		<Unit filename="..\src\db\shopmeal.act" />
		<Unit filename="..\src\db\shoppos.act" />
		<Unit filename="..\src\db\shoppostmp.act" />
		<Unit filename="..\src\db\shoptree.act" />
		<Unit filename="..\src\db\site.act" />
		<Unit filename="..\src\db\specialty.act" />
		<Unit filename="..\src\db\spefee.act" />
		<Unit filename="..\src\db\subbalance.act" />
		<Unit filename="..\src\db\subdept.act" />
		<Unit filename="..\src\db\subjbal.act" />
		<Unit filename="..\src\db\subject.act" />
		<Unit filename="..\src\db\subsidy.act" />
		<Unit filename="..\src\db\subsidytmp.act" />
		<Unit filename="..\src\db\subslog.act" />
		<Unit filename="..\src\db\subsyspara.act" />
		<Unit filename="..\src\db\subsystem.act" />
		<Unit filename="..\src\db\subupd.act" />
		<Unit filename="..\src\db\syskey.act" />
		<Unit filename="..\src\db\syspara.act" />
		<Unit filename="..\src\db\tasklog.act" />
		<Unit filename="..\src\db\termseqno.act" />
		<Unit filename="..\src\db\thirdpartsys.act" />
		<Unit filename="..\src\db\tradeact.act" />
		<Unit filename="..\src\db\tradelog.act" />
		<Unit filename="..\src\db\tradeserial.act" />
		<Unit filename="..\src\db\transcode.act" />
		<Unit filename="..\src\db\transdtl.act" />
		<Unit filename="..\src\db\transpack.act" />
		<Unit filename="..\src\db\transtype.act" />
		<Unit filename="..\src\db\trdcdshp.act" />
		<Unit filename="..\src\db\trdcode.act" />
		<Unit filename="..\src\db\txdtl.act" />
		<Unit filename="..\src\db\v1rptcar.act" />
		<Unit filename="..\src\db\v2rpterr.act" />
		<Unit filename="..\src\db\vaccdtl.act" />
		<Unit filename="..\src\db\vrptactive.act" />
		<Unit filename="..\src\db\vrptdevm.act" />
		<Unit filename="..\src\db\vrptoper.act" />
		<Unit filename="..\src\db\vrpttot.act" />
		<Unit filename="..\src\db\vshpdptfee.act" />
		<Unit filename="..\src\db\vtransdtl.act" />
		<Unit filename="..\src\db\waterfeecfg.act" />
		<Unit filename="..\src\db\waterfeetype.act" />
		<Unit filename="..\src\db\writefailed.act" />
		<Unit filename="..\src\func\BDFTest.cpp" />
		<Unit filename="..\src\func\F200000.cpp" />
		<Unit filename="..\src\func\F200001.cpp" />
		<Unit filename="..\src\func\F240000.cpp" />
		<Unit filename="..\src\func\F240001.cpp" />
		<Unit filename="..\src\func\F240002.cpp" />
		<Unit filename="..\src\func\F240003.cpp" />
		<Unit filename="..\src\func\F240004.cpp" />
		<Unit filename="..\src\func\F240005.cpp" />
		<Unit filename="..\src\func\F240006.cpp" />
		<Unit filename="..\src\func\F240007.cpp" />
		<Unit filename="..\src\func\F240008.cpp" />
		<Unit filename="..\src\func\F240009.cpp" />
		<Unit filename="..\src\func\F240010.cpp" />
		<Unit filename="..\src\func\F240011.cpp" />
		<Unit filename="..\src\func\F240020.cpp" />
		<Unit filename="..\src\func\F240021.cpp" />
		<Unit filename="..\src\func\F240022.cpp" />
		<Unit filename="..\src\func\F240023.cpp" />
		<Unit filename="..\src\func\F240024.cpp" />
		<Unit filename="..\src\func\F240031.pc" />
		<Unit filename="..\src\func\F240032.pc" />
		<Unit filename="..\src\func\F240033.pc" />
		<Unit filename="..\src\func\F240034.pc" />
		<Unit filename="..\src\func\F240157.cpp" />
		<Unit filename="..\src\func\F700000.sqC" />
		<Unit filename="..\src\func\F700001.cpp" />
		<Unit filename="..\src\func\F700002.sqC" />
		<Unit filename="..\src\func\F800000.sqC" />
		<Unit filename="..\src\func\F800001.sqC" />
		<Unit filename="..\src\func\F800202.sqC" />
		<Unit filename="..\src\func\F800203.sqC" />
		<Unit filename="..\src\func\F800701.sqC" />
		<Unit filename="..\src\func\F800703.sqC" />
		<Unit filename="..\src\func\F800704.sqC" />
		<Unit filename="..\src\func\F800712.sqC" />
		<Unit filename="..\src\func\F800713.sqC" />
		<Unit filename="..\src\func\F800722.sqC" />
		<Unit filename="..\src\func\F800723.sqC" />
		<Unit filename="..\src\func\F800732.sqC" />
		<Unit filename="..\src\func\F800733.sqC" />
		<Unit filename="..\src\func\F800742.sqC" />
		<Unit filename="..\src\func\F800751.sqC" />
		<Unit filename="..\src\func\F800761.sqC" />
		<Unit filename="..\src\func\F800772.sqC" />
		<Unit filename="..\src\func\F800782.sqC" />
		<Unit filename="..\src\func\F800783.sqC" />
		<Unit filename="..\src\func\F800785.sqC" />
		<Unit filename="..\src\func\F820001.sqC" />
		<Unit filename="..\src\func\F820002.sqC" />
		<Unit filename="..\src\func\F820003.sqC" />
		<Unit filename="..\src\func\F820004.sqC" />
		<Unit filename="..\src\func\F820005.sqC" />
		<Unit filename="..\src\func\F820006.sqC" />
		<Unit filename="..\src\func\F820101.sqC" />
		<Unit filename="..\src\func\F820102.sqC" />
		<Unit filename="..\src\func\F820103.sqC" />
		<Unit filename="..\src\func\F820104.sqC" />
		<Unit filename="..\src\func\F820105.sqC" />
		<Unit filename="..\src\func\F820106.sqC" />
		<Unit filename="..\src\func\F820108.sqC" />
		<Unit filename="..\src\func\F820110.sqC" />
		<Unit filename="..\src\func\F820111.sqC" />
		<Unit filename="..\src\func\F820112.sqC" />
		<Unit filename="..\src\func\F820113.sqC" />
		<Unit filename="..\src\func\F820114.sqC" />
		<Unit filename="..\src\func\F820121.cpp" />
		<Unit filename="..\src\func\F820122.cpp" />
		<Unit filename="..\src\func\F820123.cpp" />
		<Unit filename="..\src\func\F820124.cpp" />
		<Unit filename="..\src\func\F820131.cpp" />
		<Unit filename="..\src\func\F820132.cpp" />
		<Unit filename="..\src\func\F820133.cpp" />
		<Unit filename="..\src\func\F820134.cpp" />
		<Unit filename="..\src\func\F820151.sqC" />
		<Unit filename="..\src\func\F820152.sqC" />
		<Unit filename="..\src\func\F820153.sqC" />
		<Unit filename="..\src\func\F820154.sqC" />
		<Unit filename="..\src\func\F820301.sqC" />
		<Unit filename="..\src\func\F820302.sqC" />
		<Unit filename="..\src\func\F820303.sqC" />
		<Unit filename="..\src\func\F820304.sqC" />
		<Unit filename="..\src\func\F820305.sqC" />
		<Unit filename="..\src\func\F820311.sqC" />
		<Unit filename="..\src\func\F820312.sqC" />
		<Unit filename="..\src\func\F820321.sqC" />
		<Unit filename="..\src\func\F820322.sqC" />
		<Unit filename="..\src\func\F820331.sqC" />
		<Unit filename="..\src\func\F820332.sqC" />
		<Unit filename="..\src\func\F820341.sqC" />
		<Unit filename="..\src\func\F820342.sqC" />
		<Unit filename="..\src\func\F820350.cpp" />
		<Unit filename="..\src\func\F820351.sqC" />
		<Unit filename="..\src\func\F820352.cpp" />
		<Unit filename="..\src\func\F820353.sqC" />
		<Unit filename="..\src\func\F820354.sqC" />
		<Unit filename="..\src\func\F820355.sqC" />
		<Unit filename="..\src\func\F820356.sqC" />
		<Unit filename="..\src\func\F820401.sqC" />
		<Unit filename="..\src\func\F820402.sqC" />
		<Unit filename="..\src\func\F820403.sqC" />
		<Unit filename="..\src\func\F820404.sqC" />
		<Unit filename="..\src\func\F820405.sqC" />
		<Unit filename="..\src\func\F820501.sqC" />
		<Unit filename="..\src\func\F820502.sqC" />
		<Unit filename="..\src\func\F820511.sqC" />
		<Unit filename="..\src\func\F820512.sqC" />
		<Unit filename="..\src\func\F820516.sqC" />
		<Unit filename="..\src\func\F820521.sqC" />
		<Unit filename="..\src\func\F820522.cpp" />
		<Unit filename="..\src\func\F820601.sqC" />
		<Unit filename="..\src\func\F820704.sqC" />
		<Unit filename="..\src\func\F820705.sqC" />
		<Unit filename="..\src\func\F820801.sqC" />
		<Unit filename="..\src\func\F841001.sqC" />
		<Unit filename="..\src\func\F841003.sqC" />
		<Unit filename="..\src\func\F841004.sqC" />
		<Unit filename="..\src\func\F841005.sqC" />
		<Unit filename="..\src\func\F841006.sqC" />
		<Unit filename="..\src\func\F841007.sqC" />
		<Unit filename="..\src\func\F841301.sqC" />
		<Unit filename="..\src\func\F841303.sqC" />
		<Unit filename="..\src\func\F841304.sqC" />
		<Unit filename="..\src\func\F841305.sqC" />
		<Unit filename="..\src\func\F841306.sqC" />
		<Unit filename="..\src\func\F841307.sqC" />
		<Unit filename="..\src\func\F841600.sqC" />
		<Unit filename="..\src\func\F841601.sqC" />
		<Unit filename="..\src\func\F841602.sqC" />
		<Unit filename="..\src\func\F841603.sqC" />
		<Unit filename="..\src\func\F841604.sqC" />
		<Unit filename="..\src\func\F841605.sqC" />
		<Unit filename="..\src\func\F841606.cpp" />
		<Unit filename="..\src\func\F841607.cpp" />
		<Unit filename="..\src\func\F841608.sqC" />
		<Unit filename="..\src\func\F841609.cpp" />
		<Unit filename="..\src\func\F841610.sqC" />
		<Unit filename="..\src\func\F841611.sqC" />
		<Unit filename="..\src\func\F841612.cpp" />
		<Unit filename="..\src\func\F841613.cpp" />
		<Unit filename="..\src\func\F841614.sqC" />
		<Unit filename="..\src\func\F841700.sqC" />
		<Unit filename="..\src\func\F842001.sqC" />
		<Unit filename="..\src\func\F842002.sqC" />
		<Unit filename="..\src\func\F842003.sqC" />
		<Unit filename="..\src\func\F842004.sqC" />
		<Unit filename="..\src\func\F842005.sqC" />
		<Unit filename="..\src\func\F842501.sqC" />
		<Unit filename="..\src\func\F842502.sqC" />
		<Unit filename="..\src\func\F842503.sqC" />
		<Unit filename="..\src\func\F842504.sqC" />
		<Unit filename="..\src\func\F842505.sqC" />
		<Unit filename="..\src\func\F843335.sqC" />
		<Unit filename="..\src\func\F843337.sqC" />
		<Unit filename="..\src\func\F843338.sqC" />
		<Unit filename="..\src\func\F843339.sqC" />
		<Unit filename="..\src\func\F843340.sqC" />
		<Unit filename="..\src\func\F843341.sqC" />
		<Unit filename="..\src\func\F843342.sqC" />
		<Unit filename="..\src\func\F843343.cpp" />
		<Unit filename="..\src\func\F843351.cpp" />
		<Unit filename="..\src\func\F843355.sqC" />
		<Unit filename="..\src\func\F843356.sqC" />
		<Unit filename="..\src\func\F843357.sqC" />
		<Unit filename="..\src\func\F843358.cpp" />
		<Unit filename="..\src\func\F843359.sqC" />
		<Unit filename="..\src\func\F843360.cpp" />
		<Unit filename="..\src\func\F843361.sqC" />
		<Unit filename="..\src\func\F843362.cpp" />
		<Unit filename="..\src\func\F843363.cpp" />
		<Unit filename="..\src\func\F843364.sqC" />
		<Unit filename="..\src\func\F843368.sqC" />
		<Unit filename="..\src\func\F843370.sqC" />
		<Unit filename="..\src\func\F843371.sqC" />
		<Unit filename="..\src\func\F843372.sqC" />
		<Unit filename="..\src\func\F843373.sqC" />
		<Unit filename="..\src\func\F843374.sqC" />
		<Unit filename="..\src\func\F843375.sqC" />
		<Unit filename="..\src\func\F843376.sqC" />
		<Unit filename="..\src\func\F843377.sqC" />
		<Unit filename="..\src\func\F845000.sqC" />
		<Unit filename="..\src\func\F845001.sqC" />
		<Unit filename="..\src\func\F846001.cpp" />
		<Unit filename="..\src\func\F846101.sqC" />
		<Unit filename="..\src\func\F846102.sqC" />
		<Unit filename="..\src\func\F846103.sqC" />
		<Unit filename="..\src\func\F846104.sqC" />
		<Unit filename="..\src\func\F846105.sqC" />
		<Unit filename="..\src\func\F846106.sqC" />
		<Unit filename="..\src\func\F846107.sqC" />
		<Unit filename="..\src\func\F846108.sqC" />
		<Unit filename="..\src\func\F846109.sqC" />
		<Unit filename="..\src\func\F846110.sqC" />
		<Unit filename="..\src\func\F846111.sqC" />
		<Unit filename="..\src\func\F846112.sqC" />
		<Unit filename="..\src\func\F846115.sqC" />
		<Unit filename="..\src\func\F846116.sqC" />
		<Unit filename="..\src\func\F846121.cpp" />
		<Unit filename="..\src\func\F846123.sqC" />
		<Unit filename="..\src\func\F846130.sqC" />
		<Unit filename="..\src\func\F846201.sqC" />
		<Unit filename="..\src\func\F846202.sqC" />
		<Unit filename="..\src\func\F846203.sqC" />
		<Unit filename="..\src\func\F846204.sqC" />
		<Unit filename="..\src\func\F846205.sqC" />
		<Unit filename="..\src\func\F846206.pc" />
		<Unit filename="..\src\func\F846210.sqC" />
		<Unit filename="..\src\func\F846301.cpp" />
		<Unit filename="..\src\func\F846302.cpp" />
		<Unit filename="..\src\func\F846303.cpp" />
		<Unit filename="..\src\func\F846305.cpp" />
		<Unit filename="..\src\func\F846307.cpp" />
		<Unit filename="..\src\func\F846308.cpp" />
		<Unit filename="..\src\func\F846309.sqC" />
		<Unit filename="..\src\func\F846310.cpp" />
		<Unit filename="..\src\func\F846311.sqC" />
		<Unit filename="..\src\func\F846312.cpp" />
		<Unit filename="..\src\func\F846313.cpp" />
		<Unit filename="..\src\func\F846314.cpp" />
		<Unit filename="..\src\func\F846315.cpp" />
		<Unit filename="..\src\func\F846316.cpp" />
		<Unit filename="..\src\func\F846317.cpp" />
		<Unit filename="..\src\func\F846318.sqC" />
		<Unit filename="..\src\func\F846320.cpp" />
		<Unit filename="..\src\func\F846321.cpp" />
		<Unit filename="..\src\func\F846322.cpp" />
		<Unit filename="..\src\func\F846323.cpp" />
		<Unit filename="..\src\func\F846324.cpp" />
		<Unit filename="..\src\func\F846325.cpp" />
		<Unit filename="..\src\func\F846326.cpp" />
		<Unit filename="..\src\func\F846327.cpp" />
		<Unit filename="..\src\func\F846328.cpp" />
		<Unit filename="..\src\func\F846329.sqC" />
		<Unit filename="..\src\func\F846330.sqC" />
		<Unit filename="..\src\func\F846331.cpp" />
		<Unit filename="..\src\func\F846331.sqC" />
		<Unit filename="..\src\func\F846332.cpp" />
		<Unit filename="..\src\func\F846333.cpp" />
		<Unit filename="..\src\func\F846334.cpp" />
		<Unit filename="..\src\func\F846335.cpp" />
		<Unit filename="..\src\func\F846336.cpp" />
		<Unit filename="..\src\func\F846337.cpp" />
		<Unit filename="..\src\func\F846338.cpp" />
		<Unit filename="..\src\func\F846340.cpp" />
		<Unit filename="..\src\func\F846341.cpp" />
		<Unit filename="..\src\func\F846401.sqC" />
		<Unit filename="..\src\func\F846402.sqC" />
		<Unit filename="..\src\func\F846403.sqC" />
		<Unit filename="..\src\func\F846404.sqC" />
		<Unit filename="..\src\func\F846405.cpp" />
		<Unit filename="..\src\func\F846501.sqC" />
		<Unit filename="..\src\func\F846502.sqC" />
		<Unit filename="..\src\func\F846600.sqC" />
		<Unit filename="..\src\func\F846601.sqC" />
		<Unit filename="..\src\func\F846602.sqC" />
		<Unit filename="..\src\func\F846603.sqC" />
		<Unit filename="..\src\func\F846605.sqC" />
		<Unit filename="..\src\func\F846606.sqC" />
		<Unit filename="..\src\func\F846701.sqC" />
		<Unit filename="..\src\func\F846702.sqC" />
		<Unit filename="..\src\func\F846703.sqC" />
		<Unit filename="..\src\func\F846704.sqC" />
		<Unit filename="..\src\func\F846705.sqC" />
		<Unit filename="..\src\func\F846706.sqC" />
		<Unit filename="..\src\func\F846707.sqC" />
		<Unit filename="..\src\func\F846708.sqC" />
		<Unit filename="..\src\func\F846709.sqC" />
		<Unit filename="..\src\func\F846710.sqC" />
		<Unit filename="..\src\func\F846711.sqC" />
		<Unit filename="..\src\func\F846712.sqC" />
		<Unit filename="..\src\func\F846713.sqC" />
		<Unit filename="..\src\func\F846714.sqC" />
		<Unit filename="..\src\func\F846715.sqC" />
		<Unit filename="..\src\func\F846716.sqC" />
		<Unit filename="..\src\func\F846717.sqC" />
		<Unit filename="..\src\func\F846718.sqC" />
		<Unit filename="..\src\func\F846719.sqC" />
		<Unit filename="..\src\func\F846720.sqC" />
		<Unit filename="..\src\func\F846721.sqC" />
		<Unit filename="..\src\func\F846722.sqC" />
		<Unit filename="..\src\func\F846723.sqC" />
		<Unit filename="..\src\func\F846724.sqC" />
		<Unit filename="..\src\func\F846725.sqC" />
		<Unit filename="..\src\func\F846726.sqC" />
		<Unit filename="..\src\func\F846727.sqC" />
		<Unit filename="..\src\func\F847101.cpp" />
		<Unit filename="..\src\func\F847102.cpp" />
		<Unit filename="..\src\func\F847103.cpp" />
		<Unit filename="..\src\func\F847104.cpp" />
		<Unit filename="..\src\func\F847105.cpp" />
		<Unit filename="..\src\func\F847106.cpp" />
		<Unit filename="..\src\func\F847107.cpp" />
		<Unit filename="..\src\func\F847108.cpp" />
		<Unit filename="..\src\func\F847109.cpp" />
		<Unit filename="..\src\func\F847111.sqC" />
		<Unit filename="..\src\func\F847115.sqC" />
		<Unit filename="..\src\func\F847116.cpp" />
		<Unit filename="..\src\func\F847117.cpp" />
		<Unit filename="..\src\func\F847118.sqC" />
		<Unit filename="..\src\func\F847119.cpp" />
		<Unit filename="..\src\func\F847120.cpp" />
		<Unit filename="..\src\func\F847121.cpp" />
		<Unit filename="..\src\func\F847122.cpp" />
		<Unit filename="..\src\func\F847123.cpp" />
		<Unit filename="..\src\func\F847124.cpp" />
		<Unit filename="..\src\func\F847125.cpp" />
		<Unit filename="..\src\func\F847126.cpp" />
		<Unit filename="..\src\func\F847127.cpp" />
		<Unit filename="..\src\func\F847128.cpp" />
		<Unit filename="..\src\func\F847129.sqC" />
		<Unit filename="..\src\func\F847130.sqC" />
		<Unit filename="..\src\func\F847131.sqC" />
		<Unit filename="..\src\func\F847132.sqC" />
		<Unit filename="..\src\func\F847133.sqC" />
		<Unit filename="..\src\func\F847136.cpp" />
		<Unit filename="..\src\func\F847137.sqC" />
		<Unit filename="..\src\func\F847150.cpp" />
		<Unit filename="..\src\func\F847151.sqC" />
		<Unit filename="..\src\func\F847152.sqC" />
		<Unit filename="..\src\func\F847153.sqC" />
		<Unit filename="..\src\func\F847154.sqC" />
		<Unit filename="..\src\func\F847155.sqC" />
		<Unit filename="..\src\func\F847156.sqC" />
		<Unit filename="..\src\func\F847159.sqC" />
		<Unit filename="..\src\func\F847160.sqC" />
		<Unit filename="..\src\func\F847161.sqC" />
		<Unit filename="..\src\func\F847162.sqC" />
		<Unit filename="..\src\func\F847163.cpp" />
		<Unit filename="..\src\func\F847164.sqC" />
		<Unit filename="..\src\func\F847165.sqC" />
		<Unit filename="..\src\func\F847166.sqC" />
		<Unit filename="..\src\func\F847168.sqC" />
		<Unit filename="..\src\func\F847170.sqC" />
		<Unit filename="..\src\func\F847171.sqC" />
		<Unit filename="..\src\func\F847172.sqC" />
		<Unit filename="..\src\func\F847173.sqC" />
		<Unit filename="..\src\func\F847174.sqC" />
		<Unit filename="..\src\func\F847180.sqC" />
		<Unit filename="..\src\func\F847181.cpp" />
		<Unit filename="..\src\func\F847182.cpp" />
		<Unit filename="..\src\func\F847183.cpp" />
		<Unit filename="..\src\func\F847184.sqC" />
		<Unit filename="..\src\func\F847185.sqC" />
		<Unit filename="..\src\func\F847190.sqC" />
		<Unit filename="..\src\func\F847191.sqC" />
		<Unit filename="..\src\func\F847192.sqC" />
		<Unit filename="..\src\func\F847193.sqC" />
		<Unit filename="..\src\func\F847195.sqC" />
		<Unit filename="..\src\func\F847196.sqC" />
		<Unit filename="..\src\func\F847197.sqC" />
		<Unit filename="..\src\func\F847198.sqC" />
		<Unit filename="..\src\func\F847220.cpp" />
		<Unit filename="..\src\func\F847221.cpp" />
		<Unit filename="..\src\func\F847222.cpp" />
		<Unit filename="..\src\func\F847223.cpp" />
		<Unit filename="..\src\func\F847224.cpp" />
		<Unit filename="..\src\func\F847225.cpp" />
		<Unit filename="..\src\func\F847226.cpp" />
		<Unit filename="..\src\func\F847227.cpp" />
		<Unit filename="..\src\func\F847228.cpp" />
		<Unit filename="..\src\func\F847229.cpp" />
		<Unit filename="..\src\func\F847230.cpp" />
		<Unit filename="..\src\func\F847231.sqC" />
		<Unit filename="..\src\func\F847232.cpp" />
		<Unit filename="..\src\func\F847233.sqC" />
		<Unit filename="..\src\func\F847234.sqC" />
		<Unit filename="..\src\func\F847301.cpp" />
		<Unit filename="..\src\func\F847302.cpp" />
		<Unit filename="..\src\func\F847304.cpp" />
		<Unit filename="..\src\func\F847305.cpp" />
		<Unit filename="..\src\func\F847306.sqC" />
		<Unit filename="..\src\func\F847310.sqC" />
		<Unit filename="..\src\func\F847311.sqC" />
		<Unit filename="..\src\func\F847312.sqC" />
		<Unit filename="..\src\func\F847313.sqC" />
		<Unit filename="..\src\func\F847315.sqC" />
		<Unit filename="..\src\func\F847316.sqC" />
		<Unit filename="..\src\func\F847317.sqC" />
		<Unit filename="..\src\func\F847318.cpp" />
		<Unit filename="..\src\func\F847319.sqC" />
		<Unit filename="..\src\func\F847320.sqC" />
		<Unit filename="..\src\func\F847321.sqC" />
		<Unit filename="..\src\func\F847322.sqC" />
		<Unit filename="..\src\func\F847401.sqC" />
		<Unit filename="..\src\func\F848003.sqC" />
		<Unit filename="..\src\func\F848004.sqC" />
		<Unit filename="..\src\func\F848005.sqC" />
		<Unit filename="..\src\func\F848006.cpp" />
		<Unit filename="..\src\func\F848007.sqC" />
		<Unit filename="..\src\func\F848008.cpp" />
		<Unit filename="..\src\func\F848009.sqC" />
		<Unit filename="..\src\func\F848010.sqC" />
		<Unit filename="..\src\func\F848011.sqC" />
		<Unit filename="..\src\func\F848012.cpp" />
		<Unit filename="..\src\func\F848013.sqC" />
		<Unit filename="..\src\func\F848014.sqC" />
		<Unit filename="..\src\func\F848015.sqC" />
		<Unit filename="..\src\func\F848016.sqC" />
		<Unit filename="..\src\func\F848017.sqC" />
		<Unit filename="..\src\func\F848018.cpp" />
		<Unit filename="..\src\func\F848020.cpp" />
		<Unit filename="..\src\func\F848021.sqC" />
		<Unit filename="..\src\func\F848250.sqC" />
		<Unit filename="..\src\func\F848251.sqC" />
		<Unit filename="..\src\func\F848252.sqC" />
		<Unit filename="..\src\func\F848254.sqC" />
		<Unit filename="..\src\func\F848255.sqC" />
		<Unit filename="..\src\func\F848256.cpp" />
		<Unit filename="..\src\func\F848257.sqC" />
		<Unit filename="..\src\func\F848258.sqC" />
		<Unit filename="..\src\func\F848259.sqC" />
		<Unit filename="..\src\func\F848260.sqC" />
		<Unit filename="..\src\func\F848264.sqC" />
		<Unit filename="..\src\func\F848265.sqC" />
		<Unit filename="..\src\func\F848266.sqC" />
		<Unit filename="..\src\func\F848267.sqC" />
		<Unit filename="..\src\func\F848268.cpp" />
		<Unit filename="..\src\func\F848269.sqC" />
		<Unit filename="..\src\func\F848270.sqC" />
		<Unit filename="..\src\func\F848271.sqC" />
		<Unit filename="..\src\func\F848272.sqC" />
		<Unit filename="..\src\func\F848273.sqC" />
		<Unit filename="..\src\func\F849001.cpp" />
		<Unit filename="..\src\func\F849002.sqC" />
		<Unit filename="..\src\func\F849003.cpp" />
		<Unit filename="..\src\func\F849004.cpp" />
		<Unit filename="..\src\func\F849005.cpp" />
		<Unit filename="..\src\func\F849006.sqC" />
		<Unit filename="..\src\func\F849007.sqC" />
		<Unit filename="..\src\func\F849020.sqC" />
		<Unit filename="..\src\func\F849021.cpp" />
		<Unit filename="..\src\func\F850000.cpp" />
		<Unit filename="..\src\func\F850001.cpp" />
		<Unit filename="..\src\func\F850002.cpp" />
		<Unit filename="..\src\func\F850003.cpp" />
		<Unit filename="..\src\func\F850004.cpp" />
		<Unit filename="..\src\func\F850005.cpp" />
		<Unit filename="..\src\func\F850006.cpp" />
		<Unit filename="..\src\func\F850007.cpp" />
		<Unit filename="..\src\func\F850010.cpp" />
		<Unit filename="..\src\func\F850011.sqC" />
		<Unit filename="..\src\func\F850012.sqC" />
		<Unit filename="..\src\func\F850020.cpp" />
		<Unit filename="..\src\func\F860001.sqC" />
		<Unit filename="..\src\func\F900088.cpp" />
		<Unit filename="..\src\func\F900120.sqC" />
		<Unit filename="..\src\func\F900121.sqC" />
		<Unit filename="..\src\func\F900122.sqC" />
		<Unit filename="..\src\func\F900130.sqC" />
		<Unit filename="..\src\func\F900140.sqC" />
		<Unit filename="..\src\func\F900150.sqC" />
		<Unit filename="..\src\func\F900170.sqC" />
		<Unit filename="..\src\func\F900171.sqC" />
		<Unit filename="..\src\func\F900172.sqC" />
		<Unit filename="..\src\func\F900173.sqC" />
		<Unit filename="..\src\func\F900174.sqC" />
		<Unit filename="..\src\func\F900175.sqC" />
		<Unit filename="..\src\func\F900210.sqC" />
		<Unit filename="..\src\func\F900211.sqC" />
		<Unit filename="..\src\func\F900212.sqC" />
		<Unit filename="..\src\func\F900213.sqC" />
		<Unit filename="..\src\func\F900220.sqC" />
		<Unit filename="..\src\func\F900230.sqC" />
		<Unit filename="..\src\func\F900240.sqC" />
		<Unit filename="..\src\func\F900250.sqC" />
		<Unit filename="..\src\func\F900260.sqC" />
		<Unit filename="..\src\func\F900270.sqC" />
		<Unit filename="..\src\func\F900280.sqC" />
		<Unit filename="..\src\func\F900281.sqC" />
		<Unit filename="..\src\func\F900282.sqC" />
		<Unit filename="..\src\func\F900283.sqC" />
		<Unit filename="..\src\func\F900290.cpp" />
		<Unit filename="..\src\func\F900300.sqC" />
		<Unit filename="..\src\func\F900310.sqC" />
		<Unit filename="..\src\func\F900320.sqC" />
		<Unit filename="..\src\func\F9212.sqC" />
		<Unit filename="..\src\func\F9213.sqC" />
		<Unit filename="..\src\func\F930001.cpp" />
		<Unit filename="..\src\func\F930002.cpp" />
		<Unit filename="..\src\func\F930003.cpp" />
		<Unit filename="..\src\func\F930004.cpp" />
		<Unit filename="..\src\func\F930005.cpp" />
		<Unit filename="..\src\func\F930006.cpp" />
		<Unit filename="..\src\func\F930007.cpp" />
		<Unit filename="..\src\func\F930008.cpp" />
		<Unit filename="..\src\func\F930009.cpp" />
		<Unit filename="..\src\func\F930010.cpp" />
		<Unit filename="..\src\func\F930011.cpp" />
		<Unit filename="..\src\func\F930012.cpp" />
		<Unit filename="..\src\func\F930013.cpp" />
		<Unit filename="..\src\func\F930014.cpp" />
		<Unit filename="..\src\func\F930015.cpp" />
		<Unit filename="..\src\func\F930016.cpp" />
		<Unit filename="..\src\func\F930017.cpp" />
		<Unit filename="..\src\func\F930018.cpp" />
		<Unit filename="..\src\func\F930019.cpp" />
		<Unit filename="..\src\func\F930020.cpp" />
		<Unit filename="..\src\func\F930021.cpp" />
		<Unit filename="..\src\func\F930022.cpp" />
		<Unit filename="..\src\func\F930030.cpp" />
		<Unit filename="..\src\func\F930031.cpp" />
		<Unit filename="..\src\func\F930032.cpp" />
		<Unit filename="..\src\func\F930033.sqC" />
		<Unit filename="..\src\func\F930034.cpp" />
		<Unit filename="..\src\func\F930035.sqC" />
		<Unit filename="..\src\func\F930036.cpp" />
		<Unit filename="..\src\func\F930037.cpp" />
		<Unit filename="..\src\func\F930038.sqC" />
		<Unit filename="..\src\func\F930039.sqC" />
		<Unit filename="..\src\func\F930040.sqC" />
		<Unit filename="..\src\func\F930041.sqC" />
		<Unit filename="..\src\func\F930042.sqC" />
		<Unit filename="..\src\func\F930045.sqC" />
		<Unit filename="..\src\func\F930046.sqC" />
		<Unit filename="..\src\func\F930047.sqC" />
		<Unit filename="..\src\func\F930051.sqC" />
		<Unit filename="..\src\func\F930052.cpp" />
		<Unit filename="..\src\func\F930053.sqC" />
		<Unit filename="..\src\func\F930054.sqC" />
		<Unit filename="..\src\func\F930055.sqC" />
		<Unit filename="..\src\func\F930056.cpp" />
		<Unit filename="..\src\func\F930057.cpp" />
		<Unit filename="..\src\func\F930058.sqC" />
		<Unit filename="..\src\func\F930060.cpp" />
		<Unit filename="..\src\func\F930061.cpp" />
		<Unit filename="..\src\func\F930062.cpp" />
		<Unit filename="..\src\func\F930063.cpp" />
		<Unit filename="..\src\func\F930064.cpp" />
		<Unit filename="..\src\func\F930065.cpp" />
		<Unit filename="..\src\func\F930066.sqC" />
		<Unit filename="..\src\func\F930067.cpp" />
		<Unit filename="..\src\func\F930068.sqC" />
		<Unit filename="..\src\func\F930070.cpp" />
		<Unit filename="..\src\func\F930071.cpp" />
		<Unit filename="..\src\func\F930098.sqC" />
		<Unit filename="..\src\func\F930099.sqC" />
		<Unit filename="..\src\func\F930101.cpp" />
		<Unit filename="..\src\func\F930102.cpp" />
		<Unit filename="..\src\func\F930103.cpp" />
		<Unit filename="..\src\func\F930104.cpp" />
		<Unit filename="..\src\func\F930105.cpp" />
		<Unit filename="..\src\func\F930106.cpp" />
		<Unit filename="..\src\func\F930107.cpp" />
		<Unit filename="..\src\func\F930109.cpp" />
		<Unit filename="..\src\func\F930110.cpp" />
		<Unit filename="..\src\func\F930113.cpp" />
		<Unit filename="..\src\func\F930114.cpp" />
		<Unit filename="..\src\func\F930117.cpp" />
		<Unit filename="..\src\func\F930118.cpp" />
		<Unit filename="..\src\func\F930120.cpp" />
		<Unit filename="..\src\func\F930121.cpp" />
		<Unit filename="..\src\func\F930122.sqC" />
		<Unit filename="..\src\func\F930123.sqC" />
		<Unit filename="..\src\func\F930201.cpp" />
		<Unit filename="..\src\func\F930202.sqC" />
		<Unit filename="..\src\func\F930203.cpp" />
		<Unit filename="..\src\func\F940001.sqC" />
		<Unit filename="..\src\func\F940002.sqC" />
		<Unit filename="..\src\func\F940003.sqC" />
		<Unit filename="..\src\func\F940004.sqC" />
		<Unit filename="..\src\func\F940005.sqC" />
		<Unit filename="..\src\func\F940010.sqC" />
		<Unit filename="..\src\func\F940011.sqC" />
		<Unit filename="..\src\func\F940031.sqC" />
		<Unit filename="..\src\func\F950001.sqC" />
		<Unit filename="..\src\func\F950002.sqC" />
		<Unit filename="..\src\func\F950003.sqC" />
		<Unit filename="..\src\func\F950004.sqC" />
		<Unit filename="..\src\func\F950005.sqC" />
		<Unit filename="..\src\func\F950006.cpp" />
		<Unit filename="..\src\func\F950007.sqC" />
		<Unit filename="..\src\func\F950008.cpp" />
		<Unit filename="..\src\func\F950009.cpp" />
		<Unit filename="..\src\func\F950010.sqC" />
		<Unit filename="..\src\func\F950029.cpp" />
		<Unit filename="..\src\func\F950031.sqC" />
		<Unit filename="..\src\func\F950032.cpp" />
		<Unit filename="..\src\func\F950034.cpp" />
		<Unit filename="..\src\func\F950035.sqC" />
		<Unit filename="..\src\func\F950036.cpp" />
		<Unit filename="..\src\func\F950037.sqC" />
		<Unit filename="..\src\func\F950040.cpp" />
		<Unit filename="..\src\func\F950041.sqC" />
		<Unit filename="..\src\func\F950043.sqC" />
		<Unit filename="..\src\func\F950044.cpp" />
		<Unit filename="..\src\func\F950049.sqC" />
		<Unit filename="..\src\func\F950050.sqC" />
		<Unit filename="..\src\func\F950051.cpp" />
		<Unit filename="..\src\func\F950052.cpp" />
		<Unit filename="..\src\func\F950053.cpp" />
		<Unit filename="..\src\func\F950055.cpp" />
		<Unit filename="..\src\func\F950056.cpp" />
		<Unit filename="..\src\func\F950065.sqC" />
		<Unit filename="..\src\func\F950070.cpp" />
		<Unit filename="..\src\func\F950072.cpp" />
		<Unit filename="..\src\func\F950073.cpp" />
		<Unit filename="..\src\func\F950074.sqC" />
		<Unit filename="..\src\func\F950080.sqC" />
		<Unit filename="..\src\func\F950099.sqC" />
		<Unit filename="..\src\func\F950100.sqC" />
		<Unit filename="..\src\func\F950101.sqC" />
		<Unit filename="..\src\func\F950102.sqC" />
		<Unit filename="..\src\func\F950103.sqC" />
		<Unit filename="..\src\func\F950105.sqC" />
		<Unit filename="..\src\func\F950106.sqC" />
		<Unit filename="..\src\func\F950107.sqC" />
		<Unit filename="..\src\func\F950156.cpp" />
		<Unit filename="..\src\func\F950990.sqC" />
		<Unit filename="..\src\func\F950996.sqC" />
		<Unit filename="..\src\func\F950997.cpp" />
		<Unit filename="..\src\func\F950998.cpp" />
		<Unit filename="..\src\func\F950999.cpp" />
		<Unit filename="..\src\func\accchkquery.h" />
		<Unit filename="..\src\func\accchkquery.sqC" />
		<Unit filename="..\src\func\bdefine.cpp" />
		<Unit filename="..\src\func\blk999.sqC" />
		<Unit filename="..\src\func\blkhndr.sqC" />
		<Unit filename="..\src\func\blksvr.h" />
		<Unit filename="..\src\func\blksvr.sqC" />
		<Unit filename="..\src\func\busample.sqC" />
		<Unit filename="..\src\func\busqc.h" />
		<Unit filename="..\src\func\busqc.sqC" />
		<Unit filename="..\src\func\ext_consumer.sqC" />
		<Unit filename="..\src\func\gatefunc.sqC" />
		<Unit filename="..\src\func\gatesvr.sqC" />
		<Unit filename="..\src\func\ksbu.cpp" />
		<Unit filename="..\src\func\ksbu.h" />
		<Unit filename="..\src\func\mypub.cpp" />
		<Unit filename="..\src\func\payment.cpp" />
		<Unit filename="..\src\func\start.cpp" />
		<Unit filename="..\src\func\statpub.cpp" />
		<Unit filename="..\src\func\stdafx.cpp" />
		<Unit filename="..\src\func\svrlink.cpp" />
		<Unit filename="..\src\include\Base64.h" />
		<Unit filename="..\src\include\alarmno.h" />
		<Unit filename="..\src\include\bccclt.h" />
		<Unit filename="..\src\include\callbu.h" />
		<Unit filename="..\src\include\compare.h" />
		<Unit filename="..\src\include\cpucard.h" />
		<Unit filename="..\src\include\d3des.h" />
		<Unit filename="..\src\include\dbdefine.h" />
		<Unit filename="..\src\include\dbfunc.h" />
		<Unit filename="..\src\include\dbfunc_foo.h" />
		<Unit filename="..\src\include\dbincl\accdtl_stru.h" />
		<Unit filename="..\src\include\dbincl\account_stru.h" />
		<Unit filename="..\src\include\dbincl\area_stru.h" />
		<Unit filename="..\src\include\dbincl\attenddtl_stru.h" />
		<Unit filename="..\src\include\dbincl\attserial_stru.h" />
		<Unit filename="..\src\include\dbincl\authcard_stru.h" />
		<Unit filename="..\src\include\dbincl\bankcard_stru.h" />
		<Unit filename="..\src\include\dbincl\bankcarddtl_stru.h" />
		<Unit filename="..\src\include\dbincl\bankcardlist_stru.h" />
		<Unit filename="..\src\include\dbincl\bankcardtmp_stru.h" />
		<Unit filename="..\src\include\dbincl\bankchkbill_stru.h" />
		<Unit filename="..\src\include\dbincl\bankchkdate_stru.h" />
		<Unit filename="..\src\include\dbincl\bankchkdtl_stru.h" />
		<Unit filename="..\src\include\dbincl\branch_stru.h" />
		<Unit filename="..\src\include\dbincl\card_stru.h" />
		<Unit filename="..\src\include\dbincl\cardaccdiff_stru.h" />
		<Unit filename="..\src\include\dbincl\cardbalance_stru.h" />
		<Unit filename="..\src\include\dbincl\cardbitmap_stru.h" />
		<Unit filename="..\src\include\dbincl\cardbook_stru.h" />
		<Unit filename="..\src\include\dbincl\carddtl_stru.h" />
		<Unit filename="..\src\include\dbincl\cardistdtl_stru.h" />
		<Unit filename="..\src\include\dbincl\cardnochange_stru.h" />
		<Unit filename="..\src\include\dbincl\cardphytype_stru.h" />
		<Unit filename="..\src\include\dbincl\cardright_stru.h" />
		<Unit filename="..\src\include\dbincl\cardtransdtl_stru.h" />
		<Unit filename="..\src\include\dbincl\cardtype_stru.h" />
		<Unit filename="..\src\include\dbincl\cardver_stru.h" />
		<Unit filename="..\src\include\dbincl\cfgaccchk_stru.h" />
		<Unit filename="..\src\include\dbincl\cfgbank_stru.h" />
		<Unit filename="..\src\include\dbincl\cfgfee_stru.h" />
		<Unit filename="..\src\include\dbincl\cfgpayment_stru.h" />
		<Unit filename="..\src\include\dbincl\cfgrakeoff_stru.h" />
		<Unit filename="..\src\include\dbincl\cfgshopfee_stru.h" />
		<Unit filename="..\src\include\dbincl\cfgsplit_stru.h" />
		<Unit filename="..\src\include\dbincl\cfgtrans_stru.h" />
		<Unit filename="..\src\include\dbincl\cfgver_stru.h" />
		<Unit filename="..\src\include\dbincl\custidctl_stru.h" />
		<Unit filename="..\src\include\dbincl\customer_stru.h" />
		<Unit filename="..\src\include\dbincl\custtmp_stru.h" />
		<Unit filename="..\src\include\dbincl\custtype_stru.h" />
		<Unit filename="..\src\include\dbincl\dept_stru.h" />
		<Unit filename="..\src\include\dbincl\device_stru.h" />
		<Unit filename="..\src\include\dbincl\devicetmp_stru.h" />
		<Unit filename="..\src\include\dbincl\devmntr_stru.h" />
		<Unit filename="..\src\include\dbincl\dictionary_stru.h" />
		<Unit filename="..\src\include\dbincl\dpsoper_stru.h" />
		<Unit filename="..\src\include\dbincl\dpsopercard_stru.h" />
		<Unit filename="..\src\include\dbincl\dpsoperpos_stru.h" />
		<Unit filename="..\src\include\dbincl\dpsshoppos_stru.h" />
		<Unit filename="..\src\include\dbincl\drcard_stru.h" />
		<Unit filename="..\src\include\dbincl\drcardaddr_stru.h" />
		<Unit filename="..\src\include\dbincl\drdevcardlist_stru.h" />
		<Unit filename="..\src\include\dbincl\drdevhday_stru.h" />
		<Unit filename="..\src\include\dbincl\drdevtg_stru.h" />
		<Unit filename="..\src\include\dbincl\drdevtime_stru.h" />
		<Unit filename="..\src\include\dbincl\drdevweek_stru.h" />
		<Unit filename="..\src\include\dbincl\drdtl_stru.h" />
		<Unit filename="..\src\include\dbincl\drdwld_stru.h" />
		<Unit filename="..\src\include\dbincl\drevtdtl_stru.h" />
		<Unit filename="..\src\include\dbincl\drgrp_stru.h" />
		<Unit filename="..\src\include\dbincl\drgrpmem_stru.h" />
		<Unit filename="..\src\include\dbincl\drgrpoperrht_stru.h" />
		<Unit filename="..\src\include\dbincl\drhday_stru.h" />
		<Unit filename="..\src\include\dbincl\drhdaytime_stru.h" />
		<Unit filename="..\src\include\dbincl\drtime_stru.h" />
		<Unit filename="..\src\include\dbincl\drtimgrp_stru.h" />
		<Unit filename="..\src\include\dbincl\drweektime_stru.h" />
		<Unit filename="..\src\include\dbincl\exceptdtl_stru.h" />
		<Unit filename="..\src\include\dbincl\feetype_stru.h" />
		<Unit filename="..\src\include\dbincl\geteleccard_stru.h" />
		<Unit filename="..\src\include\dbincl\inneracc_stru.h" />
		<Unit filename="..\src\include\dbincl\keys_stru.h" />
		<Unit filename="..\src\include\dbincl\loadchkdate_stru.h" />
		<Unit filename="..\src\include\dbincl\loadchkdtl_stru.h" />
		<Unit filename="..\src\include\dbincl\machinecode_stru.h" />
		<Unit filename="..\src\include\dbincl\mbchkdate_stru.h" />
		<Unit filename="..\src\include\dbincl\mbchkdtl_stru.h" />
		<Unit filename="..\src\include\dbincl\mealtype_stru.h" />
		<Unit filename="..\src\include\dbincl\modifyinfo_stru.h" />
		<Unit filename="..\src\include\dbincl\moduleauth_stru.h" />
		<Unit filename="..\src\include\dbincl\msglist_stru.h" />
		<Unit filename="..\src\include\dbincl\netacc_stru.h" />
		<Unit filename="..\src\include\dbincl\newcardchg_stru.h" />
		<Unit filename="..\src\include\dbincl\operator_stru.h" />
		<Unit filename="..\src\include\dbincl\operdtl_stru.h" />
		<Unit filename="..\src\include\dbincl\operright_stru.h" />
		<Unit filename="..\src\include\dbincl\opersite_stru.h" />
		<Unit filename="..\src\include\dbincl\paymentdtl_stru.h" />
		<Unit filename="..\src\include\dbincl\paypara_stru.h" />
		<Unit filename="..\src\include\dbincl\phydevice_stru.h" />
		<Unit filename="..\src\include\dbincl\plantask_stru.h" />
		<Unit filename="..\src\include\dbincl\posdtl_stru.h" />
		<Unit filename="..\src\include\dbincl\posdtltmp_stru.h" />
		<Unit filename="..\src\include\dbincl\posseqno_stru.h" />
		<Unit filename="..\src\include\dbincl\psamcard_stru.h" />
		<Unit filename="..\src\include\dbincl\purse_stru.h" />
		<Unit filename="..\src\include\dbincl\purseposdtl_stru.h" />
		<Unit filename="..\src\include\dbincl\pursetransdtl_stru.h" />
		<Unit filename="..\src\include\dbincl\pursetype_stru.h" />
		<Unit filename="..\src\include\dbincl\pushtask_stru.h" />
		<Unit filename="..\src\include\dbincl\refno_stru.h" />
		<Unit filename="..\src\include\dbincl\rptdailyacc_stru.h" />
		<Unit filename="..\src\include\dbincl\rptshoprakeoff_stru.h" />
		<Unit filename="..\src\include\dbincl\seqnoctl_stru.h" />
		<Unit filename="..\src\include\dbincl\shop_stru.h" />
		<Unit filename="..\src\include\dbincl\shopacc_stru.h" />
		<Unit filename="..\src\include\dbincl\shopcard_stru.h" />
		<Unit filename="..\src\include\dbincl\shopmeal_stru.h" />
		<Unit filename="..\src\include\dbincl\shoppos_stru.h" />
		<Unit filename="..\src\include\dbincl\shoppostmp_stru.h" />
		<Unit filename="..\src\include\dbincl\site_stru.h" />
		<Unit filename="..\src\include\dbincl\specialty_stru.h" />
		<Unit filename="..\src\include\dbincl\subject_stru.h" />
		<Unit filename="..\src\include\dbincl\subsidy_stru.h" />
		<Unit filename="..\src\include\dbincl\subsyspara_stru.h" />
		<Unit filename="..\src\include\dbincl\subsystem_stru.h" />
		<Unit filename="..\src\include\dbincl\syskey_stru.h" />
		<Unit filename="..\src\include\dbincl\syspara_stru.h" />
		<Unit filename="..\src\include\dbincl\tasklog_stru.h" />
		<Unit filename="..\src\include\dbincl\transcode_stru.h" />
		<Unit filename="..\src\include\dbincl\transdtl_stru.h" />
		<Unit filename="..\src\include\dbincl\transpack_stru.h" />
		<Unit filename="..\src\include\dbincl\transtype_stru.h" />
		<Unit filename="..\src\include\dbincl\vaccdtl_stru.h" />
		<Unit filename="..\src\include\dbincl\vtransdtl_stru.h" />
		<Unit filename="..\src\include\dictionary.h" />
		<Unit filename="..\src\include\errdef.h" />
		<Unit filename="..\src\include\esqlc.h" />
		<Unit filename="..\src\include\ext_consumer.h" />
		<Unit filename="..\src\include\globalParameter.h" />
		<Unit filename="..\src\include\gnudes.h" />
		<Unit filename="..\src\include\interface.h" />
		<Unit filename="..\src\include\interfacefunc.h" />
		<Unit filename="..\src\include\mac.h" />
		<Unit filename="..\src\include\md5.h" />
		<Unit filename="..\src\include\payment.h" />
		<Unit filename="..\src\include\pubdb.h" />
		<Unit filename="..\src\include\pubdef.h" />
		<Unit filename="..\src\include\pubfunc.h" />
		<Unit filename="..\src\include\rijndael-alg-fst.h" />
		<Unit filename="..\src\include\rijndael-api-fst.h" />
		<Unit filename="..\src\include\rijndael.h" />
		<Unit filename="..\src\include\rsa.h" />
		<Unit filename="..\src\include\transcode.h" />
		<Unit filename="..\src\public\Base64.cpp" />
		<Unit filename="..\src\public\acctrans.h" />
		<Unit filename="..\src\public\acctrans.sqC" />
		<Unit filename="..\src\public\bufunc.cpp" />
		<Unit filename="..\src\public\bufunc.h" />
		<Unit filename="..\src\public\callbu.cpp" />
		<Unit filename="..\src\public\comstru.h" />
		<Unit filename="..\src\public\cpack.h" />
		<Unit filename="..\src\public\cpucard.cpp" />
		<Unit filename="..\src\public\d3des.c">
			<Option compilerVar="CC" />
		</Unit>
		<Unit filename="..\src\public\dbfunc.sqC" />
		<Unit filename="..\src\public\dbfunc_foo.sqC" />
		<Unit filename="..\src\public\doorfunc.sqC" />
		<Unit filename="..\src\public\gnudes.cpp" />
		<Unit filename="..\src\public\interfacefunc.sqC" />
		<Unit filename="..\src\public\mac.cpp" />
		<Unit filename="..\src\public\md5.cpp" />
		<Unit filename="..\src\public\pubfunc.cpp" />
		<Unit filename="..\src\public\rijndael-alg-fst.cpp" />
		<Unit filename="..\src\public\rijndael-api-fst.cpp" />
		<Unit filename="..\src\public\rsa.cpp" />
		<Unit filename="..\src\public\transfunc.h" />
		<Unit filename="..\src\public\transfunc.sqC" />
		<Unit filename="..\src\tool\dbcrt.cpp" />
		<Unit filename="..\src\watch\M800204.sqc" />
		<Unit filename="..\src\watch\M800702.sqc" />
		<Unit filename="..\src\watch\M800741.sqc" />
		<Unit filename="..\src\watch\M800771.sqc" />
		<Unit filename="..\src\watch\M800781.sqc" />
		<Unit filename="..\src\watch\M800784.sqc" />
		<Unit filename="..\src\watch\Monitor.sqc" />
		<Unit filename="..\src\xpack\PackC.cpp" />
		<Unit filename="..\src\xpack\PackHandle.cpp" />
		<Unit filename="..\src\xpack\XPack.cpp" />
		<Extensions>
			<code_completion />
			<envvars />
			<debugger />
			<lib_finder disable_auto="1" />
			<DoxyBlocks>
				<comment_style block="0" line="0" />
				<doxyfile_project />
				<doxyfile_build />
				<doxyfile_warnings />
				<doxyfile_output />
				<doxyfile_dot />
				<general />
			</DoxyBlocks>
		</Extensions>
	</Project>
</CodeBlocks_project_file>
