Microsoft Visual Studio Solution File, Format Version 9.00
# Visual Studio 2005
Project("{8BC9CEB8-8B4A-11D0-8D11-00A0C91BC942}") = "testcardman", "testcardman.vcproj", "{44B281ED-B183-4339-8421-42E01E84E48C}"
EndProject
Global
	GlobalSection(SolutionConfigurationPlatforms) = preSolution
		Debug|Win32 = Debug|Win32
		Release|Win32 = Release|Win32
	EndGlobalSection
	GlobalSection(ProjectConfigurationPlatforms) = postSolution
		{44B281ED-B183-4339-8421-42E01E84E48C}.Debug|Win32.ActiveCfg = Release|Win32
		{44B281ED-B183-4339-8421-42E01E84E48C}.Debug|Win32.Build.0 = Release|Win32
		{44B281ED-B183-4339-8421-42E01E84E48C}.Release|Win32.ActiveCfg = Release|Win32
		{44B281ED-B183-4339-8421-42E01E84E48C}.Release|Win32.Build.0 = Release|Win32
	EndGlobalSection
	GlobalSection(SolutionProperties) = preSolution
		HideSolutionNode = FALSE
	EndGlobalSection
EndGlobal
