Microsoft Visual Studio Solution File, Format Version 8.00
Project("{8BC9CEB8-8B4A-11D0-8D11-00A0C91BC942}") = "yuchuandemo", "yuchuandemo.vcproj", "{E59B3BB8-FE8D-4E4F-A0D9-0BFF69B2F529}"
	ProjectSection(ProjectDependencies) = postProject
	EndProjectSection
EndProject
Global
	GlobalSection(SolutionConfiguration) = preSolution
		Debug = Debug
		Release = Release
	EndGlobalSection
	GlobalSection(ProjectDependencies) = postSolution
	EndGlobalSection
	GlobalSection(ProjectConfiguration) = postSolution
		{E59B3BB8-FE8D-4E4F-A0D9-0BFF69B2F529}.Debug.ActiveCfg = Debug|Win32
		{E59B3BB8-FE8D-4E4F-A0D9-0BFF69B2F529}.Debug.Build.0 = Debug|Win32
		{E59B3BB8-FE8D-4E4F-A0D9-0BFF69B2F529}.Release.ActiveCfg = Release|Win32
		{E59B3BB8-FE8D-4E4F-A0D9-0BFF69B2F529}.Release.Build.0 = Release|Win32
	EndGlobalSection
	GlobalSection(ExtensibilityGlobals) = postSolution
	EndGlobalSection
	GlobalSection(ExtensibilityAddIns) = postSolution
	EndGlobalSection
EndGlobal
