Microsoft Visual Studio Solution File, Format Version 10.00
# Visual C++ Express 2008
Project("{8BC9CEB8-8B4A-11D0-8D11-00A0C91BC942}") = "kscard", "kscard\kscard.vcproj", "{2CCE7DC6-0246-43C9-AE6E-D14F04778BFA}"
	ProjectSection(ProjectDependencies) = postProject
		{A6942B23-2BE6-4A9F-93FF-FA9899D98A8E} = {A6942B23-2BE6-4A9F-93FF-FA9899D98A8E}
		{E42A89D1-C08E-4FEC-8FD5-057D03ED1C24} = {E42A89D1-C08E-4FEC-8FD5-057D03ED1C24}
	EndProjectSection
EndProject
Project("{8BC9CEB8-8B4A-11D0-8D11-00A0C91BC942}") = "ks_decard", "KS_DECARD\KS_DECARD.vcproj", "{E77E5F67-723F-4918-83A2-39B19270587D}"
EndProject
Project("{8BC9CEB8-8B4A-11D0-8D11-00A0C91BC942}") = "kscardinterface", "KsCardInterFace\KsCardInterFace.vcproj", "{C500FCD5-C599-4D15-81D7-633AE6DA1CF8}"
	ProjectSection(ProjectDependencies) = postProject
		{F3622B35-BBFC-4D76-81EB-B3F2D8D820DF} = {F3622B35-BBFC-4D76-81EB-B3F2D8D820DF}
	EndProjectSection
EndProject
Project("{8BC9CEB8-8B4A-11D0-8D11-00A0C91BC942}") = "ks_ntcard", "ks_ntcard\ks_ntcard.vcproj", "{E77E5F67-723F-4918-83A2-39B19270587E}"
EndProject
Project("{8BC9CEB8-8B4A-11D0-8D11-00A0C91BC942}") = "ks_cardtype_mobile", "ks_cardtype_mobile\ks_cardtype_mobile.vcproj", "{DD47CC17-B29F-4D3F-B450-C043E434DC02}"
	ProjectSection(ProjectDependencies) = postProject
		{70DBC239-4509-4361-BF03-4082B18F2E5B} = {70DBC239-4509-4361-BF03-4082B18F2E5B}
	EndProjectSection
EndProject
Project("{8BC9CEB8-8B4A-11D0-8D11-00A0C91BC942}") = "ks_cardtype", "ks_cardtype\ks_cardtype.vcproj", "{DD47CC17-B29F-4D3F-B450-C043E434DC05}"
	ProjectSection(ProjectDependencies) = postProject
		{A6942B23-2BE6-4A9F-93FF-FA9899D98A8E} = {A6942B23-2BE6-4A9F-93FF-FA9899D98A8E}
	EndProjectSection
EndProject
Project("{8BC9CEB8-8B4A-11D0-8D11-00A0C91BC942}") = "ks_mfcard", "ks_mfcard\ks_mfcard.vcproj", "{9FF5FC10-C17C-4013-9F56-B4D3A0FEC963}"
	ProjectSection(ProjectDependencies) = postProject
		{70DBC239-4509-4361-BF03-4082B18F2E5B} = {70DBC239-4509-4361-BF03-4082B18F2E5B}
	EndProjectSection
EndProject
Project("{8BC9CEB8-8B4A-11D0-8D11-00A0C91BC942}") = "ks_cpumf_cardtype", "ks_cpumf_cardtype\ks_cpumf_cardtype.vcproj", "{4E640E17-E3B0-4A21-AAB1-D1528DDF1318}"
	ProjectSection(ProjectDependencies) = postProject
		{70DBC239-4509-4361-BF03-4082B18F2E5B} = {70DBC239-4509-4361-BF03-4082B18F2E5B}
	EndProjectSection
EndProject
Project("{8BC9CEB8-8B4A-11D0-8D11-00A0C91BC942}") = "ks_yncs_cardtype", "ks_yncs_cardtype\ks_yncs_cardtype.vcproj", "{4F344D33-B809-49D5-92A0-FA4CC0C95082}"
	ProjectSection(ProjectDependencies) = postProject
		{70DBC239-4509-4361-BF03-4082B18F2E5B} = {70DBC239-4509-4361-BF03-4082B18F2E5B}
	EndProjectSection
EndProject
Project("{8BC9CEB8-8B4A-11D0-8D11-00A0C91BC942}") = "license", "license\license.vcproj", "{E42A89D1-C08E-4FEC-8FD5-057D03ED1C24}"
EndProject
Project("{8BC9CEB8-8B4A-11D0-8D11-00A0C91BC942}") = "ks_elitel_reader", "ks_elitel_reader\ks_elitel_reader.vcproj", "{75AA5092-4DBB-4661-9A18-BA0DBB782C9E}"
	ProjectSection(ProjectDependencies) = postProject
		{C16A9E0A-05DB-4227-BEC4-E0761282E477} = {C16A9E0A-05DB-4227-BEC4-E0761282E477}
	EndProjectSection
EndProject
Project("{8BC9CEB8-8B4A-11D0-8D11-00A0C91BC942}") = "ks_ct_liaoning", "ks_ct_liaoning\ks_ct_liaoning.vcproj", "{CFE32DAB-E6FE-4C66-9FE9-29C644EF166F}"
	ProjectSection(ProjectDependencies) = postProject
		{70DBC239-4509-4361-BF03-4082B18F2E5B} = {70DBC239-4509-4361-BF03-4082B18F2E5B}
	EndProjectSection
EndProject
Project("{8BC9CEB8-8B4A-11D0-8D11-00A0C91BC942}") = "NT_ReaderLib", "NT_ReaderLib\NT_ReaderLib.vcproj", "{84312111-EA86-469B-8001-24BD9102FBC7}"
EndProject
Project("{8BC9CEB8-8B4A-11D0-8D11-00A0C91BC942}") = "ks_cmcc_cardtype", "ks_cmcc_cardtype\ks_cmcc_cardtype.vcproj", "{ABF42803-FFB1-4FD0-86C3-C69FAD0FA1AF}"
	ProjectSection(ProjectDependencies) = postProject
		{70DBC239-4509-4361-BF03-4082B18F2E5B} = {70DBC239-4509-4361-BF03-4082B18F2E5B}
	EndProjectSection
EndProject
Project("{8BC9CEB8-8B4A-11D0-8D11-00A0C91BC942}") = "ks_psamcard", "ks_psamcard\ks_psamcard.vcproj", "{8956DF33-D5C4-45EB-BD5B-7A3BFACC5FCD}"
EndProject
Project("{8BC9CEB8-8B4A-11D0-8D11-00A0C91BC942}") = "ks_decardt10", "ks_decardt10\ks_decardt10.vcproj", "{91CEE8BA-CF90-497E-831C-0E10039BBBC2}"
EndProject
Project("{8BC9CEB8-8B4A-11D0-8D11-00A0C91BC942}") = "ks_ctcardtype", "ks_ctcardtype\ks_ctcardtype.vcproj", "{A4557E22-B7BC-4A88-884D-26687800D7F4}"
	ProjectSection(ProjectDependencies) = postProject
		{A6942B23-2BE6-4A9F-93FF-FA9899D98A8E} = {A6942B23-2BE6-4A9F-93FF-FA9899D98A8E}
		{70DBC239-4509-4361-BF03-4082B18F2E5B} = {70DBC239-4509-4361-BF03-4082B18F2E5B}
	EndProjectSection
EndProject
Project("{8BC9CEB8-8B4A-11D0-8D11-00A0C91BC942}") = "kspublib", "kspublib\kspublib.vcproj", "{A6942B23-2BE6-4A9F-93FF-FA9899D98A8E}"
EndProject
Project("{8BC9CEB8-8B4A-11D0-8D11-00A0C91BC942}") = "ks_cardtypelib", "ks_cardtype\ks_cardtypelib.vcproj", "{70DBC239-4509-4361-BF03-4082B18F2E5B}"
	ProjectSection(ProjectDependencies) = postProject
		{A6942B23-2BE6-4A9F-93FF-FA9899D98A8E} = {A6942B23-2BE6-4A9F-93FF-FA9899D98A8E}
	EndProjectSection
EndProject
Project("{8BC9CEB8-8B4A-11D0-8D11-00A0C91BC942}") = "ks_cmccpsamcard", "ks_cmccpsamcard\ks_cmccpsamcard.vcproj", "{58EEEBA5-2036-4389-9DBC-94449AC21907}"
EndProject
Project("{8BC9CEB8-8B4A-11D0-8D11-00A0C91BC942}") = "kscardlib", "kscard\kscardlib.vcproj", "{F3622B35-BBFC-4D76-81EB-B3F2D8D820DF}"
EndProject
Project("{8BC9CEB8-8B4A-11D0-8D11-00A0C91BC942}") = "ks_ztc800", "ks_ztc800\ks_ztc800.vcproj", "{96140C7D-E65C-4304-8139-8D4964D80943}"
EndProject
Project("{8BC9CEB8-8B4A-11D0-8D11-00A0C91BC942}") = "kscomlib", "kscomlib\kscomlib.vcproj", "{C16A9E0A-05DB-4227-BEC4-E0761282E477}"
EndProject
Project("{8BC9CEB8-8B4A-11D0-8D11-00A0C91BC942}") = "ks_dongguan_cardtype", "ks_dongguan_cardtype\ks_dongguan_cardtype.vcproj", "{6A473548-9D97-4358-A0C1-04A319C6503F}"
EndProject
Project("{8BC9CEB8-8B4A-11D0-8D11-00A0C91BC942}") = "ks_dongguan_psam", "ks_dongguan_psam\ks_dongguan_psam.vcproj", "{7A99170E-BA67-4C2A-893E-3FA28BB48F28}"
EndProject
Project("{8BC9CEB8-8B4A-11D0-8D11-00A0C91BC942}") = "ks_amass_reader", "ks_amass_reader\ks_amass_reader.vcproj", "{FE128157-F22F-4CDD-BC55-ADD8D8D48C97}"
EndProject
Project("{8BC9CEB8-8B4A-11D0-8D11-00A0C91BC942}") = "carddemo", "carddemo\carddemo.vcproj", "{DE60B004-4E6B-497D-B761-0584B7BF695D}"
	ProjectSection(ProjectDependencies) = postProject
		{2CCE7DC6-0246-43C9-AE6E-D14F04778BFA} = {2CCE7DC6-0246-43C9-AE6E-D14F04778BFA}
	EndProjectSection
EndProject
Project("{8BC9CEB8-8B4A-11D0-8D11-00A0C91BC942}") = "ksitfcdaemon", "ksitfcdaemon\ksitfcdaemon.vcproj", "{C009A004-8149-4B8A-B523-637EABA30AC3}"
EndProject
Project("{8BC9CEB8-8B4A-11D0-8D11-00A0C91BC942}") = "kscardinterface_single", "KsCardInterFace\kscardinterface_single.vcproj", "{7C65E381-A921-4C7F-8521-7816109C7FFD}"
	ProjectSection(ProjectDependencies) = postProject
		{F3622B35-BBFC-4D76-81EB-B3F2D8D820DF} = {F3622B35-BBFC-4D76-81EB-B3F2D8D820DF}
	EndProjectSection
EndProject
Project("{8BC9CEB8-8B4A-11D0-8D11-00A0C91BC942}") = "readlcs", "readlcs\readlcs.vcproj", "{910F61D3-FF54-4EC6-A808-D234C1E7AE95}"
EndProject
Global
	GlobalSection(SolutionConfigurationPlatforms) = preSolution
		All Project Debug|Win32 = All Project Debug|Win32
		All Project Release|Win32 = All Project Release|Win32
		CardType Debug|Win32 = CardType Debug|Win32
		CardType Release|Win32 = CardType Release|Win32
		Debug|Win32 = Debug|Win32
		Device Debug|Win32 = Device Debug|Win32
		Device Release|Win32 = Device Release|Win32
		kscard Debug|Win32 = kscard Debug|Win32
		kscard Release|Win32 = kscard Release|Win32
		Release|Win32 = Release|Win32
	EndGlobalSection
	GlobalSection(ProjectConfigurationPlatforms) = postSolution
		{2CCE7DC6-0246-43C9-AE6E-D14F04778BFA}.All Project Debug|Win32.ActiveCfg = Debug|Win32
		{2CCE7DC6-0246-43C9-AE6E-D14F04778BFA}.All Project Debug|Win32.Build.0 = Debug|Win32
		{2CCE7DC6-0246-43C9-AE6E-D14F04778BFA}.All Project Release|Win32.ActiveCfg = Release|Win32
		{2CCE7DC6-0246-43C9-AE6E-D14F04778BFA}.All Project Release|Win32.Build.0 = Release|Win32
		{2CCE7DC6-0246-43C9-AE6E-D14F04778BFA}.CardType Debug|Win32.ActiveCfg = CardType Debug|Win32
		{2CCE7DC6-0246-43C9-AE6E-D14F04778BFA}.CardType Debug|Win32.Build.0 = CardType Debug|Win32
		{2CCE7DC6-0246-43C9-AE6E-D14F04778BFA}.CardType Release|Win32.ActiveCfg = CardType Release|Win32
		{2CCE7DC6-0246-43C9-AE6E-D14F04778BFA}.CardType Release|Win32.Build.0 = CardType Release|Win32
		{2CCE7DC6-0246-43C9-AE6E-D14F04778BFA}.Debug|Win32.ActiveCfg = Debug|Win32
		{2CCE7DC6-0246-43C9-AE6E-D14F04778BFA}.Debug|Win32.Build.0 = Debug|Win32
		{2CCE7DC6-0246-43C9-AE6E-D14F04778BFA}.Device Debug|Win32.ActiveCfg = Device Debug|Win32
		{2CCE7DC6-0246-43C9-AE6E-D14F04778BFA}.Device Debug|Win32.Build.0 = Device Debug|Win32
		{2CCE7DC6-0246-43C9-AE6E-D14F04778BFA}.Device Release|Win32.ActiveCfg = Device Release|Win32
		{2CCE7DC6-0246-43C9-AE6E-D14F04778BFA}.Device Release|Win32.Build.0 = Device Release|Win32
		{2CCE7DC6-0246-43C9-AE6E-D14F04778BFA}.kscard Debug|Win32.ActiveCfg = kscard Debug|Win32
		{2CCE7DC6-0246-43C9-AE6E-D14F04778BFA}.kscard Debug|Win32.Build.0 = kscard Debug|Win32
		{2CCE7DC6-0246-43C9-AE6E-D14F04778BFA}.kscard Release|Win32.ActiveCfg = kscard Release|Win32
		{2CCE7DC6-0246-43C9-AE6E-D14F04778BFA}.kscard Release|Win32.Build.0 = kscard Release|Win32
		{2CCE7DC6-0246-43C9-AE6E-D14F04778BFA}.Release|Win32.ActiveCfg = Release|Win32
		{2CCE7DC6-0246-43C9-AE6E-D14F04778BFA}.Release|Win32.Build.0 = Release|Win32
		{E77E5F67-723F-4918-83A2-39B19270587D}.All Project Debug|Win32.ActiveCfg = Debug|Win32
		{E77E5F67-723F-4918-83A2-39B19270587D}.All Project Debug|Win32.Build.0 = Debug|Win32
		{E77E5F67-723F-4918-83A2-39B19270587D}.All Project Release|Win32.ActiveCfg = Release|Win32
		{E77E5F67-723F-4918-83A2-39B19270587D}.All Project Release|Win32.Build.0 = Release|Win32
		{E77E5F67-723F-4918-83A2-39B19270587D}.CardType Debug|Win32.ActiveCfg = CardType Debug|Win32
		{E77E5F67-723F-4918-83A2-39B19270587D}.CardType Debug|Win32.Build.0 = CardType Debug|Win32
		{E77E5F67-723F-4918-83A2-39B19270587D}.CardType Release|Win32.ActiveCfg = CardType Release|Win32
		{E77E5F67-723F-4918-83A2-39B19270587D}.CardType Release|Win32.Build.0 = CardType Release|Win32
		{E77E5F67-723F-4918-83A2-39B19270587D}.Debug|Win32.ActiveCfg = Debug|Win32
		{E77E5F67-723F-4918-83A2-39B19270587D}.Debug|Win32.Build.0 = Debug|Win32
		{E77E5F67-723F-4918-83A2-39B19270587D}.Device Debug|Win32.ActiveCfg = Device Debug|Win32
		{E77E5F67-723F-4918-83A2-39B19270587D}.Device Debug|Win32.Build.0 = Device Debug|Win32
		{E77E5F67-723F-4918-83A2-39B19270587D}.Device Release|Win32.ActiveCfg = Device Release|Win32
		{E77E5F67-723F-4918-83A2-39B19270587D}.Device Release|Win32.Build.0 = Device Release|Win32
		{E77E5F67-723F-4918-83A2-39B19270587D}.kscard Debug|Win32.ActiveCfg = kscard Debug|Win32
		{E77E5F67-723F-4918-83A2-39B19270587D}.kscard Debug|Win32.Build.0 = kscard Debug|Win32
		{E77E5F67-723F-4918-83A2-39B19270587D}.kscard Release|Win32.ActiveCfg = kscard Release|Win32
		{E77E5F67-723F-4918-83A2-39B19270587D}.kscard Release|Win32.Build.0 = kscard Release|Win32
		{E77E5F67-723F-4918-83A2-39B19270587D}.Release|Win32.ActiveCfg = Release|Win32
		{E77E5F67-723F-4918-83A2-39B19270587D}.Release|Win32.Build.0 = Release|Win32
		{C500FCD5-C599-4D15-81D7-633AE6DA1CF8}.All Project Debug|Win32.ActiveCfg = Debug|Win32
		{C500FCD5-C599-4D15-81D7-633AE6DA1CF8}.All Project Debug|Win32.Build.0 = Debug|Win32
		{C500FCD5-C599-4D15-81D7-633AE6DA1CF8}.All Project Release|Win32.ActiveCfg = Release|Win32
		{C500FCD5-C599-4D15-81D7-633AE6DA1CF8}.All Project Release|Win32.Build.0 = Release|Win32
		{C500FCD5-C599-4D15-81D7-633AE6DA1CF8}.CardType Debug|Win32.ActiveCfg = CardType Debug|Win32
		{C500FCD5-C599-4D15-81D7-633AE6DA1CF8}.CardType Debug|Win32.Build.0 = CardType Debug|Win32
		{C500FCD5-C599-4D15-81D7-633AE6DA1CF8}.CardType Release|Win32.ActiveCfg = CardType Release|Win32
		{C500FCD5-C599-4D15-81D7-633AE6DA1CF8}.CardType Release|Win32.Build.0 = CardType Release|Win32
		{C500FCD5-C599-4D15-81D7-633AE6DA1CF8}.Debug|Win32.ActiveCfg = Debug|Win32
		{C500FCD5-C599-4D15-81D7-633AE6DA1CF8}.Debug|Win32.Build.0 = Debug|Win32
		{C500FCD5-C599-4D15-81D7-633AE6DA1CF8}.Device Debug|Win32.ActiveCfg = Device Debug|Win32
		{C500FCD5-C599-4D15-81D7-633AE6DA1CF8}.Device Debug|Win32.Build.0 = Device Debug|Win32
		{C500FCD5-C599-4D15-81D7-633AE6DA1CF8}.Device Release|Win32.ActiveCfg = Device Release|Win32
		{C500FCD5-C599-4D15-81D7-633AE6DA1CF8}.Device Release|Win32.Build.0 = Device Release|Win32
		{C500FCD5-C599-4D15-81D7-633AE6DA1CF8}.kscard Debug|Win32.ActiveCfg = kscard Debug|Win32
		{C500FCD5-C599-4D15-81D7-633AE6DA1CF8}.kscard Debug|Win32.Build.0 = kscard Debug|Win32
		{C500FCD5-C599-4D15-81D7-633AE6DA1CF8}.kscard Release|Win32.ActiveCfg = kscard Release|Win32
		{C500FCD5-C599-4D15-81D7-633AE6DA1CF8}.kscard Release|Win32.Build.0 = kscard Release|Win32
		{C500FCD5-C599-4D15-81D7-633AE6DA1CF8}.Release|Win32.ActiveCfg = Release|Win32
		{C500FCD5-C599-4D15-81D7-633AE6DA1CF8}.Release|Win32.Build.0 = Release|Win32
		{E77E5F67-723F-4918-83A2-39B19270587E}.All Project Debug|Win32.ActiveCfg = Debug|Win32
		{E77E5F67-723F-4918-83A2-39B19270587E}.All Project Debug|Win32.Build.0 = Debug|Win32
		{E77E5F67-723F-4918-83A2-39B19270587E}.All Project Release|Win32.ActiveCfg = Release|Win32
		{E77E5F67-723F-4918-83A2-39B19270587E}.All Project Release|Win32.Build.0 = Release|Win32
		{E77E5F67-723F-4918-83A2-39B19270587E}.CardType Debug|Win32.ActiveCfg = CardType Debug|Win32
		{E77E5F67-723F-4918-83A2-39B19270587E}.CardType Debug|Win32.Build.0 = CardType Debug|Win32
		{E77E5F67-723F-4918-83A2-39B19270587E}.CardType Release|Win32.ActiveCfg = CardType Release|Win32
		{E77E5F67-723F-4918-83A2-39B19270587E}.CardType Release|Win32.Build.0 = CardType Release|Win32
		{E77E5F67-723F-4918-83A2-39B19270587E}.Debug|Win32.ActiveCfg = Debug|Win32
		{E77E5F67-723F-4918-83A2-39B19270587E}.Debug|Win32.Build.0 = Debug|Win32
		{E77E5F67-723F-4918-83A2-39B19270587E}.Device Debug|Win32.ActiveCfg = Device Debug|Win32
		{E77E5F67-723F-4918-83A2-39B19270587E}.Device Debug|Win32.Build.0 = Device Debug|Win32
		{E77E5F67-723F-4918-83A2-39B19270587E}.Device Release|Win32.ActiveCfg = Device Release|Win32
		{E77E5F67-723F-4918-83A2-39B19270587E}.Device Release|Win32.Build.0 = Device Release|Win32
		{E77E5F67-723F-4918-83A2-39B19270587E}.kscard Debug|Win32.ActiveCfg = kscard Debug|Win32
		{E77E5F67-723F-4918-83A2-39B19270587E}.kscard Debug|Win32.Build.0 = kscard Debug|Win32
		{E77E5F67-723F-4918-83A2-39B19270587E}.kscard Release|Win32.ActiveCfg = kscard Release|Win32
		{E77E5F67-723F-4918-83A2-39B19270587E}.kscard Release|Win32.Build.0 = kscard Release|Win32
		{E77E5F67-723F-4918-83A2-39B19270587E}.Release|Win32.ActiveCfg = Release|Win32
		{E77E5F67-723F-4918-83A2-39B19270587E}.Release|Win32.Build.0 = Release|Win32
		{DD47CC17-B29F-4D3F-B450-C043E434DC02}.All Project Debug|Win32.ActiveCfg = Debug|Win32
		{DD47CC17-B29F-4D3F-B450-C043E434DC02}.All Project Debug|Win32.Build.0 = Debug|Win32
		{DD47CC17-B29F-4D3F-B450-C043E434DC02}.All Project Release|Win32.ActiveCfg = Release|Win32
		{DD47CC17-B29F-4D3F-B450-C043E434DC02}.All Project Release|Win32.Build.0 = Release|Win32
		{DD47CC17-B29F-4D3F-B450-C043E434DC02}.CardType Debug|Win32.ActiveCfg = CardType Debug|Win32
		{DD47CC17-B29F-4D3F-B450-C043E434DC02}.CardType Debug|Win32.Build.0 = CardType Debug|Win32
		{DD47CC17-B29F-4D3F-B450-C043E434DC02}.CardType Release|Win32.ActiveCfg = CardType Release|Win32
		{DD47CC17-B29F-4D3F-B450-C043E434DC02}.CardType Release|Win32.Build.0 = CardType Release|Win32
		{DD47CC17-B29F-4D3F-B450-C043E434DC02}.Debug|Win32.ActiveCfg = Debug|Win32
		{DD47CC17-B29F-4D3F-B450-C043E434DC02}.Debug|Win32.Build.0 = Debug|Win32
		{DD47CC17-B29F-4D3F-B450-C043E434DC02}.Device Debug|Win32.ActiveCfg = Device Debug|Win32
		{DD47CC17-B29F-4D3F-B450-C043E434DC02}.Device Debug|Win32.Build.0 = Device Debug|Win32
		{DD47CC17-B29F-4D3F-B450-C043E434DC02}.Device Release|Win32.ActiveCfg = Device Release|Win32
		{DD47CC17-B29F-4D3F-B450-C043E434DC02}.Device Release|Win32.Build.0 = Device Release|Win32
		{DD47CC17-B29F-4D3F-B450-C043E434DC02}.kscard Debug|Win32.ActiveCfg = kscard Debug|Win32
		{DD47CC17-B29F-4D3F-B450-C043E434DC02}.kscard Debug|Win32.Build.0 = kscard Debug|Win32
		{DD47CC17-B29F-4D3F-B450-C043E434DC02}.kscard Release|Win32.ActiveCfg = kscard Release|Win32
		{DD47CC17-B29F-4D3F-B450-C043E434DC02}.kscard Release|Win32.Build.0 = kscard Release|Win32
		{DD47CC17-B29F-4D3F-B450-C043E434DC02}.Release|Win32.ActiveCfg = Release|Win32
		{DD47CC17-B29F-4D3F-B450-C043E434DC02}.Release|Win32.Build.0 = Release|Win32
		{DD47CC17-B29F-4D3F-B450-C043E434DC05}.All Project Debug|Win32.ActiveCfg = Debug|Win32
		{DD47CC17-B29F-4D3F-B450-C043E434DC05}.All Project Debug|Win32.Build.0 = Debug|Win32
		{DD47CC17-B29F-4D3F-B450-C043E434DC05}.All Project Release|Win32.ActiveCfg = Release|Win32
		{DD47CC17-B29F-4D3F-B450-C043E434DC05}.All Project Release|Win32.Build.0 = Release|Win32
		{DD47CC17-B29F-4D3F-B450-C043E434DC05}.CardType Debug|Win32.ActiveCfg = CardType Debug|Win32
		{DD47CC17-B29F-4D3F-B450-C043E434DC05}.CardType Debug|Win32.Build.0 = CardType Debug|Win32
		{DD47CC17-B29F-4D3F-B450-C043E434DC05}.CardType Release|Win32.ActiveCfg = CardType Release|Win32
		{DD47CC17-B29F-4D3F-B450-C043E434DC05}.CardType Release|Win32.Build.0 = CardType Release|Win32
		{DD47CC17-B29F-4D3F-B450-C043E434DC05}.Debug|Win32.ActiveCfg = Debug|Win32
		{DD47CC17-B29F-4D3F-B450-C043E434DC05}.Debug|Win32.Build.0 = Debug|Win32
		{DD47CC17-B29F-4D3F-B450-C043E434DC05}.Device Debug|Win32.ActiveCfg = Device Debug|Win32
		{DD47CC17-B29F-4D3F-B450-C043E434DC05}.Device Debug|Win32.Build.0 = Device Debug|Win32
		{DD47CC17-B29F-4D3F-B450-C043E434DC05}.Device Release|Win32.ActiveCfg = Device Release|Win32
		{DD47CC17-B29F-4D3F-B450-C043E434DC05}.Device Release|Win32.Build.0 = Device Release|Win32
		{DD47CC17-B29F-4D3F-B450-C043E434DC05}.kscard Debug|Win32.ActiveCfg = kscard Debug|Win32
		{DD47CC17-B29F-4D3F-B450-C043E434DC05}.kscard Debug|Win32.Build.0 = kscard Debug|Win32
		{DD47CC17-B29F-4D3F-B450-C043E434DC05}.kscard Release|Win32.ActiveCfg = kscard Release|Win32
		{DD47CC17-B29F-4D3F-B450-C043E434DC05}.kscard Release|Win32.Build.0 = kscard Release|Win32
		{DD47CC17-B29F-4D3F-B450-C043E434DC05}.Release|Win32.ActiveCfg = Release|Win32
		{DD47CC17-B29F-4D3F-B450-C043E434DC05}.Release|Win32.Build.0 = Release|Win32
		{9FF5FC10-C17C-4013-9F56-B4D3A0FEC963}.All Project Debug|Win32.ActiveCfg = Debug|Win32
		{9FF5FC10-C17C-4013-9F56-B4D3A0FEC963}.All Project Debug|Win32.Build.0 = Debug|Win32
		{9FF5FC10-C17C-4013-9F56-B4D3A0FEC963}.All Project Release|Win32.ActiveCfg = Release|Win32
		{9FF5FC10-C17C-4013-9F56-B4D3A0FEC963}.All Project Release|Win32.Build.0 = Release|Win32
		{9FF5FC10-C17C-4013-9F56-B4D3A0FEC963}.CardType Debug|Win32.ActiveCfg = CardType Debug|Win32
		{9FF5FC10-C17C-4013-9F56-B4D3A0FEC963}.CardType Debug|Win32.Build.0 = CardType Debug|Win32
		{9FF5FC10-C17C-4013-9F56-B4D3A0FEC963}.CardType Release|Win32.ActiveCfg = CardType Release|Win32
		{9FF5FC10-C17C-4013-9F56-B4D3A0FEC963}.CardType Release|Win32.Build.0 = CardType Release|Win32
		{9FF5FC10-C17C-4013-9F56-B4D3A0FEC963}.Debug|Win32.ActiveCfg = Debug|Win32
		{9FF5FC10-C17C-4013-9F56-B4D3A0FEC963}.Debug|Win32.Build.0 = Debug|Win32
		{9FF5FC10-C17C-4013-9F56-B4D3A0FEC963}.Device Debug|Win32.ActiveCfg = Device Debug|Win32
		{9FF5FC10-C17C-4013-9F56-B4D3A0FEC963}.Device Debug|Win32.Build.0 = Device Debug|Win32
		{9FF5FC10-C17C-4013-9F56-B4D3A0FEC963}.Device Release|Win32.ActiveCfg = Device Release|Win32
		{9FF5FC10-C17C-4013-9F56-B4D3A0FEC963}.Device Release|Win32.Build.0 = Device Release|Win32
		{9FF5FC10-C17C-4013-9F56-B4D3A0FEC963}.kscard Debug|Win32.ActiveCfg = kscard Debug|Win32
		{9FF5FC10-C17C-4013-9F56-B4D3A0FEC963}.kscard Debug|Win32.Build.0 = kscard Debug|Win32
		{9FF5FC10-C17C-4013-9F56-B4D3A0FEC963}.kscard Release|Win32.ActiveCfg = kscard Release|Win32
		{9FF5FC10-C17C-4013-9F56-B4D3A0FEC963}.kscard Release|Win32.Build.0 = kscard Release|Win32
		{9FF5FC10-C17C-4013-9F56-B4D3A0FEC963}.Release|Win32.ActiveCfg = Release|Win32
		{9FF5FC10-C17C-4013-9F56-B4D3A0FEC963}.Release|Win32.Build.0 = Release|Win32
		{4E640E17-E3B0-4A21-AAB1-D1528DDF1318}.All Project Debug|Win32.ActiveCfg = Debug|Win32
		{4E640E17-E3B0-4A21-AAB1-D1528DDF1318}.All Project Debug|Win32.Build.0 = Debug|Win32
		{4E640E17-E3B0-4A21-AAB1-D1528DDF1318}.All Project Release|Win32.ActiveCfg = Release|Win32
		{4E640E17-E3B0-4A21-AAB1-D1528DDF1318}.All Project Release|Win32.Build.0 = Release|Win32
		{4E640E17-E3B0-4A21-AAB1-D1528DDF1318}.CardType Debug|Win32.ActiveCfg = CardType Debug|Win32
		{4E640E17-E3B0-4A21-AAB1-D1528DDF1318}.CardType Debug|Win32.Build.0 = CardType Debug|Win32
		{4E640E17-E3B0-4A21-AAB1-D1528DDF1318}.CardType Release|Win32.ActiveCfg = CardType Release|Win32
		{4E640E17-E3B0-4A21-AAB1-D1528DDF1318}.CardType Release|Win32.Build.0 = CardType Release|Win32
		{4E640E17-E3B0-4A21-AAB1-D1528DDF1318}.Debug|Win32.ActiveCfg = Debug|Win32
		{4E640E17-E3B0-4A21-AAB1-D1528DDF1318}.Debug|Win32.Build.0 = Debug|Win32
		{4E640E17-E3B0-4A21-AAB1-D1528DDF1318}.Device Debug|Win32.ActiveCfg = Device Debug|Win32
		{4E640E17-E3B0-4A21-AAB1-D1528DDF1318}.Device Debug|Win32.Build.0 = Device Debug|Win32
		{4E640E17-E3B0-4A21-AAB1-D1528DDF1318}.Device Release|Win32.ActiveCfg = Device Release|Win32
		{4E640E17-E3B0-4A21-AAB1-D1528DDF1318}.Device Release|Win32.Build.0 = Device Release|Win32
		{4E640E17-E3B0-4A21-AAB1-D1528DDF1318}.kscard Debug|Win32.ActiveCfg = kscard Debug|Win32
		{4E640E17-E3B0-4A21-AAB1-D1528DDF1318}.kscard Debug|Win32.Build.0 = kscard Debug|Win32
		{4E640E17-E3B0-4A21-AAB1-D1528DDF1318}.kscard Release|Win32.ActiveCfg = kscard Release|Win32
		{4E640E17-E3B0-4A21-AAB1-D1528DDF1318}.kscard Release|Win32.Build.0 = kscard Release|Win32
		{4E640E17-E3B0-4A21-AAB1-D1528DDF1318}.Release|Win32.ActiveCfg = Release|Win32
		{4E640E17-E3B0-4A21-AAB1-D1528DDF1318}.Release|Win32.Build.0 = Release|Win32
		{4F344D33-B809-49D5-92A0-FA4CC0C95082}.All Project Debug|Win32.ActiveCfg = Debug|Win32
		{4F344D33-B809-49D5-92A0-FA4CC0C95082}.All Project Debug|Win32.Build.0 = Debug|Win32
		{4F344D33-B809-49D5-92A0-FA4CC0C95082}.All Project Release|Win32.ActiveCfg = Release|Win32
		{4F344D33-B809-49D5-92A0-FA4CC0C95082}.All Project Release|Win32.Build.0 = Release|Win32
		{4F344D33-B809-49D5-92A0-FA4CC0C95082}.CardType Debug|Win32.ActiveCfg = CardType Debug|Win32
		{4F344D33-B809-49D5-92A0-FA4CC0C95082}.CardType Debug|Win32.Build.0 = CardType Debug|Win32
		{4F344D33-B809-49D5-92A0-FA4CC0C95082}.CardType Release|Win32.ActiveCfg = CardType Release|Win32
		{4F344D33-B809-49D5-92A0-FA4CC0C95082}.CardType Release|Win32.Build.0 = CardType Release|Win32
		{4F344D33-B809-49D5-92A0-FA4CC0C95082}.Debug|Win32.ActiveCfg = Debug|Win32
		{4F344D33-B809-49D5-92A0-FA4CC0C95082}.Debug|Win32.Build.0 = Debug|Win32
		{4F344D33-B809-49D5-92A0-FA4CC0C95082}.Device Debug|Win32.ActiveCfg = Device Debug|Win32
		{4F344D33-B809-49D5-92A0-FA4CC0C95082}.Device Debug|Win32.Build.0 = Device Debug|Win32
		{4F344D33-B809-49D5-92A0-FA4CC0C95082}.Device Release|Win32.ActiveCfg = Device Release|Win32
		{4F344D33-B809-49D5-92A0-FA4CC0C95082}.Device Release|Win32.Build.0 = Device Release|Win32
		{4F344D33-B809-49D5-92A0-FA4CC0C95082}.kscard Debug|Win32.ActiveCfg = kscard Debug|Win32
		{4F344D33-B809-49D5-92A0-FA4CC0C95082}.kscard Debug|Win32.Build.0 = kscard Debug|Win32
		{4F344D33-B809-49D5-92A0-FA4CC0C95082}.kscard Release|Win32.ActiveCfg = kscard Release|Win32
		{4F344D33-B809-49D5-92A0-FA4CC0C95082}.kscard Release|Win32.Build.0 = kscard Release|Win32
		{4F344D33-B809-49D5-92A0-FA4CC0C95082}.Release|Win32.ActiveCfg = Release|Win32
		{4F344D33-B809-49D5-92A0-FA4CC0C95082}.Release|Win32.Build.0 = Release|Win32
		{E42A89D1-C08E-4FEC-8FD5-057D03ED1C24}.All Project Debug|Win32.ActiveCfg = Debug|Win32
		{E42A89D1-C08E-4FEC-8FD5-057D03ED1C24}.All Project Debug|Win32.Build.0 = Debug|Win32
		{E42A89D1-C08E-4FEC-8FD5-057D03ED1C24}.All Project Release|Win32.ActiveCfg = Release|Win32
		{E42A89D1-C08E-4FEC-8FD5-057D03ED1C24}.All Project Release|Win32.Build.0 = Release|Win32
		{E42A89D1-C08E-4FEC-8FD5-057D03ED1C24}.CardType Debug|Win32.ActiveCfg = CardType Debug|Win32
		{E42A89D1-C08E-4FEC-8FD5-057D03ED1C24}.CardType Debug|Win32.Build.0 = CardType Debug|Win32
		{E42A89D1-C08E-4FEC-8FD5-057D03ED1C24}.CardType Release|Win32.ActiveCfg = CardType Release|Win32
		{E42A89D1-C08E-4FEC-8FD5-057D03ED1C24}.CardType Release|Win32.Build.0 = CardType Release|Win32
		{E42A89D1-C08E-4FEC-8FD5-057D03ED1C24}.Debug|Win32.ActiveCfg = Debug|Win32
		{E42A89D1-C08E-4FEC-8FD5-057D03ED1C24}.Debug|Win32.Build.0 = Debug|Win32
		{E42A89D1-C08E-4FEC-8FD5-057D03ED1C24}.Device Debug|Win32.ActiveCfg = Device Debug|Win32
		{E42A89D1-C08E-4FEC-8FD5-057D03ED1C24}.Device Debug|Win32.Build.0 = Device Debug|Win32
		{E42A89D1-C08E-4FEC-8FD5-057D03ED1C24}.Device Release|Win32.ActiveCfg = Device Release|Win32
		{E42A89D1-C08E-4FEC-8FD5-057D03ED1C24}.Device Release|Win32.Build.0 = Device Release|Win32
		{E42A89D1-C08E-4FEC-8FD5-057D03ED1C24}.kscard Debug|Win32.ActiveCfg = kscard Debug|Win32
		{E42A89D1-C08E-4FEC-8FD5-057D03ED1C24}.kscard Debug|Win32.Build.0 = kscard Debug|Win32
		{E42A89D1-C08E-4FEC-8FD5-057D03ED1C24}.kscard Release|Win32.ActiveCfg = kscard Release|Win32
		{E42A89D1-C08E-4FEC-8FD5-057D03ED1C24}.kscard Release|Win32.Build.0 = kscard Release|Win32
		{E42A89D1-C08E-4FEC-8FD5-057D03ED1C24}.Release|Win32.ActiveCfg = Release|Win32
		{E42A89D1-C08E-4FEC-8FD5-057D03ED1C24}.Release|Win32.Build.0 = Release|Win32
		{75AA5092-4DBB-4661-9A18-BA0DBB782C9E}.All Project Debug|Win32.ActiveCfg = Debug|Win32
		{75AA5092-4DBB-4661-9A18-BA0DBB782C9E}.All Project Debug|Win32.Build.0 = Debug|Win32
		{75AA5092-4DBB-4661-9A18-BA0DBB782C9E}.All Project Release|Win32.ActiveCfg = Release|Win32
		{75AA5092-4DBB-4661-9A18-BA0DBB782C9E}.All Project Release|Win32.Build.0 = Release|Win32
		{75AA5092-4DBB-4661-9A18-BA0DBB782C9E}.CardType Debug|Win32.ActiveCfg = CardType Debug|Win32
		{75AA5092-4DBB-4661-9A18-BA0DBB782C9E}.CardType Debug|Win32.Build.0 = CardType Debug|Win32
		{75AA5092-4DBB-4661-9A18-BA0DBB782C9E}.CardType Release|Win32.ActiveCfg = CardType Release|Win32
		{75AA5092-4DBB-4661-9A18-BA0DBB782C9E}.CardType Release|Win32.Build.0 = CardType Release|Win32
		{75AA5092-4DBB-4661-9A18-BA0DBB782C9E}.Debug|Win32.ActiveCfg = Debug|Win32
		{75AA5092-4DBB-4661-9A18-BA0DBB782C9E}.Debug|Win32.Build.0 = Debug|Win32
		{75AA5092-4DBB-4661-9A18-BA0DBB782C9E}.Device Debug|Win32.ActiveCfg = Device Debug|Win32
		{75AA5092-4DBB-4661-9A18-BA0DBB782C9E}.Device Debug|Win32.Build.0 = Device Debug|Win32
		{75AA5092-4DBB-4661-9A18-BA0DBB782C9E}.Device Release|Win32.ActiveCfg = Device Release|Win32
		{75AA5092-4DBB-4661-9A18-BA0DBB782C9E}.Device Release|Win32.Build.0 = Device Release|Win32
		{75AA5092-4DBB-4661-9A18-BA0DBB782C9E}.kscard Debug|Win32.ActiveCfg = kscard Debug|Win32
		{75AA5092-4DBB-4661-9A18-BA0DBB782C9E}.kscard Debug|Win32.Build.0 = kscard Debug|Win32
		{75AA5092-4DBB-4661-9A18-BA0DBB782C9E}.kscard Release|Win32.ActiveCfg = kscard Release|Win32
		{75AA5092-4DBB-4661-9A18-BA0DBB782C9E}.kscard Release|Win32.Build.0 = kscard Release|Win32
		{75AA5092-4DBB-4661-9A18-BA0DBB782C9E}.Release|Win32.ActiveCfg = Release|Win32
		{75AA5092-4DBB-4661-9A18-BA0DBB782C9E}.Release|Win32.Build.0 = Release|Win32
		{CFE32DAB-E6FE-4C66-9FE9-29C644EF166F}.All Project Debug|Win32.ActiveCfg = Debug|Win32
		{CFE32DAB-E6FE-4C66-9FE9-29C644EF166F}.All Project Debug|Win32.Build.0 = Debug|Win32
		{CFE32DAB-E6FE-4C66-9FE9-29C644EF166F}.All Project Release|Win32.ActiveCfg = Release|Win32
		{CFE32DAB-E6FE-4C66-9FE9-29C644EF166F}.All Project Release|Win32.Build.0 = Release|Win32
		{CFE32DAB-E6FE-4C66-9FE9-29C644EF166F}.CardType Debug|Win32.ActiveCfg = CardType Debug|Win32
		{CFE32DAB-E6FE-4C66-9FE9-29C644EF166F}.CardType Debug|Win32.Build.0 = CardType Debug|Win32
		{CFE32DAB-E6FE-4C66-9FE9-29C644EF166F}.CardType Release|Win32.ActiveCfg = CardType Release|Win32
		{CFE32DAB-E6FE-4C66-9FE9-29C644EF166F}.CardType Release|Win32.Build.0 = CardType Release|Win32
		{CFE32DAB-E6FE-4C66-9FE9-29C644EF166F}.Debug|Win32.ActiveCfg = Debug|Win32
		{CFE32DAB-E6FE-4C66-9FE9-29C644EF166F}.Debug|Win32.Build.0 = Debug|Win32
		{CFE32DAB-E6FE-4C66-9FE9-29C644EF166F}.Device Debug|Win32.ActiveCfg = Device Debug|Win32
		{CFE32DAB-E6FE-4C66-9FE9-29C644EF166F}.Device Debug|Win32.Build.0 = Device Debug|Win32
		{CFE32DAB-E6FE-4C66-9FE9-29C644EF166F}.Device Release|Win32.ActiveCfg = Device Release|Win32
		{CFE32DAB-E6FE-4C66-9FE9-29C644EF166F}.Device Release|Win32.Build.0 = Device Release|Win32
		{CFE32DAB-E6FE-4C66-9FE9-29C644EF166F}.kscard Debug|Win32.ActiveCfg = kscard Debug|Win32
		{CFE32DAB-E6FE-4C66-9FE9-29C644EF166F}.kscard Debug|Win32.Build.0 = kscard Debug|Win32
		{CFE32DAB-E6FE-4C66-9FE9-29C644EF166F}.kscard Release|Win32.ActiveCfg = kscard Release|Win32
		{CFE32DAB-E6FE-4C66-9FE9-29C644EF166F}.kscard Release|Win32.Build.0 = kscard Release|Win32
		{CFE32DAB-E6FE-4C66-9FE9-29C644EF166F}.Release|Win32.ActiveCfg = Release|Win32
		{CFE32DAB-E6FE-4C66-9FE9-29C644EF166F}.Release|Win32.Build.0 = Release|Win32
		{84312111-EA86-469B-8001-24BD9102FBC7}.All Project Debug|Win32.ActiveCfg = Debug|Win32
		{84312111-EA86-469B-8001-24BD9102FBC7}.All Project Debug|Win32.Build.0 = Debug|Win32
		{84312111-EA86-469B-8001-24BD9102FBC7}.All Project Release|Win32.ActiveCfg = Release|Win32
		{84312111-EA86-469B-8001-24BD9102FBC7}.All Project Release|Win32.Build.0 = Release|Win32
		{84312111-EA86-469B-8001-24BD9102FBC7}.CardType Debug|Win32.ActiveCfg = Debug|Win32
		{84312111-EA86-469B-8001-24BD9102FBC7}.CardType Debug|Win32.Build.0 = Debug|Win32
		{84312111-EA86-469B-8001-24BD9102FBC7}.CardType Release|Win32.ActiveCfg = Release|Win32
		{84312111-EA86-469B-8001-24BD9102FBC7}.CardType Release|Win32.Build.0 = Release|Win32
		{84312111-EA86-469B-8001-24BD9102FBC7}.Debug|Win32.ActiveCfg = Debug|Win32
		{84312111-EA86-469B-8001-24BD9102FBC7}.Debug|Win32.Build.0 = Debug|Win32
		{84312111-EA86-469B-8001-24BD9102FBC7}.Device Debug|Win32.ActiveCfg = Debug|Win32
		{84312111-EA86-469B-8001-24BD9102FBC7}.Device Debug|Win32.Build.0 = Debug|Win32
		{84312111-EA86-469B-8001-24BD9102FBC7}.Device Release|Win32.ActiveCfg = Release|Win32
		{84312111-EA86-469B-8001-24BD9102FBC7}.Device Release|Win32.Build.0 = Release|Win32
		{84312111-EA86-469B-8001-24BD9102FBC7}.kscard Debug|Win32.ActiveCfg = Debug|Win32
		{84312111-EA86-469B-8001-24BD9102FBC7}.kscard Debug|Win32.Build.0 = Debug|Win32
		{84312111-EA86-469B-8001-24BD9102FBC7}.kscard Release|Win32.ActiveCfg = Release|Win32
		{84312111-EA86-469B-8001-24BD9102FBC7}.kscard Release|Win32.Build.0 = Release|Win32
		{84312111-EA86-469B-8001-24BD9102FBC7}.Release|Win32.ActiveCfg = Release|Win32
		{84312111-EA86-469B-8001-24BD9102FBC7}.Release|Win32.Build.0 = Release|Win32
		{ABF42803-FFB1-4FD0-86C3-C69FAD0FA1AF}.All Project Debug|Win32.ActiveCfg = Debug|Win32
		{ABF42803-FFB1-4FD0-86C3-C69FAD0FA1AF}.All Project Debug|Win32.Build.0 = Debug|Win32
		{ABF42803-FFB1-4FD0-86C3-C69FAD0FA1AF}.All Project Release|Win32.ActiveCfg = Release|Win32
		{ABF42803-FFB1-4FD0-86C3-C69FAD0FA1AF}.All Project Release|Win32.Build.0 = Release|Win32
		{ABF42803-FFB1-4FD0-86C3-C69FAD0FA1AF}.CardType Debug|Win32.ActiveCfg = Debug|Win32
		{ABF42803-FFB1-4FD0-86C3-C69FAD0FA1AF}.CardType Debug|Win32.Build.0 = Debug|Win32
		{ABF42803-FFB1-4FD0-86C3-C69FAD0FA1AF}.CardType Release|Win32.ActiveCfg = Release|Win32
		{ABF42803-FFB1-4FD0-86C3-C69FAD0FA1AF}.CardType Release|Win32.Build.0 = Release|Win32
		{ABF42803-FFB1-4FD0-86C3-C69FAD0FA1AF}.Debug|Win32.ActiveCfg = Debug|Win32
		{ABF42803-FFB1-4FD0-86C3-C69FAD0FA1AF}.Debug|Win32.Build.0 = Debug|Win32
		{ABF42803-FFB1-4FD0-86C3-C69FAD0FA1AF}.Device Debug|Win32.ActiveCfg = Debug|Win32
		{ABF42803-FFB1-4FD0-86C3-C69FAD0FA1AF}.Device Debug|Win32.Build.0 = Debug|Win32
		{ABF42803-FFB1-4FD0-86C3-C69FAD0FA1AF}.Device Release|Win32.ActiveCfg = Release|Win32
		{ABF42803-FFB1-4FD0-86C3-C69FAD0FA1AF}.Device Release|Win32.Build.0 = Release|Win32
		{ABF42803-FFB1-4FD0-86C3-C69FAD0FA1AF}.kscard Debug|Win32.ActiveCfg = Debug|Win32
		{ABF42803-FFB1-4FD0-86C3-C69FAD0FA1AF}.kscard Debug|Win32.Build.0 = Debug|Win32
		{ABF42803-FFB1-4FD0-86C3-C69FAD0FA1AF}.kscard Release|Win32.ActiveCfg = Release|Win32
		{ABF42803-FFB1-4FD0-86C3-C69FAD0FA1AF}.kscard Release|Win32.Build.0 = Release|Win32
		{ABF42803-FFB1-4FD0-86C3-C69FAD0FA1AF}.Release|Win32.ActiveCfg = Release|Win32
		{ABF42803-FFB1-4FD0-86C3-C69FAD0FA1AF}.Release|Win32.Build.0 = Release|Win32
		{8956DF33-D5C4-45EB-BD5B-7A3BFACC5FCD}.All Project Debug|Win32.ActiveCfg = Debug|Win32
		{8956DF33-D5C4-45EB-BD5B-7A3BFACC5FCD}.All Project Debug|Win32.Build.0 = Debug|Win32
		{8956DF33-D5C4-45EB-BD5B-7A3BFACC5FCD}.All Project Release|Win32.ActiveCfg = Release|Win32
		{8956DF33-D5C4-45EB-BD5B-7A3BFACC5FCD}.All Project Release|Win32.Build.0 = Release|Win32
		{8956DF33-D5C4-45EB-BD5B-7A3BFACC5FCD}.CardType Debug|Win32.ActiveCfg = Debug|Win32
		{8956DF33-D5C4-45EB-BD5B-7A3BFACC5FCD}.CardType Debug|Win32.Build.0 = Debug|Win32
		{8956DF33-D5C4-45EB-BD5B-7A3BFACC5FCD}.CardType Release|Win32.ActiveCfg = Release|Win32
		{8956DF33-D5C4-45EB-BD5B-7A3BFACC5FCD}.CardType Release|Win32.Build.0 = Release|Win32
		{8956DF33-D5C4-45EB-BD5B-7A3BFACC5FCD}.Debug|Win32.ActiveCfg = Debug|Win32
		{8956DF33-D5C4-45EB-BD5B-7A3BFACC5FCD}.Debug|Win32.Build.0 = Debug|Win32
		{8956DF33-D5C4-45EB-BD5B-7A3BFACC5FCD}.Device Debug|Win32.ActiveCfg = Debug|Win32
		{8956DF33-D5C4-45EB-BD5B-7A3BFACC5FCD}.Device Debug|Win32.Build.0 = Debug|Win32
		{8956DF33-D5C4-45EB-BD5B-7A3BFACC5FCD}.Device Release|Win32.ActiveCfg = Release|Win32
		{8956DF33-D5C4-45EB-BD5B-7A3BFACC5FCD}.Device Release|Win32.Build.0 = Release|Win32
		{8956DF33-D5C4-45EB-BD5B-7A3BFACC5FCD}.kscard Debug|Win32.ActiveCfg = Debug|Win32
		{8956DF33-D5C4-45EB-BD5B-7A3BFACC5FCD}.kscard Debug|Win32.Build.0 = Debug|Win32
		{8956DF33-D5C4-45EB-BD5B-7A3BFACC5FCD}.kscard Release|Win32.ActiveCfg = Release|Win32
		{8956DF33-D5C4-45EB-BD5B-7A3BFACC5FCD}.kscard Release|Win32.Build.0 = Release|Win32
		{8956DF33-D5C4-45EB-BD5B-7A3BFACC5FCD}.Release|Win32.ActiveCfg = Release|Win32
		{8956DF33-D5C4-45EB-BD5B-7A3BFACC5FCD}.Release|Win32.Build.0 = Release|Win32
		{91CEE8BA-CF90-497E-831C-0E10039BBBC2}.All Project Debug|Win32.ActiveCfg = Debug|Win32
		{91CEE8BA-CF90-497E-831C-0E10039BBBC2}.All Project Debug|Win32.Build.0 = Debug|Win32
		{91CEE8BA-CF90-497E-831C-0E10039BBBC2}.All Project Release|Win32.ActiveCfg = Release|Win32
		{91CEE8BA-CF90-497E-831C-0E10039BBBC2}.All Project Release|Win32.Build.0 = Release|Win32
		{91CEE8BA-CF90-497E-831C-0E10039BBBC2}.CardType Debug|Win32.ActiveCfg = Debug|Win32
		{91CEE8BA-CF90-497E-831C-0E10039BBBC2}.CardType Debug|Win32.Build.0 = Debug|Win32
		{91CEE8BA-CF90-497E-831C-0E10039BBBC2}.CardType Release|Win32.ActiveCfg = Release|Win32
		{91CEE8BA-CF90-497E-831C-0E10039BBBC2}.CardType Release|Win32.Build.0 = Release|Win32
		{91CEE8BA-CF90-497E-831C-0E10039BBBC2}.Debug|Win32.ActiveCfg = Debug|Win32
		{91CEE8BA-CF90-497E-831C-0E10039BBBC2}.Debug|Win32.Build.0 = Debug|Win32
		{91CEE8BA-CF90-497E-831C-0E10039BBBC2}.Device Debug|Win32.ActiveCfg = Debug|Win32
		{91CEE8BA-CF90-497E-831C-0E10039BBBC2}.Device Debug|Win32.Build.0 = Debug|Win32
		{91CEE8BA-CF90-497E-831C-0E10039BBBC2}.Device Release|Win32.ActiveCfg = Release|Win32
		{91CEE8BA-CF90-497E-831C-0E10039BBBC2}.Device Release|Win32.Build.0 = Release|Win32
		{91CEE8BA-CF90-497E-831C-0E10039BBBC2}.kscard Debug|Win32.ActiveCfg = Debug|Win32
		{91CEE8BA-CF90-497E-831C-0E10039BBBC2}.kscard Debug|Win32.Build.0 = Debug|Win32
		{91CEE8BA-CF90-497E-831C-0E10039BBBC2}.kscard Release|Win32.ActiveCfg = Release|Win32
		{91CEE8BA-CF90-497E-831C-0E10039BBBC2}.kscard Release|Win32.Build.0 = Release|Win32
		{91CEE8BA-CF90-497E-831C-0E10039BBBC2}.Release|Win32.ActiveCfg = Release|Win32
		{91CEE8BA-CF90-497E-831C-0E10039BBBC2}.Release|Win32.Build.0 = Release|Win32
		{A4557E22-B7BC-4A88-884D-26687800D7F4}.All Project Debug|Win32.ActiveCfg = Debug|Win32
		{A4557E22-B7BC-4A88-884D-26687800D7F4}.All Project Debug|Win32.Build.0 = Debug|Win32
		{A4557E22-B7BC-4A88-884D-26687800D7F4}.All Project Release|Win32.ActiveCfg = Release|Win32
		{A4557E22-B7BC-4A88-884D-26687800D7F4}.All Project Release|Win32.Build.0 = Release|Win32
		{A4557E22-B7BC-4A88-884D-26687800D7F4}.CardType Debug|Win32.ActiveCfg = Debug|Win32
		{A4557E22-B7BC-4A88-884D-26687800D7F4}.CardType Debug|Win32.Build.0 = Debug|Win32
		{A4557E22-B7BC-4A88-884D-26687800D7F4}.CardType Release|Win32.ActiveCfg = Release|Win32
		{A4557E22-B7BC-4A88-884D-26687800D7F4}.CardType Release|Win32.Build.0 = Release|Win32
		{A4557E22-B7BC-4A88-884D-26687800D7F4}.Debug|Win32.ActiveCfg = Debug|Win32
		{A4557E22-B7BC-4A88-884D-26687800D7F4}.Debug|Win32.Build.0 = Debug|Win32
		{A4557E22-B7BC-4A88-884D-26687800D7F4}.Device Debug|Win32.ActiveCfg = Debug|Win32
		{A4557E22-B7BC-4A88-884D-26687800D7F4}.Device Debug|Win32.Build.0 = Debug|Win32
		{A4557E22-B7BC-4A88-884D-26687800D7F4}.Device Release|Win32.ActiveCfg = Release|Win32
		{A4557E22-B7BC-4A88-884D-26687800D7F4}.Device Release|Win32.Build.0 = Release|Win32
		{A4557E22-B7BC-4A88-884D-26687800D7F4}.kscard Debug|Win32.ActiveCfg = Debug|Win32
		{A4557E22-B7BC-4A88-884D-26687800D7F4}.kscard Debug|Win32.Build.0 = Debug|Win32
		{A4557E22-B7BC-4A88-884D-26687800D7F4}.kscard Release|Win32.ActiveCfg = Release|Win32
		{A4557E22-B7BC-4A88-884D-26687800D7F4}.kscard Release|Win32.Build.0 = Release|Win32
		{A4557E22-B7BC-4A88-884D-26687800D7F4}.Release|Win32.ActiveCfg = Release|Win32
		{A4557E22-B7BC-4A88-884D-26687800D7F4}.Release|Win32.Build.0 = Release|Win32
		{A6942B23-2BE6-4A9F-93FF-FA9899D98A8E}.All Project Debug|Win32.ActiveCfg = Debug|Win32
		{A6942B23-2BE6-4A9F-93FF-FA9899D98A8E}.All Project Debug|Win32.Build.0 = Debug|Win32
		{A6942B23-2BE6-4A9F-93FF-FA9899D98A8E}.All Project Release|Win32.ActiveCfg = Release|Win32
		{A6942B23-2BE6-4A9F-93FF-FA9899D98A8E}.All Project Release|Win32.Build.0 = Release|Win32
		{A6942B23-2BE6-4A9F-93FF-FA9899D98A8E}.CardType Debug|Win32.ActiveCfg = Debug|Win32
		{A6942B23-2BE6-4A9F-93FF-FA9899D98A8E}.CardType Debug|Win32.Build.0 = Debug|Win32
		{A6942B23-2BE6-4A9F-93FF-FA9899D98A8E}.CardType Release|Win32.ActiveCfg = Release|Win32
		{A6942B23-2BE6-4A9F-93FF-FA9899D98A8E}.CardType Release|Win32.Build.0 = Release|Win32
		{A6942B23-2BE6-4A9F-93FF-FA9899D98A8E}.Debug|Win32.ActiveCfg = Debug|Win32
		{A6942B23-2BE6-4A9F-93FF-FA9899D98A8E}.Debug|Win32.Build.0 = Debug|Win32
		{A6942B23-2BE6-4A9F-93FF-FA9899D98A8E}.Device Debug|Win32.ActiveCfg = Debug|Win32
		{A6942B23-2BE6-4A9F-93FF-FA9899D98A8E}.Device Debug|Win32.Build.0 = Debug|Win32
		{A6942B23-2BE6-4A9F-93FF-FA9899D98A8E}.Device Release|Win32.ActiveCfg = Release|Win32
		{A6942B23-2BE6-4A9F-93FF-FA9899D98A8E}.Device Release|Win32.Build.0 = Release|Win32
		{A6942B23-2BE6-4A9F-93FF-FA9899D98A8E}.kscard Debug|Win32.ActiveCfg = Debug|Win32
		{A6942B23-2BE6-4A9F-93FF-FA9899D98A8E}.kscard Debug|Win32.Build.0 = Debug|Win32
		{A6942B23-2BE6-4A9F-93FF-FA9899D98A8E}.kscard Release|Win32.ActiveCfg = Release|Win32
		{A6942B23-2BE6-4A9F-93FF-FA9899D98A8E}.kscard Release|Win32.Build.0 = Release|Win32
		{A6942B23-2BE6-4A9F-93FF-FA9899D98A8E}.Release|Win32.ActiveCfg = Release|Win32
		{A6942B23-2BE6-4A9F-93FF-FA9899D98A8E}.Release|Win32.Build.0 = Release|Win32
		{70DBC239-4509-4361-BF03-4082B18F2E5B}.All Project Debug|Win32.ActiveCfg = Debug|Win32
		{70DBC239-4509-4361-BF03-4082B18F2E5B}.All Project Debug|Win32.Build.0 = Debug|Win32
		{70DBC239-4509-4361-BF03-4082B18F2E5B}.All Project Release|Win32.ActiveCfg = Release|Win32
		{70DBC239-4509-4361-BF03-4082B18F2E5B}.All Project Release|Win32.Build.0 = Release|Win32
		{70DBC239-4509-4361-BF03-4082B18F2E5B}.CardType Debug|Win32.ActiveCfg = Debug|Win32
		{70DBC239-4509-4361-BF03-4082B18F2E5B}.CardType Debug|Win32.Build.0 = Debug|Win32
		{70DBC239-4509-4361-BF03-4082B18F2E5B}.CardType Release|Win32.ActiveCfg = Release|Win32
		{70DBC239-4509-4361-BF03-4082B18F2E5B}.CardType Release|Win32.Build.0 = Release|Win32
		{70DBC239-4509-4361-BF03-4082B18F2E5B}.Debug|Win32.ActiveCfg = Debug|Win32
		{70DBC239-4509-4361-BF03-4082B18F2E5B}.Debug|Win32.Build.0 = Debug|Win32
		{70DBC239-4509-4361-BF03-4082B18F2E5B}.Device Debug|Win32.ActiveCfg = Debug|Win32
		{70DBC239-4509-4361-BF03-4082B18F2E5B}.Device Debug|Win32.Build.0 = Debug|Win32
		{70DBC239-4509-4361-BF03-4082B18F2E5B}.Device Release|Win32.ActiveCfg = Release|Win32
		{70DBC239-4509-4361-BF03-4082B18F2E5B}.Device Release|Win32.Build.0 = Release|Win32
		{70DBC239-4509-4361-BF03-4082B18F2E5B}.kscard Debug|Win32.ActiveCfg = Debug|Win32
		{70DBC239-4509-4361-BF03-4082B18F2E5B}.kscard Debug|Win32.Build.0 = Debug|Win32
		{70DBC239-4509-4361-BF03-4082B18F2E5B}.kscard Release|Win32.ActiveCfg = Release|Win32
		{70DBC239-4509-4361-BF03-4082B18F2E5B}.kscard Release|Win32.Build.0 = Release|Win32
		{70DBC239-4509-4361-BF03-4082B18F2E5B}.Release|Win32.ActiveCfg = Release|Win32
		{70DBC239-4509-4361-BF03-4082B18F2E5B}.Release|Win32.Build.0 = Release|Win32
		{58EEEBA5-2036-4389-9DBC-94449AC21907}.All Project Debug|Win32.ActiveCfg = Debug|Win32
		{58EEEBA5-2036-4389-9DBC-94449AC21907}.All Project Debug|Win32.Build.0 = Debug|Win32
		{58EEEBA5-2036-4389-9DBC-94449AC21907}.All Project Release|Win32.ActiveCfg = Release|Win32
		{58EEEBA5-2036-4389-9DBC-94449AC21907}.All Project Release|Win32.Build.0 = Release|Win32
		{58EEEBA5-2036-4389-9DBC-94449AC21907}.CardType Debug|Win32.ActiveCfg = Debug|Win32
		{58EEEBA5-2036-4389-9DBC-94449AC21907}.CardType Debug|Win32.Build.0 = Debug|Win32
		{58EEEBA5-2036-4389-9DBC-94449AC21907}.CardType Release|Win32.ActiveCfg = Release|Win32
		{58EEEBA5-2036-4389-9DBC-94449AC21907}.CardType Release|Win32.Build.0 = Release|Win32
		{58EEEBA5-2036-4389-9DBC-94449AC21907}.Debug|Win32.ActiveCfg = Debug|Win32
		{58EEEBA5-2036-4389-9DBC-94449AC21907}.Debug|Win32.Build.0 = Debug|Win32
		{58EEEBA5-2036-4389-9DBC-94449AC21907}.Device Debug|Win32.ActiveCfg = Debug|Win32
		{58EEEBA5-2036-4389-9DBC-94449AC21907}.Device Debug|Win32.Build.0 = Debug|Win32
		{58EEEBA5-2036-4389-9DBC-94449AC21907}.Device Release|Win32.ActiveCfg = Release|Win32
		{58EEEBA5-2036-4389-9DBC-94449AC21907}.Device Release|Win32.Build.0 = Release|Win32
		{58EEEBA5-2036-4389-9DBC-94449AC21907}.kscard Debug|Win32.ActiveCfg = Debug|Win32
		{58EEEBA5-2036-4389-9DBC-94449AC21907}.kscard Debug|Win32.Build.0 = Debug|Win32
		{58EEEBA5-2036-4389-9DBC-94449AC21907}.kscard Release|Win32.ActiveCfg = Release|Win32
		{58EEEBA5-2036-4389-9DBC-94449AC21907}.kscard Release|Win32.Build.0 = Release|Win32
		{58EEEBA5-2036-4389-9DBC-94449AC21907}.Release|Win32.ActiveCfg = Release|Win32
		{58EEEBA5-2036-4389-9DBC-94449AC21907}.Release|Win32.Build.0 = Release|Win32
		{F3622B35-BBFC-4D76-81EB-B3F2D8D820DF}.All Project Debug|Win32.ActiveCfg = Debug|Win32
		{F3622B35-BBFC-4D76-81EB-B3F2D8D820DF}.All Project Debug|Win32.Build.0 = Debug|Win32
		{F3622B35-BBFC-4D76-81EB-B3F2D8D820DF}.All Project Release|Win32.ActiveCfg = Release|Win32
		{F3622B35-BBFC-4D76-81EB-B3F2D8D820DF}.All Project Release|Win32.Build.0 = Release|Win32
		{F3622B35-BBFC-4D76-81EB-B3F2D8D820DF}.CardType Debug|Win32.ActiveCfg = Debug|Win32
		{F3622B35-BBFC-4D76-81EB-B3F2D8D820DF}.CardType Debug|Win32.Build.0 = Debug|Win32
		{F3622B35-BBFC-4D76-81EB-B3F2D8D820DF}.CardType Release|Win32.ActiveCfg = Release|Win32
		{F3622B35-BBFC-4D76-81EB-B3F2D8D820DF}.CardType Release|Win32.Build.0 = Release|Win32
		{F3622B35-BBFC-4D76-81EB-B3F2D8D820DF}.Debug|Win32.ActiveCfg = Debug|Win32
		{F3622B35-BBFC-4D76-81EB-B3F2D8D820DF}.Debug|Win32.Build.0 = Debug|Win32
		{F3622B35-BBFC-4D76-81EB-B3F2D8D820DF}.Device Debug|Win32.ActiveCfg = Debug|Win32
		{F3622B35-BBFC-4D76-81EB-B3F2D8D820DF}.Device Debug|Win32.Build.0 = Debug|Win32
		{F3622B35-BBFC-4D76-81EB-B3F2D8D820DF}.Device Release|Win32.ActiveCfg = Release|Win32
		{F3622B35-BBFC-4D76-81EB-B3F2D8D820DF}.Device Release|Win32.Build.0 = Release|Win32
		{F3622B35-BBFC-4D76-81EB-B3F2D8D820DF}.kscard Debug|Win32.ActiveCfg = Debug|Win32
		{F3622B35-BBFC-4D76-81EB-B3F2D8D820DF}.kscard Debug|Win32.Build.0 = Debug|Win32
		{F3622B35-BBFC-4D76-81EB-B3F2D8D820DF}.kscard Release|Win32.ActiveCfg = Release|Win32
		{F3622B35-BBFC-4D76-81EB-B3F2D8D820DF}.kscard Release|Win32.Build.0 = Release|Win32
		{F3622B35-BBFC-4D76-81EB-B3F2D8D820DF}.Release|Win32.ActiveCfg = Release|Win32
		{F3622B35-BBFC-4D76-81EB-B3F2D8D820DF}.Release|Win32.Build.0 = Release|Win32
		{96140C7D-E65C-4304-8139-8D4964D80943}.All Project Debug|Win32.ActiveCfg = Debug|Win32
		{96140C7D-E65C-4304-8139-8D4964D80943}.All Project Debug|Win32.Build.0 = Debug|Win32
		{96140C7D-E65C-4304-8139-8D4964D80943}.All Project Release|Win32.ActiveCfg = Release|Win32
		{96140C7D-E65C-4304-8139-8D4964D80943}.All Project Release|Win32.Build.0 = Release|Win32
		{96140C7D-E65C-4304-8139-8D4964D80943}.CardType Debug|Win32.ActiveCfg = Debug|Win32
		{96140C7D-E65C-4304-8139-8D4964D80943}.CardType Debug|Win32.Build.0 = Debug|Win32
		{96140C7D-E65C-4304-8139-8D4964D80943}.CardType Release|Win32.ActiveCfg = Release|Win32
		{96140C7D-E65C-4304-8139-8D4964D80943}.CardType Release|Win32.Build.0 = Release|Win32
		{96140C7D-E65C-4304-8139-8D4964D80943}.Debug|Win32.ActiveCfg = Debug|Win32
		{96140C7D-E65C-4304-8139-8D4964D80943}.Debug|Win32.Build.0 = Debug|Win32
		{96140C7D-E65C-4304-8139-8D4964D80943}.Device Debug|Win32.ActiveCfg = Debug|Win32
		{96140C7D-E65C-4304-8139-8D4964D80943}.Device Debug|Win32.Build.0 = Debug|Win32
		{96140C7D-E65C-4304-8139-8D4964D80943}.Device Release|Win32.ActiveCfg = Release|Win32
		{96140C7D-E65C-4304-8139-8D4964D80943}.Device Release|Win32.Build.0 = Release|Win32
		{96140C7D-E65C-4304-8139-8D4964D80943}.kscard Debug|Win32.ActiveCfg = Debug|Win32
		{96140C7D-E65C-4304-8139-8D4964D80943}.kscard Debug|Win32.Build.0 = Debug|Win32
		{96140C7D-E65C-4304-8139-8D4964D80943}.kscard Release|Win32.ActiveCfg = Release|Win32
		{96140C7D-E65C-4304-8139-8D4964D80943}.kscard Release|Win32.Build.0 = Release|Win32
		{96140C7D-E65C-4304-8139-8D4964D80943}.Release|Win32.ActiveCfg = Release|Win32
		{96140C7D-E65C-4304-8139-8D4964D80943}.Release|Win32.Build.0 = Release|Win32
		{C16A9E0A-05DB-4227-BEC4-E0761282E477}.All Project Debug|Win32.ActiveCfg = Debug|Win32
		{C16A9E0A-05DB-4227-BEC4-E0761282E477}.All Project Debug|Win32.Build.0 = Debug|Win32
		{C16A9E0A-05DB-4227-BEC4-E0761282E477}.All Project Release|Win32.ActiveCfg = Release|Win32
		{C16A9E0A-05DB-4227-BEC4-E0761282E477}.All Project Release|Win32.Build.0 = Release|Win32
		{C16A9E0A-05DB-4227-BEC4-E0761282E477}.CardType Debug|Win32.ActiveCfg = Debug|Win32
		{C16A9E0A-05DB-4227-BEC4-E0761282E477}.CardType Debug|Win32.Build.0 = Debug|Win32
		{C16A9E0A-05DB-4227-BEC4-E0761282E477}.CardType Release|Win32.ActiveCfg = Release|Win32
		{C16A9E0A-05DB-4227-BEC4-E0761282E477}.CardType Release|Win32.Build.0 = Release|Win32
		{C16A9E0A-05DB-4227-BEC4-E0761282E477}.Debug|Win32.ActiveCfg = Debug|Win32
		{C16A9E0A-05DB-4227-BEC4-E0761282E477}.Debug|Win32.Build.0 = Debug|Win32
		{C16A9E0A-05DB-4227-BEC4-E0761282E477}.Device Debug|Win32.ActiveCfg = Debug|Win32
		{C16A9E0A-05DB-4227-BEC4-E0761282E477}.Device Debug|Win32.Build.0 = Debug|Win32
		{C16A9E0A-05DB-4227-BEC4-E0761282E477}.Device Release|Win32.ActiveCfg = Release|Win32
		{C16A9E0A-05DB-4227-BEC4-E0761282E477}.Device Release|Win32.Build.0 = Release|Win32
		{C16A9E0A-05DB-4227-BEC4-E0761282E477}.kscard Debug|Win32.ActiveCfg = Debug|Win32
		{C16A9E0A-05DB-4227-BEC4-E0761282E477}.kscard Debug|Win32.Build.0 = Debug|Win32
		{C16A9E0A-05DB-4227-BEC4-E0761282E477}.kscard Release|Win32.ActiveCfg = Release|Win32
		{C16A9E0A-05DB-4227-BEC4-E0761282E477}.kscard Release|Win32.Build.0 = Release|Win32
		{C16A9E0A-05DB-4227-BEC4-E0761282E477}.Release|Win32.ActiveCfg = Release|Win32
		{C16A9E0A-05DB-4227-BEC4-E0761282E477}.Release|Win32.Build.0 = Release|Win32
		{6A473548-9D97-4358-A0C1-04A319C6503F}.All Project Debug|Win32.ActiveCfg = Debug|Win32
		{6A473548-9D97-4358-A0C1-04A319C6503F}.All Project Debug|Win32.Build.0 = Debug|Win32
		{6A473548-9D97-4358-A0C1-04A319C6503F}.All Project Release|Win32.ActiveCfg = Release|Win32
		{6A473548-9D97-4358-A0C1-04A319C6503F}.All Project Release|Win32.Build.0 = Release|Win32
		{6A473548-9D97-4358-A0C1-04A319C6503F}.CardType Debug|Win32.ActiveCfg = Debug|Win32
		{6A473548-9D97-4358-A0C1-04A319C6503F}.CardType Debug|Win32.Build.0 = Debug|Win32
		{6A473548-9D97-4358-A0C1-04A319C6503F}.CardType Release|Win32.ActiveCfg = Release|Win32
		{6A473548-9D97-4358-A0C1-04A319C6503F}.CardType Release|Win32.Build.0 = Release|Win32
		{6A473548-9D97-4358-A0C1-04A319C6503F}.Debug|Win32.ActiveCfg = Debug|Win32
		{6A473548-9D97-4358-A0C1-04A319C6503F}.Debug|Win32.Build.0 = Debug|Win32
		{6A473548-9D97-4358-A0C1-04A319C6503F}.Device Debug|Win32.ActiveCfg = Debug|Win32
		{6A473548-9D97-4358-A0C1-04A319C6503F}.Device Debug|Win32.Build.0 = Debug|Win32
		{6A473548-9D97-4358-A0C1-04A319C6503F}.Device Release|Win32.ActiveCfg = Release|Win32
		{6A473548-9D97-4358-A0C1-04A319C6503F}.Device Release|Win32.Build.0 = Release|Win32
		{6A473548-9D97-4358-A0C1-04A319C6503F}.kscard Debug|Win32.ActiveCfg = Debug|Win32
		{6A473548-9D97-4358-A0C1-04A319C6503F}.kscard Debug|Win32.Build.0 = Debug|Win32
		{6A473548-9D97-4358-A0C1-04A319C6503F}.kscard Release|Win32.ActiveCfg = Release|Win32
		{6A473548-9D97-4358-A0C1-04A319C6503F}.kscard Release|Win32.Build.0 = Release|Win32
		{6A473548-9D97-4358-A0C1-04A319C6503F}.Release|Win32.ActiveCfg = Release|Win32
		{6A473548-9D97-4358-A0C1-04A319C6503F}.Release|Win32.Build.0 = Release|Win32
		{7A99170E-BA67-4C2A-893E-3FA28BB48F28}.All Project Debug|Win32.ActiveCfg = Debug|Win32
		{7A99170E-BA67-4C2A-893E-3FA28BB48F28}.All Project Debug|Win32.Build.0 = Debug|Win32
		{7A99170E-BA67-4C2A-893E-3FA28BB48F28}.All Project Release|Win32.ActiveCfg = Release|Win32
		{7A99170E-BA67-4C2A-893E-3FA28BB48F28}.All Project Release|Win32.Build.0 = Release|Win32
		{7A99170E-BA67-4C2A-893E-3FA28BB48F28}.CardType Debug|Win32.ActiveCfg = Debug|Win32
		{7A99170E-BA67-4C2A-893E-3FA28BB48F28}.CardType Debug|Win32.Build.0 = Debug|Win32
		{7A99170E-BA67-4C2A-893E-3FA28BB48F28}.CardType Release|Win32.ActiveCfg = Release|Win32
		{7A99170E-BA67-4C2A-893E-3FA28BB48F28}.CardType Release|Win32.Build.0 = Release|Win32
		{7A99170E-BA67-4C2A-893E-3FA28BB48F28}.Debug|Win32.ActiveCfg = Debug|Win32
		{7A99170E-BA67-4C2A-893E-3FA28BB48F28}.Debug|Win32.Build.0 = Debug|Win32
		{7A99170E-BA67-4C2A-893E-3FA28BB48F28}.Device Debug|Win32.ActiveCfg = Debug|Win32
		{7A99170E-BA67-4C2A-893E-3FA28BB48F28}.Device Debug|Win32.Build.0 = Debug|Win32
		{7A99170E-BA67-4C2A-893E-3FA28BB48F28}.Device Release|Win32.ActiveCfg = Release|Win32
		{7A99170E-BA67-4C2A-893E-3FA28BB48F28}.Device Release|Win32.Build.0 = Release|Win32
		{7A99170E-BA67-4C2A-893E-3FA28BB48F28}.kscard Debug|Win32.ActiveCfg = Debug|Win32
		{7A99170E-BA67-4C2A-893E-3FA28BB48F28}.kscard Debug|Win32.Build.0 = Debug|Win32
		{7A99170E-BA67-4C2A-893E-3FA28BB48F28}.kscard Release|Win32.ActiveCfg = Release|Win32
		{7A99170E-BA67-4C2A-893E-3FA28BB48F28}.kscard Release|Win32.Build.0 = Release|Win32
		{7A99170E-BA67-4C2A-893E-3FA28BB48F28}.Release|Win32.ActiveCfg = Release|Win32
		{7A99170E-BA67-4C2A-893E-3FA28BB48F28}.Release|Win32.Build.0 = Release|Win32
		{FE128157-F22F-4CDD-BC55-ADD8D8D48C97}.All Project Debug|Win32.ActiveCfg = Debug|Win32
		{FE128157-F22F-4CDD-BC55-ADD8D8D48C97}.All Project Debug|Win32.Build.0 = Debug|Win32
		{FE128157-F22F-4CDD-BC55-ADD8D8D48C97}.All Project Release|Win32.ActiveCfg = Release|Win32
		{FE128157-F22F-4CDD-BC55-ADD8D8D48C97}.All Project Release|Win32.Build.0 = Release|Win32
		{FE128157-F22F-4CDD-BC55-ADD8D8D48C97}.CardType Debug|Win32.ActiveCfg = Debug|Win32
		{FE128157-F22F-4CDD-BC55-ADD8D8D48C97}.CardType Debug|Win32.Build.0 = Debug|Win32
		{FE128157-F22F-4CDD-BC55-ADD8D8D48C97}.CardType Release|Win32.ActiveCfg = Release|Win32
		{FE128157-F22F-4CDD-BC55-ADD8D8D48C97}.CardType Release|Win32.Build.0 = Release|Win32
		{FE128157-F22F-4CDD-BC55-ADD8D8D48C97}.Debug|Win32.ActiveCfg = Debug|Win32
		{FE128157-F22F-4CDD-BC55-ADD8D8D48C97}.Debug|Win32.Build.0 = Debug|Win32
		{FE128157-F22F-4CDD-BC55-ADD8D8D48C97}.Device Debug|Win32.ActiveCfg = Debug|Win32
		{FE128157-F22F-4CDD-BC55-ADD8D8D48C97}.Device Debug|Win32.Build.0 = Debug|Win32
		{FE128157-F22F-4CDD-BC55-ADD8D8D48C97}.Device Release|Win32.ActiveCfg = Release|Win32
		{FE128157-F22F-4CDD-BC55-ADD8D8D48C97}.Device Release|Win32.Build.0 = Release|Win32
		{FE128157-F22F-4CDD-BC55-ADD8D8D48C97}.kscard Debug|Win32.ActiveCfg = Debug|Win32
		{FE128157-F22F-4CDD-BC55-ADD8D8D48C97}.kscard Debug|Win32.Build.0 = Debug|Win32
		{FE128157-F22F-4CDD-BC55-ADD8D8D48C97}.kscard Release|Win32.ActiveCfg = Release|Win32
		{FE128157-F22F-4CDD-BC55-ADD8D8D48C97}.kscard Release|Win32.Build.0 = Release|Win32
		{FE128157-F22F-4CDD-BC55-ADD8D8D48C97}.Release|Win32.ActiveCfg = Release|Win32
		{FE128157-F22F-4CDD-BC55-ADD8D8D48C97}.Release|Win32.Build.0 = Release|Win32
		{DE60B004-4E6B-497D-B761-0584B7BF695D}.All Project Debug|Win32.ActiveCfg = Debug|Win32
		{DE60B004-4E6B-497D-B761-0584B7BF695D}.All Project Debug|Win32.Build.0 = Debug|Win32
		{DE60B004-4E6B-497D-B761-0584B7BF695D}.All Project Release|Win32.ActiveCfg = Release|Win32
		{DE60B004-4E6B-497D-B761-0584B7BF695D}.All Project Release|Win32.Build.0 = Release|Win32
		{DE60B004-4E6B-497D-B761-0584B7BF695D}.CardType Debug|Win32.ActiveCfg = Debug|Win32
		{DE60B004-4E6B-497D-B761-0584B7BF695D}.CardType Debug|Win32.Build.0 = Debug|Win32
		{DE60B004-4E6B-497D-B761-0584B7BF695D}.CardType Release|Win32.ActiveCfg = Release|Win32
		{DE60B004-4E6B-497D-B761-0584B7BF695D}.CardType Release|Win32.Build.0 = Release|Win32
		{DE60B004-4E6B-497D-B761-0584B7BF695D}.Debug|Win32.ActiveCfg = Debug|Win32
		{DE60B004-4E6B-497D-B761-0584B7BF695D}.Debug|Win32.Build.0 = Debug|Win32
		{DE60B004-4E6B-497D-B761-0584B7BF695D}.Device Debug|Win32.ActiveCfg = Debug|Win32
		{DE60B004-4E6B-497D-B761-0584B7BF695D}.Device Debug|Win32.Build.0 = Debug|Win32
		{DE60B004-4E6B-497D-B761-0584B7BF695D}.Device Release|Win32.ActiveCfg = Release|Win32
		{DE60B004-4E6B-497D-B761-0584B7BF695D}.Device Release|Win32.Build.0 = Release|Win32
		{DE60B004-4E6B-497D-B761-0584B7BF695D}.kscard Debug|Win32.ActiveCfg = Debug|Win32
		{DE60B004-4E6B-497D-B761-0584B7BF695D}.kscard Debug|Win32.Build.0 = Debug|Win32
		{DE60B004-4E6B-497D-B761-0584B7BF695D}.kscard Release|Win32.ActiveCfg = Release|Win32
		{DE60B004-4E6B-497D-B761-0584B7BF695D}.kscard Release|Win32.Build.0 = Release|Win32
		{DE60B004-4E6B-497D-B761-0584B7BF695D}.Release|Win32.ActiveCfg = Release|Win32
		{DE60B004-4E6B-497D-B761-0584B7BF695D}.Release|Win32.Build.0 = Release|Win32
		{C009A004-8149-4B8A-B523-637EABA30AC3}.All Project Debug|Win32.ActiveCfg = Debug|Win32
		{C009A004-8149-4B8A-B523-637EABA30AC3}.All Project Debug|Win32.Build.0 = Debug|Win32
		{C009A004-8149-4B8A-B523-637EABA30AC3}.All Project Release|Win32.ActiveCfg = Release|Win32
		{C009A004-8149-4B8A-B523-637EABA30AC3}.All Project Release|Win32.Build.0 = Release|Win32
		{C009A004-8149-4B8A-B523-637EABA30AC3}.CardType Debug|Win32.ActiveCfg = Debug|Win32
		{C009A004-8149-4B8A-B523-637EABA30AC3}.CardType Debug|Win32.Build.0 = Debug|Win32
		{C009A004-8149-4B8A-B523-637EABA30AC3}.CardType Release|Win32.ActiveCfg = Release|Win32
		{C009A004-8149-4B8A-B523-637EABA30AC3}.CardType Release|Win32.Build.0 = Release|Win32
		{C009A004-8149-4B8A-B523-637EABA30AC3}.Debug|Win32.ActiveCfg = Debug|Win32
		{C009A004-8149-4B8A-B523-637EABA30AC3}.Debug|Win32.Build.0 = Debug|Win32
		{C009A004-8149-4B8A-B523-637EABA30AC3}.Device Debug|Win32.ActiveCfg = Debug|Win32
		{C009A004-8149-4B8A-B523-637EABA30AC3}.Device Debug|Win32.Build.0 = Debug|Win32
		{C009A004-8149-4B8A-B523-637EABA30AC3}.Device Release|Win32.ActiveCfg = Release|Win32
		{C009A004-8149-4B8A-B523-637EABA30AC3}.Device Release|Win32.Build.0 = Release|Win32
		{C009A004-8149-4B8A-B523-637EABA30AC3}.kscard Debug|Win32.ActiveCfg = Debug|Win32
		{C009A004-8149-4B8A-B523-637EABA30AC3}.kscard Debug|Win32.Build.0 = Debug|Win32
		{C009A004-8149-4B8A-B523-637EABA30AC3}.kscard Release|Win32.ActiveCfg = Release|Win32
		{C009A004-8149-4B8A-B523-637EABA30AC3}.kscard Release|Win32.Build.0 = Release|Win32
		{C009A004-8149-4B8A-B523-637EABA30AC3}.Release|Win32.ActiveCfg = Release|Win32
		{C009A004-8149-4B8A-B523-637EABA30AC3}.Release|Win32.Build.0 = Release|Win32
		{7C65E381-A921-4C7F-8521-7816109C7FFD}.All Project Debug|Win32.ActiveCfg = Debug|Win32
		{7C65E381-A921-4C7F-8521-7816109C7FFD}.All Project Debug|Win32.Build.0 = Debug|Win32
		{7C65E381-A921-4C7F-8521-7816109C7FFD}.All Project Release|Win32.ActiveCfg = Release|Win32
		{7C65E381-A921-4C7F-8521-7816109C7FFD}.All Project Release|Win32.Build.0 = Release|Win32
		{7C65E381-A921-4C7F-8521-7816109C7FFD}.CardType Debug|Win32.ActiveCfg = Debug|Win32
		{7C65E381-A921-4C7F-8521-7816109C7FFD}.CardType Debug|Win32.Build.0 = Debug|Win32
		{7C65E381-A921-4C7F-8521-7816109C7FFD}.CardType Release|Win32.ActiveCfg = Release|Win32
		{7C65E381-A921-4C7F-8521-7816109C7FFD}.CardType Release|Win32.Build.0 = Release|Win32
		{7C65E381-A921-4C7F-8521-7816109C7FFD}.Debug|Win32.ActiveCfg = Debug|Win32
		{7C65E381-A921-4C7F-8521-7816109C7FFD}.Debug|Win32.Build.0 = Debug|Win32
		{7C65E381-A921-4C7F-8521-7816109C7FFD}.Device Debug|Win32.ActiveCfg = Debug|Win32
		{7C65E381-A921-4C7F-8521-7816109C7FFD}.Device Debug|Win32.Build.0 = Debug|Win32
		{7C65E381-A921-4C7F-8521-7816109C7FFD}.Device Release|Win32.ActiveCfg = Release|Win32
		{7C65E381-A921-4C7F-8521-7816109C7FFD}.Device Release|Win32.Build.0 = Release|Win32
		{7C65E381-A921-4C7F-8521-7816109C7FFD}.kscard Debug|Win32.ActiveCfg = Debug|Win32
		{7C65E381-A921-4C7F-8521-7816109C7FFD}.kscard Debug|Win32.Build.0 = Debug|Win32
		{7C65E381-A921-4C7F-8521-7816109C7FFD}.kscard Release|Win32.ActiveCfg = Release|Win32
		{7C65E381-A921-4C7F-8521-7816109C7FFD}.kscard Release|Win32.Build.0 = Release|Win32
		{7C65E381-A921-4C7F-8521-7816109C7FFD}.Release|Win32.ActiveCfg = Release|Win32
		{7C65E381-A921-4C7F-8521-7816109C7FFD}.Release|Win32.Build.0 = Release|Win32
		{910F61D3-FF54-4EC6-A808-D234C1E7AE95}.All Project Debug|Win32.ActiveCfg = Debug|Win32
		{910F61D3-FF54-4EC6-A808-D234C1E7AE95}.All Project Debug|Win32.Build.0 = Debug|Win32
		{910F61D3-FF54-4EC6-A808-D234C1E7AE95}.All Project Release|Win32.ActiveCfg = Release|Win32
		{910F61D3-FF54-4EC6-A808-D234C1E7AE95}.All Project Release|Win32.Build.0 = Release|Win32
		{910F61D3-FF54-4EC6-A808-D234C1E7AE95}.CardType Debug|Win32.ActiveCfg = Debug|Win32
		{910F61D3-FF54-4EC6-A808-D234C1E7AE95}.CardType Debug|Win32.Build.0 = Debug|Win32
		{910F61D3-FF54-4EC6-A808-D234C1E7AE95}.CardType Release|Win32.ActiveCfg = Release|Win32
		{910F61D3-FF54-4EC6-A808-D234C1E7AE95}.CardType Release|Win32.Build.0 = Release|Win32
		{910F61D3-FF54-4EC6-A808-D234C1E7AE95}.Debug|Win32.ActiveCfg = Debug|Win32
		{910F61D3-FF54-4EC6-A808-D234C1E7AE95}.Debug|Win32.Build.0 = Debug|Win32
		{910F61D3-FF54-4EC6-A808-D234C1E7AE95}.Device Debug|Win32.ActiveCfg = Debug|Win32
		{910F61D3-FF54-4EC6-A808-D234C1E7AE95}.Device Debug|Win32.Build.0 = Debug|Win32
		{910F61D3-FF54-4EC6-A808-D234C1E7AE95}.Device Release|Win32.ActiveCfg = Release|Win32
		{910F61D3-FF54-4EC6-A808-D234C1E7AE95}.Device Release|Win32.Build.0 = Release|Win32
		{910F61D3-FF54-4EC6-A808-D234C1E7AE95}.kscard Debug|Win32.ActiveCfg = Debug|Win32
		{910F61D3-FF54-4EC6-A808-D234C1E7AE95}.kscard Debug|Win32.Build.0 = Debug|Win32
		{910F61D3-FF54-4EC6-A808-D234C1E7AE95}.kscard Release|Win32.ActiveCfg = Release|Win32
		{910F61D3-FF54-4EC6-A808-D234C1E7AE95}.kscard Release|Win32.Build.0 = Release|Win32
		{910F61D3-FF54-4EC6-A808-D234C1E7AE95}.Release|Win32.ActiveCfg = Release|Win32
		{910F61D3-FF54-4EC6-A808-D234C1E7AE95}.Release|Win32.Build.0 = Release|Win32
	EndGlobalSection
	GlobalSection(SolutionProperties) = preSolution
		HideSolutionNode = FALSE
	EndGlobalSection
EndGlobal
