<?xml version="1.0" encoding="UTF-8" standalone="yes" ?>
<CodeBlocks_project_file>
	<FileVersion major="1" minor="6" />
	<Project>
		<Option title="ReaderSimulate" />
		<Option pch_mode="2" />
		<Option compiler="msvc8" />
		<Build>
			<Target title="Debug Win32">
				<Option output="..\bin\ReaderSimulate" prefix_auto="1" extension_auto="1" />
				<Option object_output="Debug" />
				<Option type="0" />
				<Option compiler="msvc8" />
				<Compiler>
					<Add option="/Gm" />
					<Add option="/Od" />
					<Add option="/Zi" />
					<Add option="/DWIN32" />
					<Add option="/D_DEBUG" />
					<Add option="/D_WINDOWS" />
					<Add directory="..\include" />
				</Compiler>
				<ResourceCompiler>
					<Add directory="..\include" />
				</ResourceCompiler>
				<Linker>
					<Add option="/DEBUG" />
					<Add option="/debug" />
					<Add option="/pdb:..\bin\ReaderSimulate.pdb" />
					<Add library="kscardinterface" />
					<Add library="bccclt" />
					<Add directory="..\lib" />
					<Add directory=".\lib" />
				</Linker>
			</Target>
			<Target title="Release Win32">
				<Option output="..\bin\ReaderSimulate" prefix_auto="1" extension_auto="1" />
				<Option object_output="Release" />
				<Option type="0" />
				<Option compiler="msvc8" />
				<Compiler>
					<Add option="/DWIN32" />
					<Add option="/DNDEBUG" />
					<Add option="/D_WINDOWS" />
					<Add option="/W3" />
					<Add option="/Zi" />
					<Add option="/Wp64" />
					<Add option="/MD" />
					<Add directory="..\include" />
				</Compiler>
				<ResourceCompiler>
					<Add directory="..\include" />
				</ResourceCompiler>
				<Linker>
					<Add option="/debug" />
					<Add option="/INCREMENTAL:NO" />
					<Add library="kscardinterface" />
					<Add library="bccclt" />
					<Add directory="..\lib" />
					<Add directory=".\lib" />
				</Linker>
			</Target>
		</Build>
		<Unit filename="CIniFile.cpp" />
		<Unit filename="CIniFile.h" />
		<Unit filename="ErrorDef.h" />
		<Unit filename="GlobalDef.h" />
		<Unit filename="GwGetCardInfo.cpp" />
		<Unit filename="GwGetCardInfo.h" />
		<Unit filename="NewCardThread.cpp" />
		<Unit filename="NewCardThread.h" />
		<Unit filename="ReadCardInfo.cpp" />
		<Unit filename="ReadCardInfo.h" />
		<Unit filename="ReadCardInfo.rc">
			<Option compilerVar="WINDRES" />
		</Unit>
		<Unit filename="ReadCardInfoDlg.cpp" />
		<Unit filename="ReadCardInfoDlg.h" />
		<Unit filename="Resource.h" />
		<Unit filename="StdAfx.cpp" />
		<Unit filename="StdAfx.h" />
		<Unit filename="TryIconDriver.cpp" />
		<Unit filename="TryIconDriver.h" />
		<Unit filename="USkin.h" />
		<Unit filename="library.cpp" />
		<Unit filename="library.h" />
		<Unit filename="netutil.cpp" />
		<Unit filename="netutil.h" />
		<Unit filename="..\include\kscard_imp.h" />
		<Unit filename="..\include\pubfunc.h" />
		<Unit filename="..\include\yktclt.cpp" />
		<Unit filename="..\include\yktclt.h" />
		<Extensions>
			<code_completion />
			<envvars />
			<debugger>
				<search_path add="..\..\..\..\..\..\devtools\LoveDEV\tool\windbg" />
			</debugger>
		</Extensions>
	</Project>
</CodeBlocks_project_file>
