Microsoft Visual Studio Solution File, Format Version 8.00
Project("{8BC9CEB8-8B4A-11D0-8D11-00A0C91BC942}") = "CalcMacTool", "CalcMacTool\CalcMacTool.vcproj", "{3E6A7B69-2866-458F-8010-7BE184E61333}"
	ProjectSection(ProjectDependencies) = postProject
	EndProjectSection
EndProject
Project("{8BC9CEB8-8B4A-11D0-8D11-00A0C91BC942}") = "cpucard", "cpucard\cpucard.vcproj", "{F3D0C4F1-3A0A-4ACB-8172-4CBFCACE48A4}"
	ProjectSection(ProjectDependencies) = postProject
		{2CCE7DC6-0246-43C9-AE6E-D14F04778BFA} = {2CCE7DC6-0246-43C9-AE6E-D14F04778BFA}
	EndProjectSection
EndProject
Project("{8BC9CEB8-8B4A-11D0-8D11-00A0C91BC942}") = "kscard", "kscard\kscard.vcproj", "{2CCE7DC6-0246-43C9-AE6E-D14F04778BFA}"
	ProjectSection(ProjectDependencies) = postProject
	EndProjectSection
EndProject
Project("{8BC9CEB8-8B4A-11D0-8D11-00A0C91BC942}") = "KS_DECARD", "KS_DECARD\KS_DECARD.vcproj", "{E77E5F67-723F-4918-83A2-39B19270587D}"
	ProjectSection(ProjectDependencies) = postProject
		{2CCE7DC6-0246-43C9-AE6E-D14F04778BFA} = {2CCE7DC6-0246-43C9-AE6E-D14F04778BFA}
	EndProjectSection
EndProject
Project("{8BC9CEB8-8B4A-11D0-8D11-00A0C91BC942}") = "ks_enc", "ks_enc\ks_enc.vcproj", "{DD47CC17-B29F-4D3F-B450-C043E434DC01}"
	ProjectSection(ProjectDependencies) = postProject
		{2CCE7DC6-0246-43C9-AE6E-D14F04778BFA} = {2CCE7DC6-0246-43C9-AE6E-D14F04778BFA}
	EndProjectSection
EndProject
Project("{8BC9CEB8-8B4A-11D0-8D11-00A0C91BC942}") = "ks_enc_szroad", "ks_enc_szroad\ks_enc_szroad.vcproj", "{8C662E9C-B9A1-4870-BB87-495192CDBA21}"
	ProjectSection(ProjectDependencies) = postProject
	EndProjectSection
EndProject
Project("{8BC9CEB8-8B4A-11D0-8D11-00A0C91BC942}") = "ks_enc_yncs", "ks_enc_yncs\ks_enc_yncs.vcproj", "{D3F20EBB-1D0F-444E-911A-8183E30D0FF3}"
	ProjectSection(ProjectDependencies) = postProject
	EndProjectSection
EndProject
Project("{8BC9CEB8-8B4A-11D0-8D11-00A0C91BC942}") = "kscardinterface", "KsCardInterFace\KsCardInterFace.vcproj", "{C500FCD5-C599-4D15-81D7-633AE6DA1CF8}"
	ProjectSection(ProjectDependencies) = postProject
	EndProjectSection
EndProject
Project("{8BC9CEB8-8B4A-11D0-8D11-00A0C91BC942}") = "KsCardInterfaceDemo", "KsCardInterFaceDemo\KsCardInterFaceDemo.vcproj", "{142A9711-2A7A-429C-9AD2-F91C2B2CDFEF}"
	ProjectSection(ProjectDependencies) = postProject
	EndProjectSection
EndProject
Global
	GlobalSection(SolutionConfiguration) = preSolution
		Debug = Debug
		Release = Release
	EndGlobalSection
	GlobalSection(ProjectDependencies) = postSolution
	EndGlobalSection
	GlobalSection(ProjectConfiguration) = postSolution
		{3E6A7B69-2866-458F-8010-7BE184E61333}.Debug.ActiveCfg = Release|Win32
		{3E6A7B69-2866-458F-8010-7BE184E61333}.Release.ActiveCfg = Release|Win32
		{F3D0C4F1-3A0A-4ACB-8172-4CBFCACE48A4}.Debug.ActiveCfg = Debug|Win32
		{F3D0C4F1-3A0A-4ACB-8172-4CBFCACE48A4}.Debug.Build.0 = Debug|Win32
		{F3D0C4F1-3A0A-4ACB-8172-4CBFCACE48A4}.Release.ActiveCfg = Release|Win32
		{F3D0C4F1-3A0A-4ACB-8172-4CBFCACE48A4}.Release.Build.0 = Release|Win32
		{2CCE7DC6-0246-43C9-AE6E-D14F04778BFA}.Debug.ActiveCfg = Debug|Win32
		{2CCE7DC6-0246-43C9-AE6E-D14F04778BFA}.Debug.Build.0 = Debug|Win32
		{2CCE7DC6-0246-43C9-AE6E-D14F04778BFA}.Release.ActiveCfg = Release|Win32
		{2CCE7DC6-0246-43C9-AE6E-D14F04778BFA}.Release.Build.0 = Release|Win32
		{E77E5F67-723F-4918-83A2-39B19270587D}.Debug.ActiveCfg = Debug|Win32
		{E77E5F67-723F-4918-83A2-39B19270587D}.Debug.Build.0 = Debug|Win32
		{E77E5F67-723F-4918-83A2-39B19270587D}.Release.ActiveCfg = Release|Win32
		{E77E5F67-723F-4918-83A2-39B19270587D}.Release.Build.0 = Release|Win32
		{DD47CC17-B29F-4D3F-B450-C043E434DC01}.Debug.ActiveCfg = Debug|Win32
		{DD47CC17-B29F-4D3F-B450-C043E434DC01}.Debug.Build.0 = Debug|Win32
		{DD47CC17-B29F-4D3F-B450-C043E434DC01}.Release.ActiveCfg = Release|Win32
		{DD47CC17-B29F-4D3F-B450-C043E434DC01}.Release.Build.0 = Release|Win32
		{8C662E9C-B9A1-4870-BB87-495192CDBA21}.Debug.ActiveCfg = Debug|Win32
		{8C662E9C-B9A1-4870-BB87-495192CDBA21}.Debug.Build.0 = Debug|Win32
		{8C662E9C-B9A1-4870-BB87-495192CDBA21}.Release.ActiveCfg = Release|Win32
		{8C662E9C-B9A1-4870-BB87-495192CDBA21}.Release.Build.0 = Release|Win32
		{D3F20EBB-1D0F-444E-911A-8183E30D0FF3}.Debug.ActiveCfg = Debug|Win32
		{D3F20EBB-1D0F-444E-911A-8183E30D0FF3}.Debug.Build.0 = Debug|Win32
		{D3F20EBB-1D0F-444E-911A-8183E30D0FF3}.Release.ActiveCfg = Release|Win32
		{D3F20EBB-1D0F-444E-911A-8183E30D0FF3}.Release.Build.0 = Release|Win32
		{C500FCD5-C599-4D15-81D7-633AE6DA1CF8}.Debug.ActiveCfg = Debug|Win32
		{C500FCD5-C599-4D15-81D7-633AE6DA1CF8}.Debug.Build.0 = Debug|Win32
		{C500FCD5-C599-4D15-81D7-633AE6DA1CF8}.Release.ActiveCfg = Release|Win32
		{C500FCD5-C599-4D15-81D7-633AE6DA1CF8}.Release.Build.0 = Release|Win32
		{142A9711-2A7A-429C-9AD2-F91C2B2CDFEF}.Debug.ActiveCfg = Debug|Win32
		{142A9711-2A7A-429C-9AD2-F91C2B2CDFEF}.Debug.Build.0 = Debug|Win32
		{142A9711-2A7A-429C-9AD2-F91C2B2CDFEF}.Release.ActiveCfg = Release|Win32
		{142A9711-2A7A-429C-9AD2-F91C2B2CDFEF}.Release.Build.0 = Release|Win32
	EndGlobalSection
	GlobalSection(ExtensibilityGlobals) = postSolution
	EndGlobalSection
	GlobalSection(ExtensibilityAddIns) = postSolution
	EndGlobalSection
EndGlobal
