Microsoft Visual Studio Solution File, Format Version 8.00
Project("{8BC9CEB8-8B4A-11D0-8D11-00A0C91BC942}") = "FunDan_V23", "FunDan_V23\FunDan_V23.vcproj", "{04518BB7-1688-448E-ABC6-F8833F2394DF}"
	ProjectSection(ProjectDependencies) = postProject
	EndProjectSection
EndProject
Project("{8BC9CEB8-8B4A-11D0-8D11-00A0C91BC942}") = "gwdll", "GWDLL\gwdll\gwdll.vcproj", "{60E2BF4F-D33C-4B2A-92F1-F82CBF302E78}"
	ProjectSection(ProjectDependencies) = postProject
	EndProjectSection
EndProject
Project("{8BC9CEB8-8B4A-11D0-8D11-00A0C91BC942}") = "HospitalV23", "HospitalV23\HospitalV23.vcproj", "{B5886078-9038-447A-8330-F7589D522566}"
	ProjectSection(ProjectDependencies) = postProject
	EndProjectSection
EndProject
Global
	GlobalSection(SolutionConfiguration) = preSolution
		Debug = Debug
		Release = Release
	EndGlobalSection
	GlobalSection(ProjectDependencies) = postSolution
	EndGlobalSection
	GlobalSection(ProjectConfiguration) = postSolution
		{04518BB7-1688-448E-ABC6-F8833F2394DF}.Debug.ActiveCfg = Debug|Win32
		{04518BB7-1688-448E-ABC6-F8833F2394DF}.Debug.Build.0 = Debug|Win32
		{04518BB7-1688-448E-ABC6-F8833F2394DF}.Release.ActiveCfg = Release|Win32
		{04518BB7-1688-448E-ABC6-F8833F2394DF}.Release.Build.0 = Release|Win32
		{60E2BF4F-D33C-4B2A-92F1-F82CBF302E78}.Debug.ActiveCfg = Debug|Win32
		{60E2BF4F-D33C-4B2A-92F1-F82CBF302E78}.Debug.Build.0 = Debug|Win32
		{60E2BF4F-D33C-4B2A-92F1-F82CBF302E78}.Release.ActiveCfg = Release|Win32
		{60E2BF4F-D33C-4B2A-92F1-F82CBF302E78}.Release.Build.0 = Release|Win32
		{B5886078-9038-447A-8330-F7589D522566}.Debug.ActiveCfg = Debug|Win32
		{B5886078-9038-447A-8330-F7589D522566}.Debug.Build.0 = Debug|Win32
		{B5886078-9038-447A-8330-F7589D522566}.Release.ActiveCfg = Release|Win32
		{B5886078-9038-447A-8330-F7589D522566}.Release.Build.0 = Release|Win32
	EndGlobalSection
	GlobalSection(ExtensibilityGlobals) = postSolution
	EndGlobalSection
	GlobalSection(ExtensibilityAddIns) = postSolution
	EndGlobalSection
EndGlobal
