Microsoft Visual Studio Solution File, Format Version 8.00
Project("{8BC9CEB8-8B4A-11D0-8D11-00A0C91BC942}") = "CardDLL", "CardDLL\CardDLL.vcproj", "{D6F4A3C8-09EC-4FC3-8D2C-64EF6CA338C0}"
	ProjectSection(ProjectDependencies) = postProject
	EndProjectSection
EndProject
Project("{8BC9CEB8-8B4A-11D0-8D11-00A0C91BC942}") = "DllImport", "DllImport\DllImport.vcproj", "{2E38F6AA-A221-4BDF-BF78-9A89C4C52979}"
	ProjectSection(ProjectDependencies) = postProject
	EndProjectSection
EndProject
Project("{8BC9CEB8-8B4A-11D0-8D11-00A0C91BC942}") = "KS_D8", "KS_D8\KS_D8.vcproj", "{99F0C5D5-90F1-4DA5-934E-2785847176F5}"
	ProjectSection(ProjectDependencies) = postProject
	EndProjectSection
EndProject
Project("{8BC9CEB8-8B4A-11D0-8D11-00A0C91BC942}") = "KS_MH", "KS_MH\KS_MH.vcproj", "{26053ED7-6B16-45F0-B468-7DDDC5C821A5}"
	ProjectSection(ProjectDependencies) = postProject
	EndProjectSection
EndProject
Project("{8BC9CEB8-8B4A-11D0-8D11-00A0C91BC942}") = "KS_NewLand", "KS_NewLand\KS_NewLand.vcproj", "{B793227D-666A-488C-8063-5BD439FF621B}"
	ProjectSection(ProjectDependencies) = postProject
	EndProjectSection
EndProject
Project("{8BC9CEB8-8B4A-11D0-8D11-00A0C91BC942}") = "KS_RD", "KS_RD\KS_RD.vcproj", "{CCB8A289-5645-4690-AFC1-7DBD3816BF15}"
	ProjectSection(ProjectDependencies) = postProject
	EndProjectSection
EndProject
Project("{8BC9CEB8-8B4A-11D0-8D11-00A0C91BC942}") = "ModifyCardDemo", "ModifyCardDemo\ModifyCardDemo.vcproj", "{D36A4C05-D470-4EC0-A8BB-B37F4941D79A}"
	ProjectSection(ProjectDependencies) = postProject
	EndProjectSection
EndProject
Project("{8BC9CEB8-8B4A-11D0-8D11-00A0C91BC942}") = "SmartCom411DXQ", "SMARTCOM411DXQ\SmartCom411DXQ.vcproj", "{51B5C65C-BEDE-4512-BE6D-E81042F4C2F1}"
	ProjectSection(ProjectDependencies) = postProject
	EndProjectSection
EndProject
Project("{8BC9CEB8-8B4A-11D0-8D11-00A0C91BC942}") = "desdll", "DESDLL\desdll.vcproj", "{BAF16AC5-5C83-4FE6-A11C-A5F7ABCC927B}"
	ProjectSection(ProjectDependencies) = postProject
	EndProjectSection
EndProject
Project("{8BC9CEB8-8B4A-11D0-8D11-00A0C91BC942}") = "ksykt", "ksykt\ksykt.vcproj", "{61B59F74-BD40-4729-81FB-9FA1BAD32562}"
	ProjectSection(ProjectDependencies) = postProject
	EndProjectSection
EndProject
Project("{8BC9CEB8-8B4A-11D0-8D11-00A0C91BC942}") = "testcardman", "testcardman\testcardman.vcproj", "{8DC5D360-2803-4E8C-9119-EA33F2F9869B}"
	ProjectSection(ProjectDependencies) = postProject
	EndProjectSection
EndProject
Project("{8BC9CEB8-8B4A-11D0-8D11-00A0C91BC942}") = "yktclt", "yktclt\yktclt.vcproj", "{16F1F947-34EE-4237-B418-5BE94424747C}"
	ProjectSection(ProjectDependencies) = postProject
	EndProjectSection
EndProject
Project("{8BC9CEB8-8B4A-11D0-8D11-00A0C91BC942}") = "KS_GG", "KS_GG\KS_GG.vcproj", "{13D1C0BD-651C-48E6-AF19-DB7650F4E8ED}"
	ProjectSection(ProjectDependencies) = postProject
	EndProjectSection
EndProject
Project("{8BC9CEB8-8B4A-11D0-8D11-00A0C91BC942}") = "FunDan_V23", "999_V23_POS\FunDan_V23\FunDan_V23.vcproj", "{642702ED-5106-4E7C-A33F-F3BB21D5A004}"
	ProjectSection(ProjectDependencies) = postProject
	EndProjectSection
EndProject
Project("{8BC9CEB8-8B4A-11D0-8D11-00A0C91BC942}") = "TestV23Demo", "999_V23_POS\TestV23Demo\TestV23Demo.vcproj", "{E67B7CCD-564F-45D6-8798-D06560033525}"
	ProjectSection(ProjectDependencies) = postProject
	EndProjectSection
EndProject
Project("{8BC9CEB8-8B4A-11D0-8D11-00A0C91BC942}") = "GW_KBC", "GW_KBC\GW_KBC_LIB\GW_KBC.vcproj", "{7A9950C3-3AD0-4BCD-BACB-692947A32AD4}"
	ProjectSection(ProjectDependencies) = postProject
	EndProjectSection
EndProject
Project("{8BC9CEB8-8B4A-11D0-8D11-00A0C91BC942}") = "TestGWDemo", "GW_KBC\TestGWDemo\TestGWDemo.vcproj", "{ED778974-CC28-4962-A741-88564DF662B0}"
	ProjectSection(ProjectDependencies) = postProject
	EndProjectSection
EndProject
Project("{8BC9CEB8-8B4A-11D0-8D11-00A0C91BC942}") = "ICCash", "KS_ICCash\ICCash.vcproj", "{B20046AD-C363-4E9F-97B0-263383C9C7EC}"
	ProjectSection(ProjectDependencies) = postProject
	EndProjectSection
EndProject
Project("{8BC9CEB8-8B4A-11D0-8D11-00A0C91BC942}") = "KS_HD", "KS_HD\KS_HD.vcproj", "{9B890A28-DFF1-49EA-8FEE-8B3948BCBD11}"
	ProjectSection(ProjectDependencies) = postProject
	EndProjectSection
EndProject
Global
	GlobalSection(SolutionConfiguration) = preSolution
		Debug = Debug
		Release = Release
	EndGlobalSection
	GlobalSection(ProjectDependencies) = postSolution
	EndGlobalSection
	GlobalSection(ProjectConfiguration) = postSolution
		{D6F4A3C8-09EC-4FC3-8D2C-64EF6CA338C0}.Debug.ActiveCfg = Debug|Win32
		{D6F4A3C8-09EC-4FC3-8D2C-64EF6CA338C0}.Debug.Build.0 = Debug|Win32
		{D6F4A3C8-09EC-4FC3-8D2C-64EF6CA338C0}.Release.ActiveCfg = Release|Win32
		{D6F4A3C8-09EC-4FC3-8D2C-64EF6CA338C0}.Release.Build.0 = Release|Win32
		{2E38F6AA-A221-4BDF-BF78-9A89C4C52979}.Debug.ActiveCfg = Debug|Win32
		{2E38F6AA-A221-4BDF-BF78-9A89C4C52979}.Debug.Build.0 = Debug|Win32
		{2E38F6AA-A221-4BDF-BF78-9A89C4C52979}.Release.ActiveCfg = Release|Win32
		{2E38F6AA-A221-4BDF-BF78-9A89C4C52979}.Release.Build.0 = Release|Win32
		{99F0C5D5-90F1-4DA5-934E-2785847176F5}.Debug.ActiveCfg = Debug|Win32
		{99F0C5D5-90F1-4DA5-934E-2785847176F5}.Debug.Build.0 = Debug|Win32
		{99F0C5D5-90F1-4DA5-934E-2785847176F5}.Release.ActiveCfg = Release|Win32
		{99F0C5D5-90F1-4DA5-934E-2785847176F5}.Release.Build.0 = Release|Win32
		{26053ED7-6B16-45F0-B468-7DDDC5C821A5}.Debug.ActiveCfg = Debug|Win32
		{26053ED7-6B16-45F0-B468-7DDDC5C821A5}.Debug.Build.0 = Debug|Win32
		{26053ED7-6B16-45F0-B468-7DDDC5C821A5}.Release.ActiveCfg = Release|Win32
		{26053ED7-6B16-45F0-B468-7DDDC5C821A5}.Release.Build.0 = Release|Win32
		{B793227D-666A-488C-8063-5BD439FF621B}.Debug.ActiveCfg = Debug|Win32
		{B793227D-666A-488C-8063-5BD439FF621B}.Debug.Build.0 = Debug|Win32
		{B793227D-666A-488C-8063-5BD439FF621B}.Release.ActiveCfg = Release|Win32
		{B793227D-666A-488C-8063-5BD439FF621B}.Release.Build.0 = Release|Win32
		{CCB8A289-5645-4690-AFC1-7DBD3816BF15}.Debug.ActiveCfg = Debug|Win32
		{CCB8A289-5645-4690-AFC1-7DBD3816BF15}.Debug.Build.0 = Debug|Win32
		{CCB8A289-5645-4690-AFC1-7DBD3816BF15}.Release.ActiveCfg = Release|Win32
		{CCB8A289-5645-4690-AFC1-7DBD3816BF15}.Release.Build.0 = Release|Win32
		{D36A4C05-D470-4EC0-A8BB-B37F4941D79A}.Debug.ActiveCfg = Debug|Win32
		{D36A4C05-D470-4EC0-A8BB-B37F4941D79A}.Debug.Build.0 = Debug|Win32
		{D36A4C05-D470-4EC0-A8BB-B37F4941D79A}.Release.ActiveCfg = Release|Win32
		{D36A4C05-D470-4EC0-A8BB-B37F4941D79A}.Release.Build.0 = Release|Win32
		{51B5C65C-BEDE-4512-BE6D-E81042F4C2F1}.Debug.ActiveCfg = Debug|Win32
		{51B5C65C-BEDE-4512-BE6D-E81042F4C2F1}.Debug.Build.0 = Debug|Win32
		{51B5C65C-BEDE-4512-BE6D-E81042F4C2F1}.Release.ActiveCfg = Release|Win32
		{51B5C65C-BEDE-4512-BE6D-E81042F4C2F1}.Release.Build.0 = Release|Win32
		{BAF16AC5-5C83-4FE6-A11C-A5F7ABCC927B}.Debug.ActiveCfg = Debug|Win32
		{BAF16AC5-5C83-4FE6-A11C-A5F7ABCC927B}.Debug.Build.0 = Debug|Win32
		{BAF16AC5-5C83-4FE6-A11C-A5F7ABCC927B}.Release.ActiveCfg = Release|Win32
		{BAF16AC5-5C83-4FE6-A11C-A5F7ABCC927B}.Release.Build.0 = Release|Win32
		{61B59F74-BD40-4729-81FB-9FA1BAD32562}.Debug.ActiveCfg = Debug|Win32
		{61B59F74-BD40-4729-81FB-9FA1BAD32562}.Debug.Build.0 = Debug|Win32
		{61B59F74-BD40-4729-81FB-9FA1BAD32562}.Release.ActiveCfg = Release|Win32
		{61B59F74-BD40-4729-81FB-9FA1BAD32562}.Release.Build.0 = Release|Win32
		{8DC5D360-2803-4E8C-9119-EA33F2F9869B}.Debug.ActiveCfg = Debug|Win32
		{8DC5D360-2803-4E8C-9119-EA33F2F9869B}.Debug.Build.0 = Debug|Win32
		{8DC5D360-2803-4E8C-9119-EA33F2F9869B}.Release.ActiveCfg = Release|Win32
		{8DC5D360-2803-4E8C-9119-EA33F2F9869B}.Release.Build.0 = Release|Win32
		{16F1F947-34EE-4237-B418-5BE94424747C}.Debug.ActiveCfg = Debug|Win32
		{16F1F947-34EE-4237-B418-5BE94424747C}.Debug.Build.0 = Debug|Win32
		{16F1F947-34EE-4237-B418-5BE94424747C}.Release.ActiveCfg = Release|Win32
		{16F1F947-34EE-4237-B418-5BE94424747C}.Release.Build.0 = Release|Win32
		{13D1C0BD-651C-48E6-AF19-DB7650F4E8ED}.Debug.ActiveCfg = Debug|Win32
		{13D1C0BD-651C-48E6-AF19-DB7650F4E8ED}.Debug.Build.0 = Debug|Win32
		{13D1C0BD-651C-48E6-AF19-DB7650F4E8ED}.Release.ActiveCfg = Release|Win32
		{13D1C0BD-651C-48E6-AF19-DB7650F4E8ED}.Release.Build.0 = Release|Win32
		{642702ED-5106-4E7C-A33F-F3BB21D5A004}.Debug.ActiveCfg = Debug|Win32
		{642702ED-5106-4E7C-A33F-F3BB21D5A004}.Debug.Build.0 = Debug|Win32
		{642702ED-5106-4E7C-A33F-F3BB21D5A004}.Release.ActiveCfg = Release|Win32
		{642702ED-5106-4E7C-A33F-F3BB21D5A004}.Release.Build.0 = Release|Win32
		{E67B7CCD-564F-45D6-8798-D06560033525}.Debug.ActiveCfg = Debug|Win32
		{E67B7CCD-564F-45D6-8798-D06560033525}.Debug.Build.0 = Debug|Win32
		{E67B7CCD-564F-45D6-8798-D06560033525}.Release.ActiveCfg = Release|Win32
		{E67B7CCD-564F-45D6-8798-D06560033525}.Release.Build.0 = Release|Win32
		{7A9950C3-3AD0-4BCD-BACB-692947A32AD4}.Debug.ActiveCfg = Debug|Win32
		{7A9950C3-3AD0-4BCD-BACB-692947A32AD4}.Debug.Build.0 = Debug|Win32
		{7A9950C3-3AD0-4BCD-BACB-692947A32AD4}.Release.ActiveCfg = Release|Win32
		{7A9950C3-3AD0-4BCD-BACB-692947A32AD4}.Release.Build.0 = Release|Win32
		{ED778974-CC28-4962-A741-88564DF662B0}.Debug.ActiveCfg = Debug|Win32
		{ED778974-CC28-4962-A741-88564DF662B0}.Debug.Build.0 = Debug|Win32
		{ED778974-CC28-4962-A741-88564DF662B0}.Release.ActiveCfg = Release|Win32
		{ED778974-CC28-4962-A741-88564DF662B0}.Release.Build.0 = Release|Win32
		{B20046AD-C363-4E9F-97B0-263383C9C7EC}.Debug.ActiveCfg = Debug|Win32
		{B20046AD-C363-4E9F-97B0-263383C9C7EC}.Debug.Build.0 = Debug|Win32
		{B20046AD-C363-4E9F-97B0-263383C9C7EC}.Release.ActiveCfg = Release|Win32
		{B20046AD-C363-4E9F-97B0-263383C9C7EC}.Release.Build.0 = Release|Win32
		{9B890A28-DFF1-49EA-8FEE-8B3948BCBD11}.Debug.ActiveCfg = Debug|Win32
		{9B890A28-DFF1-49EA-8FEE-8B3948BCBD11}.Debug.Build.0 = Debug|Win32
		{9B890A28-DFF1-49EA-8FEE-8B3948BCBD11}.Release.ActiveCfg = Release|Win32
		{9B890A28-DFF1-49EA-8FEE-8B3948BCBD11}.Release.Build.0 = Release|Win32
	EndGlobalSection
	GlobalSection(ExtensibilityGlobals) = postSolution
	EndGlobalSection
	GlobalSection(ExtensibilityAddIns) = postSolution
	EndGlobalSection
EndGlobal
