Microsoft Visual Studio Solution File, Format Version 8.00
Project("{8BC9CEB8-8B4A-11D0-8D11-00A0C91BC942}") = "cpucard", "cpucard\cpucard.vcproj", "{F3D0C4F1-3A0A-4ACB-8172-4CBFCACE48A4}"
	ProjectSection(ProjectDependencies) = postProject
	EndProjectSection
EndProject
Project("{8BC9CEB8-8B4A-11D0-8D11-00A0C91BC942}") = "kscard", "kscard\kscard.vcproj", "{2CCE7DC6-0246-43C9-AE6E-D14F04778BFA}"
	ProjectSection(ProjectDependencies) = postProject
		{A6942B23-2BE6-4A9F-93FF-FA9899D98A8E} = {A6942B23-2BE6-4A9F-93FF-FA9899D98A8E}
		{E42A89D1-C08E-4FEC-8FD5-057D03ED1C24} = {E42A89D1-C08E-4FEC-8FD5-057D03ED1C24}
	EndProjectSection
EndProject
Project("{8BC9CEB8-8B4A-11D0-8D11-00A0C91BC942}") = "ks_decard", "KS_DECARD\KS_DECARD.vcproj", "{E77E5F67-723F-4918-83A2-39B19270587D}"
	ProjectSection(ProjectDependencies) = postProject
	EndProjectSection
EndProject
Project("{8BC9CEB8-8B4A-11D0-8D11-00A0C91BC942}") = "kscardinterface", "KsCardInterFace\KsCardInterFace.vcproj", "{C500FCD5-C599-4D15-81D7-633AE6DA1CF8}"
	ProjectSection(ProjectDependencies) = postProject
		{F3622B35-BBFC-4D76-81EB-B3F2D8D820DF} = {F3622B35-BBFC-4D76-81EB-B3F2D8D820DF}
	EndProjectSection
EndProject
Project("{8BC9CEB8-8B4A-11D0-8D11-00A0C91BC942}") = "KsCardInterfaceDemo", "KsCardInterFaceDemo\KsCardInterFaceDemo.vcproj", "{142A9711-2A7A-429C-9AD2-F91C2B2CDFEF}"
	ProjectSection(ProjectDependencies) = postProject
		{C500FCD5-C599-4D15-81D7-633AE6DA1CF8} = {C500FCD5-C599-4D15-81D7-633AE6DA1CF8}
	EndProjectSection
EndProject
Project("{8BC9CEB8-8B4A-11D0-8D11-00A0C91BC942}") = "ks_ntcard", "ks_ntcard\ks_ntcard.vcproj", "{E77E5F67-723F-4918-83A2-39B19270587E}"
	ProjectSection(ProjectDependencies) = postProject
	EndProjectSection
EndProject
Project("{8BC9CEB8-8B4A-11D0-8D11-00A0C91BC942}") = "ks_cardtype_mobile", "ks_cardtype_mobile\ks_cardtype_mobile.vcproj", "{DD47CC17-B29F-4D3F-B450-C043E434DC02}"
	ProjectSection(ProjectDependencies) = postProject
		{70DBC239-4509-4361-BF03-4082B18F2E5B} = {70DBC239-4509-4361-BF03-4082B18F2E5B}
	EndProjectSection
EndProject
Project("{8BC9CEB8-8B4A-11D0-8D11-00A0C91BC942}") = "ks_cardtype", "ks_cardtype\ks_cardtype.vcproj", "{DD47CC17-B29F-4D3F-B450-C043E434DC05}"
	ProjectSection(ProjectDependencies) = postProject
		{A6942B23-2BE6-4A9F-93FF-FA9899D98A8E} = {A6942B23-2BE6-4A9F-93FF-FA9899D98A8E}
	EndProjectSection
EndProject
Project("{8BC9CEB8-8B4A-11D0-8D11-00A0C91BC942}") = "ks_mfcard", "ks_mfcard\ks_mfcard.vcproj", "{9FF5FC10-C17C-4013-9F56-B4D3A0FEC963}"
	ProjectSection(ProjectDependencies) = postProject
		{70DBC239-4509-4361-BF03-4082B18F2E5B} = {70DBC239-4509-4361-BF03-4082B18F2E5B}
	EndProjectSection
EndProject
Project("{8BC9CEB8-8B4A-11D0-8D11-00A0C91BC942}") = "ks_cpumf_cardtype", "ks_cpumf_cardtype\ks_cpumf_cardtype.vcproj", "{4E640E17-E3B0-4A21-AAB1-D1528DDF1318}"
	ProjectSection(ProjectDependencies) = postProject
		{70DBC239-4509-4361-BF03-4082B18F2E5B} = {70DBC239-4509-4361-BF03-4082B18F2E5B}
	EndProjectSection
EndProject
Project("{8BC9CEB8-8B4A-11D0-8D11-00A0C91BC942}") = "ks_yncs_cardtype", "ks_yncs_cardtype\ks_yncs_cardtype.vcproj", "{4F344D33-B809-49D5-92A0-FA4CC0C95082}"
	ProjectSection(ProjectDependencies) = postProject
		{70DBC239-4509-4361-BF03-4082B18F2E5B} = {70DBC239-4509-4361-BF03-4082B18F2E5B}
	EndProjectSection
EndProject
Project("{8BC9CEB8-8B4A-11D0-8D11-00A0C91BC942}") = "license", "license\license.vcproj", "{E42A89D1-C08E-4FEC-8FD5-057D03ED1C24}"
	ProjectSection(ProjectDependencies) = postProject
	EndProjectSection
EndProject
Project("{8BC9CEB8-8B4A-11D0-8D11-00A0C91BC942}") = "lisencemanager", "lisencemanager\lisencemanager.vcproj", "{6FD86197-01D8-452E-9F94-1FCBB7ECA634}"
	ProjectSection(ProjectDependencies) = postProject
		{E42A89D1-C08E-4FEC-8FD5-057D03ED1C24} = {E42A89D1-C08E-4FEC-8FD5-057D03ED1C24}
	EndProjectSection
EndProject
Project("{8BC9CEB8-8B4A-11D0-8D11-00A0C91BC942}") = "KsCardTool", "KsCardTool\KsCardTool.vcproj", "{3C2F1C63-41CF-42D2-9983-B31B0AD65FE1}"
	ProjectSection(ProjectDependencies) = postProject
	EndProjectSection
EndProject
Project("{8BC9CEB8-8B4A-11D0-8D11-00A0C91BC942}") = "ks_elitel_reader", "ks_elitel_reader\ks_elitel_reader.vcproj", "{75AA5092-4DBB-4661-9A18-BA0DBB782C9E}"
	ProjectSection(ProjectDependencies) = postProject
		{C16A9E0A-05DB-4227-BEC4-E0761282E477} = {C16A9E0A-05DB-4227-BEC4-E0761282E477}
	EndProjectSection
EndProject
Project("{8BC9CEB8-8B4A-11D0-8D11-00A0C91BC942}") = "ks_ct_liaoning", "ks_ct_liaoning\ks_ct_liaoning.vcproj", "{CFE32DAB-E6FE-4C66-9FE9-29C644EF166F}"
	ProjectSection(ProjectDependencies) = postProject
		{70DBC239-4509-4361-BF03-4082B18F2E5B} = {70DBC239-4509-4361-BF03-4082B18F2E5B}
	EndProjectSection
EndProject
Project("{8BC9CEB8-8B4A-11D0-8D11-00A0C91BC942}") = "NT_ReaderLib", "NT_ReaderLib\NT_ReaderLib.vcproj", "{84312111-EA86-469B-8001-24BD9102FBC7}"
	ProjectSection(ProjectDependencies) = postProject
	EndProjectSection
EndProject
Project("{8BC9CEB8-8B4A-11D0-8D11-00A0C91BC942}") = "ks_cmcc_cardtype", "ks_cmcc_cardtype\ks_cmcc_cardtype.vcproj", "{ABF42803-FFB1-4FD0-86C3-C69FAD0FA1AF}"
	ProjectSection(ProjectDependencies) = postProject
		{70DBC239-4509-4361-BF03-4082B18F2E5B} = {70DBC239-4509-4361-BF03-4082B18F2E5B}
	EndProjectSection
EndProject
Project("{8BC9CEB8-8B4A-11D0-8D11-00A0C91BC942}") = "ks_psamcard", "ks_psamcard\ks_psamcard.vcproj", "{8956DF33-D5C4-45EB-BD5B-7A3BFACC5FCD}"
	ProjectSection(ProjectDependencies) = postProject
	EndProjectSection
EndProject
Project("{8BC9CEB8-8B4A-11D0-8D11-00A0C91BC942}") = "ks_decardt10", "ks_decardt10\ks_decardt10.vcproj", "{91CEE8BA-CF90-497E-831C-0E10039BBBC2}"
	ProjectSection(ProjectDependencies) = postProject
	EndProjectSection
EndProject
Project("{8BC9CEB8-8B4A-11D0-8D11-00A0C91BC942}") = "ks_ctcardtype", "ks_ctcardtype\ks_ctcardtype.vcproj", "{A4557E22-B7BC-4A88-884D-26687800D7F4}"
	ProjectSection(ProjectDependencies) = postProject
		{A6942B23-2BE6-4A9F-93FF-FA9899D98A8E} = {A6942B23-2BE6-4A9F-93FF-FA9899D98A8E}
		{70DBC239-4509-4361-BF03-4082B18F2E5B} = {70DBC239-4509-4361-BF03-4082B18F2E5B}
	EndProjectSection
EndProject
Project("{8BC9CEB8-8B4A-11D0-8D11-00A0C91BC942}") = "kspublib", "kspublib\kspublib.vcproj", "{A6942B23-2BE6-4A9F-93FF-FA9899D98A8E}"
	ProjectSection(ProjectDependencies) = postProject
	EndProjectSection
EndProject
Project("{8BC9CEB8-8B4A-11D0-8D11-00A0C91BC942}") = "ks_cardtypelib", "ks_cardtype\ks_cardtypelib.vcproj", "{70DBC239-4509-4361-BF03-4082B18F2E5B}"
	ProjectSection(ProjectDependencies) = postProject
		{A6942B23-2BE6-4A9F-93FF-FA9899D98A8E} = {A6942B23-2BE6-4A9F-93FF-FA9899D98A8E}
	EndProjectSection
EndProject
Project("{8BC9CEB8-8B4A-11D0-8D11-00A0C91BC942}") = "ks_cmccpsamcard", "ks_cmccpsamcard\ks_cmccpsamcard.vcproj", "{58EEEBA5-2036-4389-9DBC-94449AC21907}"
	ProjectSection(ProjectDependencies) = postProject
	EndProjectSection
EndProject
Project("{8BC9CEB8-8B4A-11D0-8D11-00A0C91BC942}") = "kscardlib", "kscard\kscardlib.vcproj", "{F3622B35-BBFC-4D76-81EB-B3F2D8D820DF}"
	ProjectSection(ProjectDependencies) = postProject
	EndProjectSection
EndProject
Project("{8BC9CEB8-8B4A-11D0-8D11-00A0C91BC942}") = "ks_ztc800", "ks_ztc800\ks_ztc800.vcproj", "{96140C7D-E65C-4304-8139-8D4964D80943}"
	ProjectSection(ProjectDependencies) = postProject
	EndProjectSection
EndProject
Project("{8BC9CEB8-8B4A-11D0-8D11-00A0C91BC942}") = "kscomlib", "kscomlib\kscomlib.vcproj", "{C16A9E0A-05DB-4227-BEC4-E0761282E477}"
	ProjectSection(ProjectDependencies) = postProject
	EndProjectSection
EndProject
Project("{8BC9CEB8-8B4A-11D0-8D11-00A0C91BC942}") = "ks_dongguan_cardtype", "ks_dongguan_cardtype\ks_dongguan_cardtype.vcproj", "{6A473548-9D97-4358-A0C1-04A319C6503F}"
	ProjectSection(ProjectDependencies) = postProject
	EndProjectSection
EndProject
Project("{8BC9CEB8-8B4A-11D0-8D11-00A0C91BC942}") = "ks_dongguan_psam", "ks_dongguan_psam\ks_dongguan_psam.vcproj", "{7A99170E-BA67-4C2A-893E-3FA28BB48F28}"
	ProjectSection(ProjectDependencies) = postProject
	EndProjectSection
EndProject
Project("{8BC9CEB8-8B4A-11D0-8D11-00A0C91BC942}") = "ks_amass_reader", "ks_amass_reader\ks_amass_reader.vcproj", "{FE128157-F22F-4CDD-BC55-ADD8D8D48C97}"
	ProjectSection(ProjectDependencies) = postProject
	EndProjectSection
EndProject
Global
	GlobalSection(SolutionConfiguration) = preSolution
		All Project Debug = All Project Debug
		All Project Release = All Project Release
		Debug = Debug
		Release = Release
	EndGlobalSection
	GlobalSection(ProjectDependencies) = postSolution
	EndGlobalSection
	GlobalSection(ProjectConfiguration) = postSolution
		{F3D0C4F1-3A0A-4ACB-8172-4CBFCACE48A4}.All Project Debug.ActiveCfg = Debug|Win32
		{F3D0C4F1-3A0A-4ACB-8172-4CBFCACE48A4}.All Project Debug.Build.0 = Debug|Win32
		{F3D0C4F1-3A0A-4ACB-8172-4CBFCACE48A4}.All Project Release.ActiveCfg = Release|Win32
		{F3D0C4F1-3A0A-4ACB-8172-4CBFCACE48A4}.All Project Release.Build.0 = Release|Win32
		{F3D0C4F1-3A0A-4ACB-8172-4CBFCACE48A4}.Debug.ActiveCfg = Debug|Win32
		{F3D0C4F1-3A0A-4ACB-8172-4CBFCACE48A4}.Debug.Build.0 = Debug|Win32
		{F3D0C4F1-3A0A-4ACB-8172-4CBFCACE48A4}.Release.ActiveCfg = Release|Win32
		{F3D0C4F1-3A0A-4ACB-8172-4CBFCACE48A4}.Release.Build.0 = Release|Win32
		{2CCE7DC6-0246-43C9-AE6E-D14F04778BFA}.All Project Debug.ActiveCfg = Debug|Win32
		{2CCE7DC6-0246-43C9-AE6E-D14F04778BFA}.All Project Debug.Build.0 = Debug|Win32
		{2CCE7DC6-0246-43C9-AE6E-D14F04778BFA}.All Project Release.ActiveCfg = Release|Win32
		{2CCE7DC6-0246-43C9-AE6E-D14F04778BFA}.All Project Release.Build.0 = Release|Win32
		{2CCE7DC6-0246-43C9-AE6E-D14F04778BFA}.Debug.ActiveCfg = Debug|Win32
		{2CCE7DC6-0246-43C9-AE6E-D14F04778BFA}.Debug.Build.0 = Debug|Win32
		{2CCE7DC6-0246-43C9-AE6E-D14F04778BFA}.Release.ActiveCfg = Release|Win32
		{2CCE7DC6-0246-43C9-AE6E-D14F04778BFA}.Release.Build.0 = Release|Win32
		{E77E5F67-723F-4918-83A2-39B19270587D}.All Project Debug.ActiveCfg = Debug|Win32
		{E77E5F67-723F-4918-83A2-39B19270587D}.All Project Debug.Build.0 = Debug|Win32
		{E77E5F67-723F-4918-83A2-39B19270587D}.All Project Release.ActiveCfg = Release|Win32
		{E77E5F67-723F-4918-83A2-39B19270587D}.All Project Release.Build.0 = Release|Win32
		{E77E5F67-723F-4918-83A2-39B19270587D}.Debug.ActiveCfg = Debug|Win32
		{E77E5F67-723F-4918-83A2-39B19270587D}.Debug.Build.0 = Debug|Win32
		{E77E5F67-723F-4918-83A2-39B19270587D}.Release.ActiveCfg = Release|Win32
		{E77E5F67-723F-4918-83A2-39B19270587D}.Release.Build.0 = Release|Win32
		{C500FCD5-C599-4D15-81D7-633AE6DA1CF8}.All Project Debug.ActiveCfg = Debug|Win32
		{C500FCD5-C599-4D15-81D7-633AE6DA1CF8}.All Project Debug.Build.0 = Debug|Win32
		{C500FCD5-C599-4D15-81D7-633AE6DA1CF8}.All Project Release.ActiveCfg = Release|Win32
		{C500FCD5-C599-4D15-81D7-633AE6DA1CF8}.All Project Release.Build.0 = Release|Win32
		{C500FCD5-C599-4D15-81D7-633AE6DA1CF8}.Debug.ActiveCfg = Debug|Win32
		{C500FCD5-C599-4D15-81D7-633AE6DA1CF8}.Debug.Build.0 = Debug|Win32
		{C500FCD5-C599-4D15-81D7-633AE6DA1CF8}.Release.ActiveCfg = Release|Win32
		{C500FCD5-C599-4D15-81D7-633AE6DA1CF8}.Release.Build.0 = Release|Win32
		{142A9711-2A7A-429C-9AD2-F91C2B2CDFEF}.All Project Debug.ActiveCfg = Debug|Win32
		{142A9711-2A7A-429C-9AD2-F91C2B2CDFEF}.All Project Debug.Build.0 = Debug|Win32
		{142A9711-2A7A-429C-9AD2-F91C2B2CDFEF}.All Project Release.ActiveCfg = Release|Win32
		{142A9711-2A7A-429C-9AD2-F91C2B2CDFEF}.All Project Release.Build.0 = Release|Win32
		{142A9711-2A7A-429C-9AD2-F91C2B2CDFEF}.Debug.ActiveCfg = Debug|Win32
		{142A9711-2A7A-429C-9AD2-F91C2B2CDFEF}.Debug.Build.0 = Debug|Win32
		{142A9711-2A7A-429C-9AD2-F91C2B2CDFEF}.Release.ActiveCfg = Release|Win32
		{142A9711-2A7A-429C-9AD2-F91C2B2CDFEF}.Release.Build.0 = Release|Win32
		{E77E5F67-723F-4918-83A2-39B19270587E}.All Project Debug.ActiveCfg = Debug|Win32
		{E77E5F67-723F-4918-83A2-39B19270587E}.All Project Debug.Build.0 = Debug|Win32
		{E77E5F67-723F-4918-83A2-39B19270587E}.All Project Release.ActiveCfg = Release|Win32
		{E77E5F67-723F-4918-83A2-39B19270587E}.All Project Release.Build.0 = Release|Win32
		{E77E5F67-723F-4918-83A2-39B19270587E}.Debug.ActiveCfg = Debug|Win32
		{E77E5F67-723F-4918-83A2-39B19270587E}.Debug.Build.0 = Debug|Win32
		{E77E5F67-723F-4918-83A2-39B19270587E}.Release.ActiveCfg = Release|Win32
		{E77E5F67-723F-4918-83A2-39B19270587E}.Release.Build.0 = Release|Win32
		{DD47CC17-B29F-4D3F-B450-C043E434DC02}.All Project Debug.ActiveCfg = Debug|Win32
		{DD47CC17-B29F-4D3F-B450-C043E434DC02}.All Project Debug.Build.0 = Debug|Win32
		{DD47CC17-B29F-4D3F-B450-C043E434DC02}.All Project Release.ActiveCfg = Release|Win32
		{DD47CC17-B29F-4D3F-B450-C043E434DC02}.All Project Release.Build.0 = Release|Win32
		{DD47CC17-B29F-4D3F-B450-C043E434DC02}.Debug.ActiveCfg = Debug|Win32
		{DD47CC17-B29F-4D3F-B450-C043E434DC02}.Debug.Build.0 = Debug|Win32
		{DD47CC17-B29F-4D3F-B450-C043E434DC02}.Release.ActiveCfg = Release|Win32
		{DD47CC17-B29F-4D3F-B450-C043E434DC02}.Release.Build.0 = Release|Win32
		{DD47CC17-B29F-4D3F-B450-C043E434DC05}.All Project Debug.ActiveCfg = Debug|Win32
		{DD47CC17-B29F-4D3F-B450-C043E434DC05}.All Project Debug.Build.0 = Debug|Win32
		{DD47CC17-B29F-4D3F-B450-C043E434DC05}.All Project Release.ActiveCfg = Release|Win32
		{DD47CC17-B29F-4D3F-B450-C043E434DC05}.All Project Release.Build.0 = Release|Win32
		{DD47CC17-B29F-4D3F-B450-C043E434DC05}.Debug.ActiveCfg = Debug|Win32
		{DD47CC17-B29F-4D3F-B450-C043E434DC05}.Debug.Build.0 = Debug|Win32
		{DD47CC17-B29F-4D3F-B450-C043E434DC05}.Release.ActiveCfg = Release|Win32
		{DD47CC17-B29F-4D3F-B450-C043E434DC05}.Release.Build.0 = Release|Win32
		{9FF5FC10-C17C-4013-9F56-B4D3A0FEC963}.All Project Debug.ActiveCfg = Debug|Win32
		{9FF5FC10-C17C-4013-9F56-B4D3A0FEC963}.All Project Debug.Build.0 = Debug|Win32
		{9FF5FC10-C17C-4013-9F56-B4D3A0FEC963}.All Project Release.ActiveCfg = Release|Win32
		{9FF5FC10-C17C-4013-9F56-B4D3A0FEC963}.All Project Release.Build.0 = Release|Win32
		{9FF5FC10-C17C-4013-9F56-B4D3A0FEC963}.Debug.ActiveCfg = Debug|Win32
		{9FF5FC10-C17C-4013-9F56-B4D3A0FEC963}.Debug.Build.0 = Debug|Win32
		{9FF5FC10-C17C-4013-9F56-B4D3A0FEC963}.Release.ActiveCfg = Release|Win32
		{9FF5FC10-C17C-4013-9F56-B4D3A0FEC963}.Release.Build.0 = Release|Win32
		{4E640E17-E3B0-4A21-AAB1-D1528DDF1318}.All Project Debug.ActiveCfg = Debug|Win32
		{4E640E17-E3B0-4A21-AAB1-D1528DDF1318}.All Project Debug.Build.0 = Debug|Win32
		{4E640E17-E3B0-4A21-AAB1-D1528DDF1318}.All Project Release.ActiveCfg = Release|Win32
		{4E640E17-E3B0-4A21-AAB1-D1528DDF1318}.All Project Release.Build.0 = Release|Win32
		{4E640E17-E3B0-4A21-AAB1-D1528DDF1318}.Debug.ActiveCfg = Debug|Win32
		{4E640E17-E3B0-4A21-AAB1-D1528DDF1318}.Debug.Build.0 = Debug|Win32
		{4E640E17-E3B0-4A21-AAB1-D1528DDF1318}.Release.ActiveCfg = Release|Win32
		{4E640E17-E3B0-4A21-AAB1-D1528DDF1318}.Release.Build.0 = Release|Win32
		{4F344D33-B809-49D5-92A0-FA4CC0C95082}.All Project Debug.ActiveCfg = Debug|Win32
		{4F344D33-B809-49D5-92A0-FA4CC0C95082}.All Project Debug.Build.0 = Debug|Win32
		{4F344D33-B809-49D5-92A0-FA4CC0C95082}.All Project Release.ActiveCfg = Release|Win32
		{4F344D33-B809-49D5-92A0-FA4CC0C95082}.All Project Release.Build.0 = Release|Win32
		{4F344D33-B809-49D5-92A0-FA4CC0C95082}.Debug.ActiveCfg = Debug|Win32
		{4F344D33-B809-49D5-92A0-FA4CC0C95082}.Debug.Build.0 = Debug|Win32
		{4F344D33-B809-49D5-92A0-FA4CC0C95082}.Release.ActiveCfg = Release|Win32
		{4F344D33-B809-49D5-92A0-FA4CC0C95082}.Release.Build.0 = Release|Win32
		{E42A89D1-C08E-4FEC-8FD5-057D03ED1C24}.All Project Debug.ActiveCfg = Debug|Win32
		{E42A89D1-C08E-4FEC-8FD5-057D03ED1C24}.All Project Debug.Build.0 = Debug|Win32
		{E42A89D1-C08E-4FEC-8FD5-057D03ED1C24}.All Project Release.ActiveCfg = Release|Win32
		{E42A89D1-C08E-4FEC-8FD5-057D03ED1C24}.All Project Release.Build.0 = Release|Win32
		{E42A89D1-C08E-4FEC-8FD5-057D03ED1C24}.Debug.ActiveCfg = Debug|Win32
		{E42A89D1-C08E-4FEC-8FD5-057D03ED1C24}.Debug.Build.0 = Debug|Win32
		{E42A89D1-C08E-4FEC-8FD5-057D03ED1C24}.Release.ActiveCfg = Release|Win32
		{E42A89D1-C08E-4FEC-8FD5-057D03ED1C24}.Release.Build.0 = Release|Win32
		{6FD86197-01D8-452E-9F94-1FCBB7ECA634}.All Project Debug.ActiveCfg = Debug|Win32
		{6FD86197-01D8-452E-9F94-1FCBB7ECA634}.All Project Debug.Build.0 = Debug|Win32
		{6FD86197-01D8-452E-9F94-1FCBB7ECA634}.All Project Release.ActiveCfg = Release|Win32
		{6FD86197-01D8-452E-9F94-1FCBB7ECA634}.All Project Release.Build.0 = Release|Win32
		{6FD86197-01D8-452E-9F94-1FCBB7ECA634}.Debug.ActiveCfg = Debug|Win32
		{6FD86197-01D8-452E-9F94-1FCBB7ECA634}.Debug.Build.0 = Debug|Win32
		{6FD86197-01D8-452E-9F94-1FCBB7ECA634}.Release.ActiveCfg = Release|Win32
		{6FD86197-01D8-452E-9F94-1FCBB7ECA634}.Release.Build.0 = Release|Win32
		{3C2F1C63-41CF-42D2-9983-B31B0AD65FE1}.All Project Debug.ActiveCfg = Debug|Win32
		{3C2F1C63-41CF-42D2-9983-B31B0AD65FE1}.All Project Debug.Build.0 = Debug|Win32
		{3C2F1C63-41CF-42D2-9983-B31B0AD65FE1}.All Project Release.ActiveCfg = Release|Win32
		{3C2F1C63-41CF-42D2-9983-B31B0AD65FE1}.All Project Release.Build.0 = Release|Win32
		{3C2F1C63-41CF-42D2-9983-B31B0AD65FE1}.Debug.ActiveCfg = Debug|Win32
		{3C2F1C63-41CF-42D2-9983-B31B0AD65FE1}.Debug.Build.0 = Debug|Win32
		{3C2F1C63-41CF-42D2-9983-B31B0AD65FE1}.Release.ActiveCfg = Release|Win32
		{3C2F1C63-41CF-42D2-9983-B31B0AD65FE1}.Release.Build.0 = Release|Win32
		{75AA5092-4DBB-4661-9A18-BA0DBB782C9E}.All Project Debug.ActiveCfg = Debug|Win32
		{75AA5092-4DBB-4661-9A18-BA0DBB782C9E}.All Project Debug.Build.0 = Debug|Win32
		{75AA5092-4DBB-4661-9A18-BA0DBB782C9E}.All Project Release.ActiveCfg = Release|Win32
		{75AA5092-4DBB-4661-9A18-BA0DBB782C9E}.All Project Release.Build.0 = Release|Win32
		{75AA5092-4DBB-4661-9A18-BA0DBB782C9E}.Debug.ActiveCfg = Debug|Win32
		{75AA5092-4DBB-4661-9A18-BA0DBB782C9E}.Debug.Build.0 = Debug|Win32
		{75AA5092-4DBB-4661-9A18-BA0DBB782C9E}.Release.ActiveCfg = Release|Win32
		{75AA5092-4DBB-4661-9A18-BA0DBB782C9E}.Release.Build.0 = Release|Win32
		{CFE32DAB-E6FE-4C66-9FE9-29C644EF166F}.All Project Debug.ActiveCfg = Debug|Win32
		{CFE32DAB-E6FE-4C66-9FE9-29C644EF166F}.All Project Debug.Build.0 = Debug|Win32
		{CFE32DAB-E6FE-4C66-9FE9-29C644EF166F}.All Project Release.ActiveCfg = Release|Win32
		{CFE32DAB-E6FE-4C66-9FE9-29C644EF166F}.All Project Release.Build.0 = Release|Win32
		{CFE32DAB-E6FE-4C66-9FE9-29C644EF166F}.Debug.ActiveCfg = Debug|Win32
		{CFE32DAB-E6FE-4C66-9FE9-29C644EF166F}.Debug.Build.0 = Debug|Win32
		{CFE32DAB-E6FE-4C66-9FE9-29C644EF166F}.Release.ActiveCfg = Release|Win32
		{CFE32DAB-E6FE-4C66-9FE9-29C644EF166F}.Release.Build.0 = Release|Win32
		{84312111-EA86-469B-8001-24BD9102FBC7}.All Project Debug.ActiveCfg = Debug|Win32
		{84312111-EA86-469B-8001-24BD9102FBC7}.All Project Debug.Build.0 = Debug|Win32
		{84312111-EA86-469B-8001-24BD9102FBC7}.All Project Release.ActiveCfg = Release|Win32
		{84312111-EA86-469B-8001-24BD9102FBC7}.All Project Release.Build.0 = Release|Win32
		{84312111-EA86-469B-8001-24BD9102FBC7}.Debug.ActiveCfg = Debug|Win32
		{84312111-EA86-469B-8001-24BD9102FBC7}.Debug.Build.0 = Debug|Win32
		{84312111-EA86-469B-8001-24BD9102FBC7}.Release.ActiveCfg = Release|Win32
		{84312111-EA86-469B-8001-24BD9102FBC7}.Release.Build.0 = Release|Win32
		{ABF42803-FFB1-4FD0-86C3-C69FAD0FA1AF}.All Project Debug.ActiveCfg = Debug|Win32
		{ABF42803-FFB1-4FD0-86C3-C69FAD0FA1AF}.All Project Debug.Build.0 = Debug|Win32
		{ABF42803-FFB1-4FD0-86C3-C69FAD0FA1AF}.All Project Release.ActiveCfg = Release|Win32
		{ABF42803-FFB1-4FD0-86C3-C69FAD0FA1AF}.All Project Release.Build.0 = Release|Win32
		{ABF42803-FFB1-4FD0-86C3-C69FAD0FA1AF}.Debug.ActiveCfg = Debug|Win32
		{ABF42803-FFB1-4FD0-86C3-C69FAD0FA1AF}.Debug.Build.0 = Debug|Win32
		{ABF42803-FFB1-4FD0-86C3-C69FAD0FA1AF}.Release.ActiveCfg = Release|Win32
		{ABF42803-FFB1-4FD0-86C3-C69FAD0FA1AF}.Release.Build.0 = Release|Win32
		{8956DF33-D5C4-45EB-BD5B-7A3BFACC5FCD}.All Project Debug.ActiveCfg = Debug|Win32
		{8956DF33-D5C4-45EB-BD5B-7A3BFACC5FCD}.All Project Debug.Build.0 = Debug|Win32
		{8956DF33-D5C4-45EB-BD5B-7A3BFACC5FCD}.All Project Release.ActiveCfg = Release|Win32
		{8956DF33-D5C4-45EB-BD5B-7A3BFACC5FCD}.All Project Release.Build.0 = Release|Win32
		{8956DF33-D5C4-45EB-BD5B-7A3BFACC5FCD}.Debug.ActiveCfg = Debug|Win32
		{8956DF33-D5C4-45EB-BD5B-7A3BFACC5FCD}.Debug.Build.0 = Debug|Win32
		{8956DF33-D5C4-45EB-BD5B-7A3BFACC5FCD}.Release.ActiveCfg = Release|Win32
		{8956DF33-D5C4-45EB-BD5B-7A3BFACC5FCD}.Release.Build.0 = Release|Win32
		{91CEE8BA-CF90-497E-831C-0E10039BBBC2}.All Project Debug.ActiveCfg = Debug|Win32
		{91CEE8BA-CF90-497E-831C-0E10039BBBC2}.All Project Debug.Build.0 = Debug|Win32
		{91CEE8BA-CF90-497E-831C-0E10039BBBC2}.All Project Release.ActiveCfg = Release|Win32
		{91CEE8BA-CF90-497E-831C-0E10039BBBC2}.All Project Release.Build.0 = Release|Win32
		{91CEE8BA-CF90-497E-831C-0E10039BBBC2}.Debug.ActiveCfg = Debug|Win32
		{91CEE8BA-CF90-497E-831C-0E10039BBBC2}.Debug.Build.0 = Debug|Win32
		{91CEE8BA-CF90-497E-831C-0E10039BBBC2}.Release.ActiveCfg = Release|Win32
		{91CEE8BA-CF90-497E-831C-0E10039BBBC2}.Release.Build.0 = Release|Win32
		{A4557E22-B7BC-4A88-884D-26687800D7F4}.All Project Debug.ActiveCfg = Debug|Win32
		{A4557E22-B7BC-4A88-884D-26687800D7F4}.All Project Debug.Build.0 = Debug|Win32
		{A4557E22-B7BC-4A88-884D-26687800D7F4}.All Project Release.ActiveCfg = Release|Win32
		{A4557E22-B7BC-4A88-884D-26687800D7F4}.All Project Release.Build.0 = Release|Win32
		{A4557E22-B7BC-4A88-884D-26687800D7F4}.Debug.ActiveCfg = Debug|Win32
		{A4557E22-B7BC-4A88-884D-26687800D7F4}.Debug.Build.0 = Debug|Win32
		{A4557E22-B7BC-4A88-884D-26687800D7F4}.Release.ActiveCfg = Release|Win32
		{A4557E22-B7BC-4A88-884D-26687800D7F4}.Release.Build.0 = Release|Win32
		{A6942B23-2BE6-4A9F-93FF-FA9899D98A8E}.All Project Debug.ActiveCfg = Debug|Win32
		{A6942B23-2BE6-4A9F-93FF-FA9899D98A8E}.All Project Debug.Build.0 = Debug|Win32
		{A6942B23-2BE6-4A9F-93FF-FA9899D98A8E}.All Project Release.ActiveCfg = Release|Win32
		{A6942B23-2BE6-4A9F-93FF-FA9899D98A8E}.All Project Release.Build.0 = Release|Win32
		{A6942B23-2BE6-4A9F-93FF-FA9899D98A8E}.Debug.ActiveCfg = Debug|Win32
		{A6942B23-2BE6-4A9F-93FF-FA9899D98A8E}.Debug.Build.0 = Debug|Win32
		{A6942B23-2BE6-4A9F-93FF-FA9899D98A8E}.Release.ActiveCfg = Release|Win32
		{A6942B23-2BE6-4A9F-93FF-FA9899D98A8E}.Release.Build.0 = Release|Win32
		{70DBC239-4509-4361-BF03-4082B18F2E5B}.All Project Debug.ActiveCfg = Debug|Win32
		{70DBC239-4509-4361-BF03-4082B18F2E5B}.All Project Debug.Build.0 = Debug|Win32
		{70DBC239-4509-4361-BF03-4082B18F2E5B}.All Project Release.ActiveCfg = Release|Win32
		{70DBC239-4509-4361-BF03-4082B18F2E5B}.All Project Release.Build.0 = Release|Win32
		{70DBC239-4509-4361-BF03-4082B18F2E5B}.Debug.ActiveCfg = Debug|Win32
		{70DBC239-4509-4361-BF03-4082B18F2E5B}.Debug.Build.0 = Debug|Win32
		{70DBC239-4509-4361-BF03-4082B18F2E5B}.Release.ActiveCfg = Release|Win32
		{70DBC239-4509-4361-BF03-4082B18F2E5B}.Release.Build.0 = Release|Win32
		{58EEEBA5-2036-4389-9DBC-94449AC21907}.All Project Debug.ActiveCfg = Debug|Win32
		{58EEEBA5-2036-4389-9DBC-94449AC21907}.All Project Debug.Build.0 = Debug|Win32
		{58EEEBA5-2036-4389-9DBC-94449AC21907}.All Project Release.ActiveCfg = Release|Win32
		{58EEEBA5-2036-4389-9DBC-94449AC21907}.All Project Release.Build.0 = Release|Win32
		{58EEEBA5-2036-4389-9DBC-94449AC21907}.Debug.ActiveCfg = Debug|Win32
		{58EEEBA5-2036-4389-9DBC-94449AC21907}.Debug.Build.0 = Debug|Win32
		{58EEEBA5-2036-4389-9DBC-94449AC21907}.Release.ActiveCfg = Release|Win32
		{58EEEBA5-2036-4389-9DBC-94449AC21907}.Release.Build.0 = Release|Win32
		{F3622B35-BBFC-4D76-81EB-B3F2D8D820DF}.All Project Debug.ActiveCfg = Debug|Win32
		{F3622B35-BBFC-4D76-81EB-B3F2D8D820DF}.All Project Debug.Build.0 = Debug|Win32
		{F3622B35-BBFC-4D76-81EB-B3F2D8D820DF}.All Project Release.ActiveCfg = Release|Win32
		{F3622B35-BBFC-4D76-81EB-B3F2D8D820DF}.All Project Release.Build.0 = Release|Win32
		{F3622B35-BBFC-4D76-81EB-B3F2D8D820DF}.Debug.ActiveCfg = Debug|Win32
		{F3622B35-BBFC-4D76-81EB-B3F2D8D820DF}.Debug.Build.0 = Debug|Win32
		{F3622B35-BBFC-4D76-81EB-B3F2D8D820DF}.Release.ActiveCfg = Release|Win32
		{F3622B35-BBFC-4D76-81EB-B3F2D8D820DF}.Release.Build.0 = Release|Win32
		{96140C7D-E65C-4304-8139-8D4964D80943}.All Project Debug.ActiveCfg = Debug|Win32
		{96140C7D-E65C-4304-8139-8D4964D80943}.All Project Debug.Build.0 = Debug|Win32
		{96140C7D-E65C-4304-8139-8D4964D80943}.All Project Release.ActiveCfg = Release|Win32
		{96140C7D-E65C-4304-8139-8D4964D80943}.All Project Release.Build.0 = Release|Win32
		{96140C7D-E65C-4304-8139-8D4964D80943}.Debug.ActiveCfg = Debug|Win32
		{96140C7D-E65C-4304-8139-8D4964D80943}.Debug.Build.0 = Debug|Win32
		{96140C7D-E65C-4304-8139-8D4964D80943}.Release.ActiveCfg = Release|Win32
		{96140C7D-E65C-4304-8139-8D4964D80943}.Release.Build.0 = Release|Win32
		{C16A9E0A-05DB-4227-BEC4-E0761282E477}.All Project Debug.ActiveCfg = Debug|Win32
		{C16A9E0A-05DB-4227-BEC4-E0761282E477}.All Project Debug.Build.0 = Debug|Win32
		{C16A9E0A-05DB-4227-BEC4-E0761282E477}.All Project Release.ActiveCfg = Release|Win32
		{C16A9E0A-05DB-4227-BEC4-E0761282E477}.All Project Release.Build.0 = Release|Win32
		{C16A9E0A-05DB-4227-BEC4-E0761282E477}.Debug.ActiveCfg = Debug|Win32
		{C16A9E0A-05DB-4227-BEC4-E0761282E477}.Debug.Build.0 = Debug|Win32
		{C16A9E0A-05DB-4227-BEC4-E0761282E477}.Release.ActiveCfg = Release|Win32
		{C16A9E0A-05DB-4227-BEC4-E0761282E477}.Release.Build.0 = Release|Win32
		{6A473548-9D97-4358-A0C1-04A319C6503F}.All Project Debug.ActiveCfg = Debug|Win32
		{6A473548-9D97-4358-A0C1-04A319C6503F}.All Project Debug.Build.0 = Debug|Win32
		{6A473548-9D97-4358-A0C1-04A319C6503F}.All Project Release.ActiveCfg = Release|Win32
		{6A473548-9D97-4358-A0C1-04A319C6503F}.All Project Release.Build.0 = Release|Win32
		{6A473548-9D97-4358-A0C1-04A319C6503F}.Debug.ActiveCfg = Debug|Win32
		{6A473548-9D97-4358-A0C1-04A319C6503F}.Debug.Build.0 = Debug|Win32
		{6A473548-9D97-4358-A0C1-04A319C6503F}.Release.ActiveCfg = Release|Win32
		{6A473548-9D97-4358-A0C1-04A319C6503F}.Release.Build.0 = Release|Win32
		{7A99170E-BA67-4C2A-893E-3FA28BB48F28}.All Project Debug.ActiveCfg = Debug|Win32
		{7A99170E-BA67-4C2A-893E-3FA28BB48F28}.All Project Debug.Build.0 = Debug|Win32
		{7A99170E-BA67-4C2A-893E-3FA28BB48F28}.All Project Release.ActiveCfg = Release|Win32
		{7A99170E-BA67-4C2A-893E-3FA28BB48F28}.All Project Release.Build.0 = Release|Win32
		{7A99170E-BA67-4C2A-893E-3FA28BB48F28}.Debug.ActiveCfg = Debug|Win32
		{7A99170E-BA67-4C2A-893E-3FA28BB48F28}.Debug.Build.0 = Debug|Win32
		{7A99170E-BA67-4C2A-893E-3FA28BB48F28}.Release.ActiveCfg = Release|Win32
		{7A99170E-BA67-4C2A-893E-3FA28BB48F28}.Release.Build.0 = Release|Win32
		{FE128157-F22F-4CDD-BC55-ADD8D8D48C97}.All Project Debug.ActiveCfg = Debug|Win32
		{FE128157-F22F-4CDD-BC55-ADD8D8D48C97}.All Project Debug.Build.0 = Debug|Win32
		{FE128157-F22F-4CDD-BC55-ADD8D8D48C97}.All Project Release.ActiveCfg = Release|Win32
		{FE128157-F22F-4CDD-BC55-ADD8D8D48C97}.All Project Release.Build.0 = Release|Win32
		{FE128157-F22F-4CDD-BC55-ADD8D8D48C97}.Debug.ActiveCfg = Debug|Win32
		{FE128157-F22F-4CDD-BC55-ADD8D8D48C97}.Debug.Build.0 = Debug|Win32
		{FE128157-F22F-4CDD-BC55-ADD8D8D48C97}.Release.ActiveCfg = Release|Win32
		{FE128157-F22F-4CDD-BC55-ADD8D8D48C97}.Release.Build.0 = Release|Win32
	EndGlobalSection
	GlobalSection(ExtensibilityGlobals) = postSolution
	EndGlobalSection
	GlobalSection(ExtensibilityAddIns) = postSolution
	EndGlobalSection
EndGlobal
