Microsoft Visual Studio Solution File, Format Version 9.00
# Visual Studio 2005
Project("{8BC9CEB8-8B4A-11D0-8D11-00A0C91BC942}") = "ksnl", "ksnl.vcproj", "{FEB52DDD-9666-4AC1-8888-D50160326472}"
EndProject
Project("{8BC9CEB8-8B4A-11D0-8D11-00A0C91BC942}") = "testksnl", "..\testksnl\testksnl.vcproj", "{8A4E8E12-70A2-440B-8F17-5E634A03F65F}"
EndProject
Global
	GlobalSection(SolutionConfigurationPlatforms) = preSolution
		Debug|Win32 = Debug|Win32
		Release|Win32 = Release|Win32
		Remote Debug|Win32 = Remote Debug|Win32
	EndGlobalSection
	GlobalSection(ProjectConfigurationPlatforms) = postSolution
		{FEB52DDD-9666-4AC1-8888-D50160326472}.Debug|Win32.ActiveCfg = Debug|Win32
		{FEB52DDD-9666-4AC1-8888-D50160326472}.Debug|Win32.Build.0 = Debug|Win32
		{FEB52DDD-9666-4AC1-8888-D50160326472}.Release|Win32.ActiveCfg = Release|Win32
		{FEB52DDD-9666-4AC1-8888-D50160326472}.Release|Win32.Build.0 = Release|Win32
		{FEB52DDD-9666-4AC1-8888-D50160326472}.Remote Debug|Win32.ActiveCfg = Release|Win32
		{FEB52DDD-9666-4AC1-8888-D50160326472}.Remote Debug|Win32.Build.0 = Release|Win32
		{8A4E8E12-70A2-440B-8F17-5E634A03F65F}.Debug|Win32.ActiveCfg = Debug|Win32
		{8A4E8E12-70A2-440B-8F17-5E634A03F65F}.Debug|Win32.Build.0 = Debug|Win32
		{8A4E8E12-70A2-440B-8F17-5E634A03F65F}.Release|Win32.ActiveCfg = Release|Win32
		{8A4E8E12-70A2-440B-8F17-5E634A03F65F}.Release|Win32.Build.0 = Release|Win32
		{8A4E8E12-70A2-440B-8F17-5E634A03F65F}.Remote Debug|Win32.ActiveCfg = Release|Win32
	EndGlobalSection
	GlobalSection(SolutionProperties) = preSolution
		HideSolutionNode = FALSE
	EndGlobalSection
EndGlobal
