Microsoft Visual Studio Solution File, Format Version 8.00
Project("{8BC9CEB8-8B4A-11D0-8D11-00A0C91BC942}") = "RegisterPay", "RegisterPay.vcproj", "{C2B047BC-9C96-490B-AB2F-C284FC831B4C}"
	ProjectSection(ProjectDependencies) = postProject
	EndProjectSection
EndProject
Global
	GlobalSection(SolutionConfiguration) = preSolution
		Debug = Debug
		Release = Release
	EndGlobalSection
	GlobalSection(ProjectDependencies) = postSolution
	EndGlobalSection
	GlobalSection(ProjectConfiguration) = postSolution
		{C2B047BC-9C96-490B-AB2F-C284FC831B4C}.Debug.ActiveCfg = Debug|Win32
		{C2B047BC-9C96-490B-AB2F-C284FC831B4C}.Debug.Build.0 = Debug|Win32
		{C2B047BC-9C96-490B-AB2F-C284FC831B4C}.Release.ActiveCfg = Release|Win32
		{C2B047BC-9C96-490B-AB2F-C284FC831B4C}.Release.Build.0 = Release|Win32
	EndGlobalSection
	GlobalSection(ExtensibilityGlobals) = postSolution
	EndGlobalSection
	GlobalSection(ExtensibilityAddIns) = postSolution
	EndGlobalSection
EndGlobal
