Microsoft Visual Studio Solution File, Format Version 10.00
# Visual Studio 2008
Project("{8BC9CEB8-8B4A-11D0-8D11-00A0C91BC942}") = "KsCardInterfaceDemo", "KsCardInterfaceDemo.vcproj", "{142A9711-2A7A-429C-9AD2-F91C2B2CDFEF}"
EndProject
Global
	GlobalSection(SolutionConfigurationPlatforms) = preSolution
		CardType Debug|Win32 = CardType Debug|Win32
		CardType Release|Win32 = CardType Release|Win32
		Debug|Win32 = Debug|Win32
		Device Debug|Win32 = Device Debug|Win32
		Device Release|Win32 = Device Release|Win32
		kscard Debug|Win32 = kscard Debug|Win32
		kscard Release|Win32 = kscard Release|Win32
		Release|Win32 = Release|Win32
	EndGlobalSection
	GlobalSection(ProjectConfigurationPlatforms) = postSolution
		{142A9711-2A7A-429C-9AD2-F91C2B2CDFEF}.CardType Debug|Win32.ActiveCfg = CardType Debug|Win32
		{142A9711-2A7A-429C-9AD2-F91C2B2CDFEF}.CardType Debug|Win32.Build.0 = CardType Debug|Win32
		{142A9711-2A7A-429C-9AD2-F91C2B2CDFEF}.CardType Release|Win32.ActiveCfg = CardType Release|Win32
		{142A9711-2A7A-429C-9AD2-F91C2B2CDFEF}.CardType Release|Win32.Build.0 = CardType Release|Win32
		{142A9711-2A7A-429C-9AD2-F91C2B2CDFEF}.Debug|Win32.ActiveCfg = Debug|Win32
		{142A9711-2A7A-429C-9AD2-F91C2B2CDFEF}.Debug|Win32.Build.0 = Debug|Win32
		{142A9711-2A7A-429C-9AD2-F91C2B2CDFEF}.Device Debug|Win32.ActiveCfg = Device Debug|Win32
		{142A9711-2A7A-429C-9AD2-F91C2B2CDFEF}.Device Debug|Win32.Build.0 = Device Debug|Win32
		{142A9711-2A7A-429C-9AD2-F91C2B2CDFEF}.Device Release|Win32.ActiveCfg = Device Release|Win32
		{142A9711-2A7A-429C-9AD2-F91C2B2CDFEF}.Device Release|Win32.Build.0 = Device Release|Win32
		{142A9711-2A7A-429C-9AD2-F91C2B2CDFEF}.kscard Debug|Win32.ActiveCfg = kscard Debug|Win32
		{142A9711-2A7A-429C-9AD2-F91C2B2CDFEF}.kscard Debug|Win32.Build.0 = kscard Debug|Win32
		{142A9711-2A7A-429C-9AD2-F91C2B2CDFEF}.kscard Release|Win32.ActiveCfg = kscard Release|Win32
		{142A9711-2A7A-429C-9AD2-F91C2B2CDFEF}.kscard Release|Win32.Build.0 = kscard Release|Win32
		{142A9711-2A7A-429C-9AD2-F91C2B2CDFEF}.Release|Win32.ActiveCfg = Release|Win32
		{142A9711-2A7A-429C-9AD2-F91C2B2CDFEF}.Release|Win32.Build.0 = Release|Win32
	EndGlobalSection
	GlobalSection(SolutionProperties) = preSolution
		HideSolutionNode = FALSE
	EndGlobalSection
EndGlobal
